<?xml version="1.0" encoding="utf-8"?>
<Project ToolsVersion="4.0" xmlns="http://schemas.microsoft.com/developer/msbuild/2003">
  <ItemGroup>
    <ClCompile Include="WrapVoltage.cpp">
      <Filter>Source Files</Filter>
    </ClCompile>
    <ClCompile Include="NNetModelIO.cpp">
      <Filter>Source Files</Filter>
    </ClCompile>
    <ClCompile Include="WrapVoltage.ixx">
      <Filter>Source Files</Filter>
    </ClCompile>
    <ClCompile Include="WrapProtocol.ixx">
      <Filter>Source Files</Filter>
    </ClCompile>
    <ClCompile Include="WrapSimulationTime.ixx">
      <Filter>Source Files</Filter>
    </ClCompile>
    <ClCompile Include="NNetWrapperBase.ixx">
      <Filter>Source Files</Filter>
    </ClCompile>
    <ClCompile Include="WrapCreateNob.ixx">
      <Filter>Source Files</Filter>
    </ClCompile>
    <ClCompile Include="WrapNrOfNobs.ixx">
      <Filter>Source Files</Filter>
    </ClCompile>
    <ClCompile Include="WrapNrOfTracks.ixx">
      <Filter>Source Files</Filter>
    </ClCompile>
    <ClCompile Include="WrapActiveSigGen.ixx">
      <Filter>Source Files</Filter>
    </ClCompile>
    <ClCompile Include="WrapSignalInfo.ixx">
      <Filter>Source Files</Filter>
    </ClCompile>
    <ClCompile Include="WrapSignalData.ixx">
      <Filter>Source Files</Filter>
    </ClCompile>
    <ClCompile Include="WrapGlobalParameter.ixx">
      <Filter>Source Files</Filter>
    </ClCompile>
    <ClCompile Include="WrapSignalGenerator.ixx">
      <Filter>Source Files</Filter>
    </ClCompile>
    <ClCompile Include="WrapDescription.ixx">
      <Filter>Source Files</Filter>
    </ClCompile>
    <ClCompile Include="NNetModelStorage.ixx">
      <Filter>Source Files</Filter>
    </ClCompile>
    <ClCompile Include="WrapSetSigGen.ixx">
      <Filter>Source Files</Filter>
    </ClCompile>
    <ClCompile Include="InputOutputUI.ixx">
      <Filter>Source Files</Filter>
    </ClCompile>
    <ClCompile Include="NNetModelIO.ixx">
      <Filter>Source Files</Filter>
    </ClCompile>
  </ItemGroup>
  <ItemGroup>
    <Filter Include="Header Files">
      <UniqueIdentifier>{127c2e77-1ed8-45f3-ae9a-7d9f40015a03}</UniqueIdentifier>
    </Filter>
    <Filter Include="Source Files">
      <UniqueIdentifier>{36dca5b7-4aab-4bf6-8eef-648d4e9c7794}</UniqueIdentifier>
    </Filter>
  </ItemGroup>
</Project>