
Microsoft Visual Studio Solution File, Format Version 12.00
# Visual Studio Version 17
VisualStudioVersion = 17.11.35303.130
MinimumVisualStudioVersion = 10.0.40219.1
Project("{2150E333-8FDC-42A3-9474-1A3956D46DE8}") = "Toolbox", "Toolbox", "{E3DDE312-7C6D-4B3E-8F58-B752C39622C8}"
EndProject
Project("{8BC9CEB8-8B4A-11D0-8D11-00A0C91BC942}") = "WinBasics", "Toolbox\WinBasics\WinBasics.vcxproj", "{6A823B71-361A-428B-B329-203A6C5232ED}"
EndProject
Project("{8BC9CEB8-8B4A-11D0-8D11-00A0C91BC942}") = "Utilities", "Toolbox\Utilities\Utilities.vcxproj", "{D6E82F0A-C93F-4FA0-AACF-910EF2F59FDC}"
EndProject
Project("{8BC9CEB8-8B4A-11D0-8D11-00A0C91BC942}") = "BasicUtils", "Toolbox\BasicUtils\BasicUtils.vcxproj", "{62C73BE1-212F-4084-80E8-F8D0B79F3498}"
EndProject
Project("{8BC9CEB8-8B4A-11D0-8D11-00A0C91BC942}") = "Commands", "Toolbox\Commands\Commands.vcxproj", "{7F40EDE9-BAE2-4924-87D3-5CD19477B54A}"
EndProject
Project("{8BC9CEB8-8B4A-11D0-8D11-00A0C91BC942}") = "Direct2D", "Toolbox\Direct2D\Direct2D.vcxproj", "{7A58B678-3520-4DF0-B76B-CFCC20113CE9}"
EndProject
Project("{8BC9CEB8-8B4A-11D0-8D11-00A0C91BC942}") = "IoUtil", "Toolbox\IoUtil\IoUtil.vcxproj", "{DD5676CC-9C49-4AC7-82FF-5CE0F2F7BFED}"
EndProject
Project("{8BC9CEB8-8B4A-11D0-8D11-00A0C91BC942}") = "runtimeCPP", "Toolbox\runtimeCPP\runtimeCPP.vcxproj", "{DD49B1E3-6916-4230-B2A7-9E16E6ECDF95}"
EndProject
Project("{8BC9CEB8-8B4A-11D0-8D11-00A0C91BC942}") = "Types", "Toolbox\Types\Types.vcxproj", "{C1E2D8D5-65ED-4991-A962-45117C2A245E}"
EndProject
Project("{8BC9CEB8-8B4A-11D0-8D11-00A0C91BC942}") = "Win32_utilities", "Toolbox\Win32_utilities\Win32_utilities.vcxproj", "{7C1B51ED-011D-4B73-867C-AC23F0A9E6D1}"
EndProject
Project("{8BC9CEB8-8B4A-11D0-8D11-00A0C91BC942}") = "BlokusApp", "BlokusApp\BlokusApp.vcxproj", "{1484A09F-57FA-452B-AE4D-9F5BA54F078D}"
EndProject
Project("{8BC9CEB8-8B4A-11D0-8D11-00A0C91BC942}") = "BlokusCore", "BlokusCore\BlokusCore.vcxproj", "{BDDCDE96-932C-4D9F-A7AA-ECFC505727A1}"
EndProject
Global
	GlobalSection(SolutionConfigurationPlatforms) = preSolution
		Debug|x64 = Debug|x64
		Debug|x86 = Debug|x86
		Release|x64 = Release|x64
		Release|x86 = Release|x86
	EndGlobalSection
	GlobalSection(ProjectConfigurationPlatforms) = postSolution
		{6A823B71-361A-428B-B329-203A6C5232ED}.Debug|x64.ActiveCfg = Debug|x64
		{6A823B71-361A-428B-B329-203A6C5232ED}.Debug|x64.Build.0 = Debug|x64
		{6A823B71-361A-428B-B329-203A6C5232ED}.Debug|x86.ActiveCfg = Debug|Win32
		{6A823B71-361A-428B-B329-203A6C5232ED}.Debug|x86.Build.0 = Debug|Win32
		{6A823B71-361A-428B-B329-203A6C5232ED}.Release|x64.ActiveCfg = Release|x64
		{6A823B71-361A-428B-B329-203A6C5232ED}.Release|x64.Build.0 = Release|x64
		{6A823B71-361A-428B-B329-203A6C5232ED}.Release|x86.ActiveCfg = Release|Win32
		{6A823B71-361A-428B-B329-203A6C5232ED}.Release|x86.Build.0 = Release|Win32
		{D6E82F0A-C93F-4FA0-AACF-910EF2F59FDC}.Debug|x64.ActiveCfg = Debug|x64
		{D6E82F0A-C93F-4FA0-AACF-910EF2F59FDC}.Debug|x64.Build.0 = Debug|x64
		{D6E82F0A-C93F-4FA0-AACF-910EF2F59FDC}.Debug|x86.ActiveCfg = Debug|Win32
		{D6E82F0A-C93F-4FA0-AACF-910EF2F59FDC}.Debug|x86.Build.0 = Debug|Win32
		{D6E82F0A-C93F-4FA0-AACF-910EF2F59FDC}.Release|x64.ActiveCfg = Release|x64
		{D6E82F0A-C93F-4FA0-AACF-910EF2F59FDC}.Release|x64.Build.0 = Release|x64
		{D6E82F0A-C93F-4FA0-AACF-910EF2F59FDC}.Release|x86.ActiveCfg = Release|Win32
		{D6E82F0A-C93F-4FA0-AACF-910EF2F59FDC}.Release|x86.Build.0 = Release|Win32
		{62C73BE1-212F-4084-80E8-F8D0B79F3498}.Debug|x64.ActiveCfg = Debug|x64
		{62C73BE1-212F-4084-80E8-F8D0B79F3498}.Debug|x64.Build.0 = Debug|x64
		{62C73BE1-212F-4084-80E8-F8D0B79F3498}.Debug|x86.ActiveCfg = Debug|Win32
		{62C73BE1-212F-4084-80E8-F8D0B79F3498}.Debug|x86.Build.0 = Debug|Win32
		{62C73BE1-212F-4084-80E8-F8D0B79F3498}.Release|x64.ActiveCfg = Release|x64
		{62C73BE1-212F-4084-80E8-F8D0B79F3498}.Release|x64.Build.0 = Release|x64
		{62C73BE1-212F-4084-80E8-F8D0B79F3498}.Release|x86.ActiveCfg = Release|Win32
		{62C73BE1-212F-4084-80E8-F8D0B79F3498}.Release|x86.Build.0 = Release|Win32
		{7F40EDE9-BAE2-4924-87D3-5CD19477B54A}.Debug|x64.ActiveCfg = Debug|x64
		{7F40EDE9-BAE2-4924-87D3-5CD19477B54A}.Debug|x64.Build.0 = Debug|x64
		{7F40EDE9-BAE2-4924-87D3-5CD19477B54A}.Debug|x86.ActiveCfg = Debug|Win32
		{7F40EDE9-BAE2-4924-87D3-5CD19477B54A}.Debug|x86.Build.0 = Debug|Win32
		{7F40EDE9-BAE2-4924-87D3-5CD19477B54A}.Release|x64.ActiveCfg = Release|x64
		{7F40EDE9-BAE2-4924-87D3-5CD19477B54A}.Release|x64.Build.0 = Release|x64
		{7F40EDE9-BAE2-4924-87D3-5CD19477B54A}.Release|x86.ActiveCfg = Release|Win32
		{7F40EDE9-BAE2-4924-87D3-5CD19477B54A}.Release|x86.Build.0 = Release|Win32
		{7A58B678-3520-4DF0-B76B-CFCC20113CE9}.Debug|x64.ActiveCfg = Debug|x64
		{7A58B678-3520-4DF0-B76B-CFCC20113CE9}.Debug|x64.Build.0 = Debug|x64
		{7A58B678-3520-4DF0-B76B-CFCC20113CE9}.Debug|x86.ActiveCfg = Debug|Win32
		{7A58B678-3520-4DF0-B76B-CFCC20113CE9}.Debug|x86.Build.0 = Debug|Win32
		{7A58B678-3520-4DF0-B76B-CFCC20113CE9}.Release|x64.ActiveCfg = Release|x64
		{7A58B678-3520-4DF0-B76B-CFCC20113CE9}.Release|x64.Build.0 = Release|x64
		{7A58B678-3520-4DF0-B76B-CFCC20113CE9}.Release|x86.ActiveCfg = Release|Win32
		{7A58B678-3520-4DF0-B76B-CFCC20113CE9}.Release|x86.Build.0 = Release|Win32
		{DD5676CC-9C49-4AC7-82FF-5CE0F2F7BFED}.Debug|x64.ActiveCfg = Debug|x64
		{DD5676CC-9C49-4AC7-82FF-5CE0F2F7BFED}.Debug|x64.Build.0 = Debug|x64
		{DD5676CC-9C49-4AC7-82FF-5CE0F2F7BFED}.Debug|x86.ActiveCfg = Debug|Win32
		{DD5676CC-9C49-4AC7-82FF-5CE0F2F7BFED}.Debug|x86.Build.0 = Debug|Win32
		{DD5676CC-9C49-4AC7-82FF-5CE0F2F7BFED}.Release|x64.ActiveCfg = Release|x64
		{DD5676CC-9C49-4AC7-82FF-5CE0F2F7BFED}.Release|x64.Build.0 = Release|x64
		{DD5676CC-9C49-4AC7-82FF-5CE0F2F7BFED}.Release|x86.ActiveCfg = Release|Win32
		{DD5676CC-9C49-4AC7-82FF-5CE0F2F7BFED}.Release|x86.Build.0 = Release|Win32
		{DD49B1E3-6916-4230-B2A7-9E16E6ECDF95}.Debug|x64.ActiveCfg = Debug|x64
		{DD49B1E3-6916-4230-B2A7-9E16E6ECDF95}.Debug|x64.Build.0 = Debug|x64
		{DD49B1E3-6916-4230-B2A7-9E16E6ECDF95}.Debug|x86.ActiveCfg = Debug|Win32
		{DD49B1E3-6916-4230-B2A7-9E16E6ECDF95}.Debug|x86.Build.0 = Debug|Win32
		{DD49B1E3-6916-4230-B2A7-9E16E6ECDF95}.Release|x64.ActiveCfg = Release|x64
		{DD49B1E3-6916-4230-B2A7-9E16E6ECDF95}.Release|x64.Build.0 = Release|x64
		{DD49B1E3-6916-4230-B2A7-9E16E6ECDF95}.Release|x86.ActiveCfg = Release|Win32
		{DD49B1E3-6916-4230-B2A7-9E16E6ECDF95}.Release|x86.Build.0 = Release|Win32
		{C1E2D8D5-65ED-4991-A962-45117C2A245E}.Debug|x64.ActiveCfg = Debug|x64
		{C1E2D8D5-65ED-4991-A962-45117C2A245E}.Debug|x64.Build.0 = Debug|x64
		{C1E2D8D5-65ED-4991-A962-45117C2A245E}.Debug|x86.ActiveCfg = Debug|Win32
		{C1E2D8D5-65ED-4991-A962-45117C2A245E}.Debug|x86.Build.0 = Debug|Win32
		{C1E2D8D5-65ED-4991-A962-45117C2A245E}.Release|x64.ActiveCfg = Release|x64
		{C1E2D8D5-65ED-4991-A962-45117C2A245E}.Release|x64.Build.0 = Release|x64
		{C1E2D8D5-65ED-4991-A962-45117C2A245E}.Release|x86.ActiveCfg = Release|Win32
		{C1E2D8D5-65ED-4991-A962-45117C2A245E}.Release|x86.Build.0 = Release|Win32
		{7C1B51ED-011D-4B73-867C-AC23F0A9E6D1}.Debug|x64.ActiveCfg = Debug|x64
		{7C1B51ED-011D-4B73-867C-AC23F0A9E6D1}.Debug|x64.Build.0 = Debug|x64
		{7C1B51ED-011D-4B73-867C-AC23F0A9E6D1}.Debug|x86.ActiveCfg = Debug|Win32
		{7C1B51ED-011D-4B73-867C-AC23F0A9E6D1}.Debug|x86.Build.0 = Debug|Win32
		{7C1B51ED-011D-4B73-867C-AC23F0A9E6D1}.Release|x64.ActiveCfg = Release|x64
		{7C1B51ED-011D-4B73-867C-AC23F0A9E6D1}.Release|x64.Build.0 = Release|x64
		{7C1B51ED-011D-4B73-867C-AC23F0A9E6D1}.Release|x86.ActiveCfg = Release|Win32
		{7C1B51ED-011D-4B73-867C-AC23F0A9E6D1}.Release|x86.Build.0 = Release|Win32
		{1484A09F-57FA-452B-AE4D-9F5BA54F078D}.Debug|x64.ActiveCfg = Debug|x64
		{1484A09F-57FA-452B-AE4D-9F5BA54F078D}.Debug|x64.Build.0 = Debug|x64
		{1484A09F-57FA-452B-AE4D-9F5BA54F078D}.Debug|x86.ActiveCfg = Debug|Win32
		{1484A09F-57FA-452B-AE4D-9F5BA54F078D}.Debug|x86.Build.0 = Debug|Win32
		{1484A09F-57FA-452B-AE4D-9F5BA54F078D}.Release|x64.ActiveCfg = Release|x64
		{1484A09F-57FA-452B-AE4D-9F5BA54F078D}.Release|x64.Build.0 = Release|x64
		{1484A09F-57FA-452B-AE4D-9F5BA54F078D}.Release|x86.ActiveCfg = Release|Win32
		{1484A09F-57FA-452B-AE4D-9F5BA54F078D}.Release|x86.Build.0 = Release|Win32
		{BDDCDE96-932C-4D9F-A7AA-ECFC505727A1}.Debug|x64.ActiveCfg = Debug|x64
		{BDDCDE96-932C-4D9F-A7AA-ECFC505727A1}.Debug|x64.Build.0 = Debug|x64
		{BDDCDE96-932C-4D9F-A7AA-ECFC505727A1}.Debug|x86.ActiveCfg = Debug|Win32
		{BDDCDE96-932C-4D9F-A7AA-ECFC505727A1}.Debug|x86.Build.0 = Debug|Win32
		{BDDCDE96-932C-4D9F-A7AA-ECFC505727A1}.Release|x64.ActiveCfg = Release|x64
		{BDDCDE96-932C-4D9F-A7AA-ECFC505727A1}.Release|x64.Build.0 = Release|x64
		{BDDCDE96-932C-4D9F-A7AA-ECFC505727A1}.Release|x86.ActiveCfg = Release|Win32
		{BDDCDE96-932C-4D9F-A7AA-ECFC505727A1}.Release|x86.Build.0 = Release|Win32
	EndGlobalSection
	GlobalSection(SolutionProperties) = preSolution
		HideSolutionNode = FALSE
	EndGlobalSection
	GlobalSection(NestedProjects) = preSolution
		{6A823B71-361A-428B-B329-203A6C5232ED} = {E3DDE312-7C6D-4B3E-8F58-B752C39622C8}
		{D6E82F0A-C93F-4FA0-AACF-910EF2F59FDC} = {E3DDE312-7C6D-4B3E-8F58-B752C39622C8}
		{62C73BE1-212F-4084-80E8-F8D0B79F3498} = {E3DDE312-7C6D-4B3E-8F58-B752C39622C8}
		{7F40EDE9-BAE2-4924-87D3-5CD19477B54A} = {E3DDE312-7C6D-4B3E-8F58-B752C39622C8}
		{7A58B678-3520-4DF0-B76B-CFCC20113CE9} = {E3DDE312-7C6D-4B3E-8F58-B752C39622C8}
		{DD5676CC-9C49-4AC7-82FF-5CE0F2F7BFED} = {E3DDE312-7C6D-4B3E-8F58-B752C39622C8}
		{DD49B1E3-6916-4230-B2A7-9E16E6ECDF95} = {E3DDE312-7C6D-4B3E-8F58-B752C39622C8}
		{C1E2D8D5-65ED-4991-A962-45117C2A245E} = {E3DDE312-7C6D-4B3E-8F58-B752C39622C8}
		{7C1B51ED-011D-4B73-867C-AC23F0A9E6D1} = {E3DDE312-7C6D-4B3E-8F58-B752C39622C8}
	EndGlobalSection
	GlobalSection(ExtensibilityGlobals) = postSolution
		SolutionGuid = {7804B7DC-D089-4BA8-83DF-ED4E9F28FE01}
	EndGlobalSection
EndGlobal
