
Microsoft Visual Studio Solution File, Format Version 12.00
# Visual Studio Version 16
VisualStudioVersion = 16.0.29215.179
MinimumVisualStudioVersion = 10.0.40219.1
Project("{8BC9CEB8-8B4A-11D0-8D11-00A0C91BC942}") = "NNetModel", "NNetModel\NNetModel.vcxproj", "{96B4DBE7-F1DE-43D4-BE10-154DEAD2145A}"
	ProjectSection(ProjectDependencies) = postProject
		{D6E82F0A-C93F-4FA0-AACF-910EF2F59FDC} = {D6E82F0A-C93F-4FA0-AACF-910EF2F59FDC}
	EndProjectSection
EndProject
Project("{8BC9CEB8-8B4A-11D0-8D11-00A0C91BC942}") = "NNetSimu", "NNetSimu\NNetSimu.vcxproj", "{5939CF29-87A7-4783-9B8F-BFFE3F7E7BC6}"
	ProjectSection(ProjectDependencies) = postProject
		{D6E82F0A-C93F-4FA0-AACF-910EF2F59FDC} = {D6E82F0A-C93F-4FA0-AACF-910EF2F59FDC}
		{4902962C-F97D-458F-9528-15DDA5B7F846} = {4902962C-F97D-458F-9528-15DDA5B7F846}
		{A67A2A59-19DF-4287-97D1-15B86564A39C} = {A67A2A59-19DF-4287-97D1-15B86564A39C}
		{DD49B1E3-6916-4230-B2A7-9E16E6ECDF95} = {DD49B1E3-6916-4230-B2A7-9E16E6ECDF95}
		{96B4DBE7-F1DE-43D4-BE10-154DEAD2145A} = {96B4DBE7-F1DE-43D4-BE10-154DEAD2145A}
		{7C1B51ED-011D-4B73-867C-AC23F0A9E6D1} = {7C1B51ED-011D-4B73-867C-AC23F0A9E6D1}
	EndProjectSection
EndProject
Project("{8BC9CEB8-8B4A-11D0-8D11-00A0C91BC942}") = "Direct2D", "Direct2D\Direct2D.vcxproj", "{A67A2A59-19DF-4287-97D1-15B86564A39C}"
EndProject
Project("{2150E333-8FDC-42A3-9474-1A3956D46DE8}") = "Toolbox", "Toolbox", "{045DE935-13A8-4EA1-AC14-5CF395931C6A}"
EndProject
Project("{8BC9CEB8-8B4A-11D0-8D11-00A0C91BC942}") = "runtimeCPP", "..\Toolbox\runtimeCPP\runtimeCPP.vcxproj", "{DD49B1E3-6916-4230-B2A7-9E16E6ECDF95}"
	ProjectSection(ProjectDependencies) = postProject
		{D6E82F0A-C93F-4FA0-AACF-910EF2F59FDC} = {D6E82F0A-C93F-4FA0-AACF-910EF2F59FDC}
	EndProjectSection
EndProject
Project("{8BC9CEB8-8B4A-11D0-8D11-00A0C91BC942}") = "Utilities", "..\Toolbox\Utilities\Utilities.vcxproj", "{D6E82F0A-C93F-4FA0-AACF-910EF2F59FDC}"
EndProject
Project("{8BC9CEB8-8B4A-11D0-8D11-00A0C91BC942}") = "Win32_utilities", "..\Toolbox\Win32_utilities\Win32_utilities.vcxproj", "{7C1B51ED-011D-4B73-867C-AC23F0A9E6D1}"
	ProjectSection(ProjectDependencies) = postProject
		{D6E82F0A-C93F-4FA0-AACF-910EF2F59FDC} = {D6E82F0A-C93F-4FA0-AACF-910EF2F59FDC}
	EndProjectSection
EndProject
Project("{8BC9CEB8-8B4A-11D0-8D11-00A0C91BC942}") = "NNetSimuConsole", "NNetSimuConsole\NNetSimuConsole.vcxproj", "{7682570A-355A-427E-8594-21AD6E8CA64C}"
	ProjectSection(ProjectDependencies) = postProject
		{D6E82F0A-C93F-4FA0-AACF-910EF2F59FDC} = {D6E82F0A-C93F-4FA0-AACF-910EF2F59FDC}
		{DD49B1E3-6916-4230-B2A7-9E16E6ECDF95} = {DD49B1E3-6916-4230-B2A7-9E16E6ECDF95}
		{96B4DBE7-F1DE-43D4-BE10-154DEAD2145A} = {96B4DBE7-F1DE-43D4-BE10-154DEAD2145A}
	EndProjectSection
EndProject
Project("{8BC9CEB8-8B4A-11D0-8D11-00A0C91BC942}") = "NNetWindows", "NNetWindows\NNetWindows.vcxproj", "{4902962C-F97D-458F-9528-15DDA5B7F846}"
EndProject
Global
	GlobalSection(SolutionConfigurationPlatforms) = preSolution
		Debug|x64 = Debug|x64
		Debug|x86 = Debug|x86
		Release|x64 = Release|x64
		Release|x86 = Release|x86
	EndGlobalSection
	GlobalSection(ProjectConfigurationPlatforms) = postSolution
		{96B4DBE7-F1DE-43D4-BE10-154DEAD2145A}.Debug|x64.ActiveCfg = Debug|x64
		{96B4DBE7-F1DE-43D4-BE10-154DEAD2145A}.Debug|x64.Build.0 = Debug|x64
		{96B4DBE7-F1DE-43D4-BE10-154DEAD2145A}.Debug|x86.ActiveCfg = Debug|Win32
		{96B4DBE7-F1DE-43D4-BE10-154DEAD2145A}.Debug|x86.Build.0 = Debug|Win32
		{96B4DBE7-F1DE-43D4-BE10-154DEAD2145A}.Release|x64.ActiveCfg = Release|x64
		{96B4DBE7-F1DE-43D4-BE10-154DEAD2145A}.Release|x64.Build.0 = Release|x64
		{96B4DBE7-F1DE-43D4-BE10-154DEAD2145A}.Release|x86.ActiveCfg = Release|Win32
		{96B4DBE7-F1DE-43D4-BE10-154DEAD2145A}.Release|x86.Build.0 = Release|Win32
		{5939CF29-87A7-4783-9B8F-BFFE3F7E7BC6}.Debug|x64.ActiveCfg = Debug|x64
		{5939CF29-87A7-4783-9B8F-BFFE3F7E7BC6}.Debug|x64.Build.0 = Debug|x64
		{5939CF29-87A7-4783-9B8F-BFFE3F7E7BC6}.Debug|x86.ActiveCfg = Debug|Win32
		{5939CF29-87A7-4783-9B8F-BFFE3F7E7BC6}.Debug|x86.Build.0 = Debug|Win32
		{5939CF29-87A7-4783-9B8F-BFFE3F7E7BC6}.Release|x64.ActiveCfg = Release|x64
		{5939CF29-87A7-4783-9B8F-BFFE3F7E7BC6}.Release|x64.Build.0 = Release|x64
		{5939CF29-87A7-4783-9B8F-BFFE3F7E7BC6}.Release|x86.ActiveCfg = Release|Win32
		{5939CF29-87A7-4783-9B8F-BFFE3F7E7BC6}.Release|x86.Build.0 = Release|Win32
		{A67A2A59-19DF-4287-97D1-15B86564A39C}.Debug|x64.ActiveCfg = Debug|x64
		{A67A2A59-19DF-4287-97D1-15B86564A39C}.Debug|x64.Build.0 = Debug|x64
		{A67A2A59-19DF-4287-97D1-15B86564A39C}.Debug|x86.ActiveCfg = Debug|Win32
		{A67A2A59-19DF-4287-97D1-15B86564A39C}.Debug|x86.Build.0 = Debug|Win32
		{A67A2A59-19DF-4287-97D1-15B86564A39C}.Release|x64.ActiveCfg = Release|x64
		{A67A2A59-19DF-4287-97D1-15B86564A39C}.Release|x64.Build.0 = Release|x64
		{A67A2A59-19DF-4287-97D1-15B86564A39C}.Release|x86.ActiveCfg = Release|Win32
		{A67A2A59-19DF-4287-97D1-15B86564A39C}.Release|x86.Build.0 = Release|Win32
		{DD49B1E3-6916-4230-B2A7-9E16E6ECDF95}.Debug|x64.ActiveCfg = Debug|x64
		{DD49B1E3-6916-4230-B2A7-9E16E6ECDF95}.Debug|x64.Build.0 = Debug|x64
		{DD49B1E3-6916-4230-B2A7-9E16E6ECDF95}.Debug|x86.ActiveCfg = Debug|Win32
		{DD49B1E3-6916-4230-B2A7-9E16E6ECDF95}.Debug|x86.Build.0 = Debug|Win32
		{DD49B1E3-6916-4230-B2A7-9E16E6ECDF95}.Release|x64.ActiveCfg = Release|x64
		{DD49B1E3-6916-4230-B2A7-9E16E6ECDF95}.Release|x64.Build.0 = Release|x64
		{DD49B1E3-6916-4230-B2A7-9E16E6ECDF95}.Release|x86.ActiveCfg = Release|Win32
		{DD49B1E3-6916-4230-B2A7-9E16E6ECDF95}.Release|x86.Build.0 = Release|Win32
		{D6E82F0A-C93F-4FA0-AACF-910EF2F59FDC}.Debug|x64.ActiveCfg = Debug|x64
		{D6E82F0A-C93F-4FA0-AACF-910EF2F59FDC}.Debug|x64.Build.0 = Debug|x64
		{D6E82F0A-C93F-4FA0-AACF-910EF2F59FDC}.Debug|x86.ActiveCfg = Debug|Win32
		{D6E82F0A-C93F-4FA0-AACF-910EF2F59FDC}.Debug|x86.Build.0 = Debug|Win32
		{D6E82F0A-C93F-4FA0-AACF-910EF2F59FDC}.Release|x64.ActiveCfg = Release|x64
		{D6E82F0A-C93F-4FA0-AACF-910EF2F59FDC}.Release|x64.Build.0 = Release|x64
		{D6E82F0A-C93F-4FA0-AACF-910EF2F59FDC}.Release|x86.ActiveCfg = Release|Win32
		{D6E82F0A-C93F-4FA0-AACF-910EF2F59FDC}.Release|x86.Build.0 = Release|Win32
		{7C1B51ED-011D-4B73-867C-AC23F0A9E6D1}.Debug|x64.ActiveCfg = Debug|x64
		{7C1B51ED-011D-4B73-867C-AC23F0A9E6D1}.Debug|x64.Build.0 = Debug|x64
		{7C1B51ED-011D-4B73-867C-AC23F0A9E6D1}.Debug|x86.ActiveCfg = Debug|Win32
		{7C1B51ED-011D-4B73-867C-AC23F0A9E6D1}.Debug|x86.Build.0 = Debug|Win32
		{7C1B51ED-011D-4B73-867C-AC23F0A9E6D1}.Release|x64.ActiveCfg = Release|x64
		{7C1B51ED-011D-4B73-867C-AC23F0A9E6D1}.Release|x64.Build.0 = Release|x64
		{7C1B51ED-011D-4B73-867C-AC23F0A9E6D1}.Release|x86.ActiveCfg = Release|Win32
		{7C1B51ED-011D-4B73-867C-AC23F0A9E6D1}.Release|x86.Build.0 = Release|Win32
		{7682570A-355A-427E-8594-21AD6E8CA64C}.Debug|x64.ActiveCfg = Debug|x64
		{7682570A-355A-427E-8594-21AD6E8CA64C}.Debug|x64.Build.0 = Debug|x64
		{7682570A-355A-427E-8594-21AD6E8CA64C}.Debug|x86.ActiveCfg = Debug|Win32
		{7682570A-355A-427E-8594-21AD6E8CA64C}.Debug|x86.Build.0 = Debug|Win32
		{7682570A-355A-427E-8594-21AD6E8CA64C}.Release|x64.ActiveCfg = Release|x64
		{7682570A-355A-427E-8594-21AD6E8CA64C}.Release|x64.Build.0 = Release|x64
		{7682570A-355A-427E-8594-21AD6E8CA64C}.Release|x86.ActiveCfg = Release|Win32
		{7682570A-355A-427E-8594-21AD6E8CA64C}.Release|x86.Build.0 = Release|Win32
		{4902962C-F97D-458F-9528-15DDA5B7F846}.Debug|x64.ActiveCfg = Debug|x64
		{4902962C-F97D-458F-9528-15DDA5B7F846}.Debug|x64.Build.0 = Debug|x64
		{4902962C-F97D-458F-9528-15DDA5B7F846}.Debug|x86.ActiveCfg = Debug|Win32
		{4902962C-F97D-458F-9528-15DDA5B7F846}.Debug|x86.Build.0 = Debug|Win32
		{4902962C-F97D-458F-9528-15DDA5B7F846}.Release|x64.ActiveCfg = Release|x64
		{4902962C-F97D-458F-9528-15DDA5B7F846}.Release|x64.Build.0 = Release|x64
		{4902962C-F97D-458F-9528-15DDA5B7F846}.Release|x86.ActiveCfg = Release|Win32
		{4902962C-F97D-458F-9528-15DDA5B7F846}.Release|x86.Build.0 = Release|Win32
	EndGlobalSection
	GlobalSection(SolutionProperties) = preSolution
		HideSolutionNode = FALSE
	EndGlobalSection
	GlobalSection(NestedProjects) = preSolution
		{DD49B1E3-6916-4230-B2A7-9E16E6ECDF95} = {045DE935-13A8-4EA1-AC14-5CF395931C6A}
		{D6E82F0A-C93F-4FA0-AACF-910EF2F59FDC} = {045DE935-13A8-4EA1-AC14-5CF395931C6A}
		{7C1B51ED-011D-4B73-867C-AC23F0A9E6D1} = {045DE935-13A8-4EA1-AC14-5CF395931C6A}
	EndGlobalSection
	GlobalSection(ExtensibilityGlobals) = postSolution
		SolutionGuid = {526CF9FA-119E-448F-BE11-37286BC0C873}
	EndGlobalSection
EndGlobal
