
Microsoft Visual Studio Solution File, Format Version 12.00
# Visual Studio Version 17
VisualStudioVersion = 17.0.31919.166
MinimumVisualStudioVersion = 10.0.40219.1
Project("{8BC9CEB8-8B4A-11D0-8D11-00A0C91BC942}") = "NNetModel", "NNetModel\NNetModel.vcxproj", "{96B4DBE7-F1DE-43D4-BE10-154DEAD2145A}"
	ProjectSection(ProjectDependencies) = postProject
		{D6E82F0A-C93F-4FA0-AACF-910EF2F59FDC} = {D6E82F0A-C93F-4FA0-AACF-910EF2F59FDC}
	EndProjectSection
EndProject
Project("{8BC9CEB8-8B4A-11D0-8D11-00A0C91BC942}") = "NNetSimu", "NNetSimu\NNetSimu.vcxproj", "{5939CF29-87A7-4783-9B8F-BFFE3F7E7BC6}"
	ProjectSection(ProjectDependencies) = postProject
		{4902962C-F97D-458F-9528-15DDA5B7F846} = {4902962C-F97D-458F-9528-15DDA5B7F846}
		{7C1B51ED-011D-4B73-867C-AC23F0A9E6D1} = {7C1B51ED-011D-4B73-867C-AC23F0A9E6D1}
		{96B4DBE7-F1DE-43D4-BE10-154DEAD2145A} = {96B4DBE7-F1DE-43D4-BE10-154DEAD2145A}
		{D6E82F0A-C93F-4FA0-AACF-910EF2F59FDC} = {D6E82F0A-C93F-4FA0-AACF-910EF2F59FDC}
	EndProjectSection
EndProject
Project("{2150E333-8FDC-42A3-9474-1A3956D46DE8}") = "Toolbox", "Toolbox", "{045DE935-13A8-4EA1-AC14-5CF395931C6A}"
EndProject
Project("{8BC9CEB8-8B4A-11D0-8D11-00A0C91BC942}") = "runtimeCPP", "..\Toolbox\runtimeCPP\runtimeCPP.vcxproj", "{DD49B1E3-6916-4230-B2A7-9E16E6ECDF95}"
	ProjectSection(ProjectDependencies) = postProject
		{D6E82F0A-C93F-4FA0-AACF-910EF2F59FDC} = {D6E82F0A-C93F-4FA0-AACF-910EF2F59FDC}
	EndProjectSection
EndProject
Project("{8BC9CEB8-8B4A-11D0-8D11-00A0C91BC942}") = "Utilities", "..\Toolbox\Utilities\Utilities.vcxproj", "{D6E82F0A-C93F-4FA0-AACF-910EF2F59FDC}"
EndProject
Project("{8BC9CEB8-8B4A-11D0-8D11-00A0C91BC942}") = "Win32_utilities", "..\Toolbox\Win32_utilities\Win32_utilities.vcxproj", "{7C1B51ED-011D-4B73-867C-AC23F0A9E6D1}"
	ProjectSection(ProjectDependencies) = postProject
		{D6E82F0A-C93F-4FA0-AACF-910EF2F59FDC} = {D6E82F0A-C93F-4FA0-AACF-910EF2F59FDC}
	EndProjectSection
EndProject
Project("{8BC9CEB8-8B4A-11D0-8D11-00A0C91BC942}") = "NNetWindows", "NNetWindows\NNetWindows.vcxproj", "{4902962C-F97D-458F-9528-15DDA5B7F846}"
	ProjectSection(ProjectDependencies) = postProject
		{5F8877E6-8159-4CD4-84AC-53AA018885AC} = {5F8877E6-8159-4CD4-84AC-53AA018885AC}
		{7C1B51ED-011D-4B73-867C-AC23F0A9E6D1} = {7C1B51ED-011D-4B73-867C-AC23F0A9E6D1}
		{96B4DBE7-F1DE-43D4-BE10-154DEAD2145A} = {96B4DBE7-F1DE-43D4-BE10-154DEAD2145A}
		{D6E82F0A-C93F-4FA0-AACF-910EF2F59FDC} = {D6E82F0A-C93F-4FA0-AACF-910EF2F59FDC}
		{DD49B1E3-6916-4230-B2A7-9E16E6ECDF95} = {DD49B1E3-6916-4230-B2A7-9E16E6ECDF95}
	EndProjectSection
EndProject
Project("{8BC9CEB8-8B4A-11D0-8D11-00A0C91BC942}") = "Commands", "Commands\Commands.vcxproj", "{5F8877E6-8159-4CD4-84AC-53AA018885AC}"
	ProjectSection(ProjectDependencies) = postProject
		{7C1B51ED-011D-4B73-867C-AC23F0A9E6D1} = {7C1B51ED-011D-4B73-867C-AC23F0A9E6D1}
	EndProjectSection
EndProject
Project("{8BC9CEB8-8B4A-11D0-8D11-00A0C91BC942}") = "Direct2D", "..\Toolbox\Direct2D\Direct2D.vcxproj", "{7A58B678-3520-4DF0-B76B-CFCC20113CE9}"
EndProject
Project("{8BC9CEB8-8B4A-11D0-8D11-00A0C91BC942}") = "ModelIO", "ModelIO\ModelIO.vcxproj", "{E33A1409-350A-457F-BA47-E84659426576}"
EndProject
Project("{8BC9CEB8-8B4A-11D0-8D11-00A0C91BC942}") = "Wrappers", "..\Toolbox\Wrappers\Wrappers.vcxproj", "{DD5676CC-9C49-4AC7-82FF-5CE0F2F7BFED}"
EndProject
Project("{8BC9CEB8-8B4A-11D0-8D11-00A0C91BC942}") = "WinBasics", "..\Toolbox\WinBasics\WinBasics.vcxproj", "{6A823B71-361A-428B-B329-203A6C5232ED}"
EndProject
Global
	GlobalSection(SolutionConfigurationPlatforms) = preSolution
		Debug|x64 = Debug|x64
		Debug|x86 = Debug|x86
		Release|x64 = Release|x64
		Release|x86 = Release|x86
	EndGlobalSection
	GlobalSection(ProjectConfigurationPlatforms) = postSolution
		{96B4DBE7-F1DE-43D4-BE10-154DEAD2145A}.Debug|x64.ActiveCfg = Debug|x64
		{96B4DBE7-F1DE-43D4-BE10-154DEAD2145A}.Debug|x64.Build.0 = Debug|x64
		{96B4DBE7-F1DE-43D4-BE10-154DEAD2145A}.Debug|x86.ActiveCfg = Debug|Win32
		{96B4DBE7-F1DE-43D4-BE10-154DEAD2145A}.Debug|x86.Build.0 = Debug|Win32
		{96B4DBE7-F1DE-43D4-BE10-154DEAD2145A}.Release|x64.ActiveCfg = Release|x64
		{96B4DBE7-F1DE-43D4-BE10-154DEAD2145A}.Release|x64.Build.0 = Release|x64
		{96B4DBE7-F1DE-43D4-BE10-154DEAD2145A}.Release|x86.ActiveCfg = Release|Win32
		{96B4DBE7-F1DE-43D4-BE10-154DEAD2145A}.Release|x86.Build.0 = Release|Win32
		{5939CF29-87A7-4783-9B8F-BFFE3F7E7BC6}.Debug|x64.ActiveCfg = Debug|x64
		{5939CF29-87A7-4783-9B8F-BFFE3F7E7BC6}.Debug|x64.Build.0 = Debug|x64
		{5939CF29-87A7-4783-9B8F-BFFE3F7E7BC6}.Debug|x86.ActiveCfg = Debug|Win32
		{5939CF29-87A7-4783-9B8F-BFFE3F7E7BC6}.Debug|x86.Build.0 = Debug|Win32
		{5939CF29-87A7-4783-9B8F-BFFE3F7E7BC6}.Release|x64.ActiveCfg = Release|x64
		{5939CF29-87A7-4783-9B8F-BFFE3F7E7BC6}.Release|x64.Build.0 = Release|x64
		{5939CF29-87A7-4783-9B8F-BFFE3F7E7BC6}.Release|x86.ActiveCfg = Release|Win32
		{5939CF29-87A7-4783-9B8F-BFFE3F7E7BC6}.Release|x86.Build.0 = Release|Win32
		{DD49B1E3-6916-4230-B2A7-9E16E6ECDF95}.Debug|x64.ActiveCfg = Debug|x64
		{DD49B1E3-6916-4230-B2A7-9E16E6ECDF95}.Debug|x64.Build.0 = Debug|x64
		{DD49B1E3-6916-4230-B2A7-9E16E6ECDF95}.Debug|x86.ActiveCfg = Debug|Win32
		{DD49B1E3-6916-4230-B2A7-9E16E6ECDF95}.Debug|x86.Build.0 = Debug|Win32
		{DD49B1E3-6916-4230-B2A7-9E16E6ECDF95}.Release|x64.ActiveCfg = Release|x64
		{DD49B1E3-6916-4230-B2A7-9E16E6ECDF95}.Release|x64.Build.0 = Release|x64
		{DD49B1E3-6916-4230-B2A7-9E16E6ECDF95}.Release|x86.ActiveCfg = Release|Win32
		{DD49B1E3-6916-4230-B2A7-9E16E6ECDF95}.Release|x86.Build.0 = Release|Win32
		{D6E82F0A-C93F-4FA0-AACF-910EF2F59FDC}.Debug|x64.ActiveCfg = Debug|x64
		{D6E82F0A-C93F-4FA0-AACF-910EF2F59FDC}.Debug|x64.Build.0 = Debug|x64
		{D6E82F0A-C93F-4FA0-AACF-910EF2F59FDC}.Debug|x86.ActiveCfg = Debug|Win32
		{D6E82F0A-C93F-4FA0-AACF-910EF2F59FDC}.Debug|x86.Build.0 = Debug|Win32
		{D6E82F0A-C93F-4FA0-AACF-910EF2F59FDC}.Release|x64.ActiveCfg = Release|x64
		{D6E82F0A-C93F-4FA0-AACF-910EF2F59FDC}.Release|x64.Build.0 = Release|x64
		{D6E82F0A-C93F-4FA0-AACF-910EF2F59FDC}.Release|x86.ActiveCfg = Release|Win32
		{D6E82F0A-C93F-4FA0-AACF-910EF2F59FDC}.Release|x86.Build.0 = Release|Win32
		{7C1B51ED-011D-4B73-867C-AC23F0A9E6D1}.Debug|x64.ActiveCfg = Debug|x64
		{7C1B51ED-011D-4B73-867C-AC23F0A9E6D1}.Debug|x64.Build.0 = Debug|x64
		{7C1B51ED-011D-4B73-867C-AC23F0A9E6D1}.Debug|x86.ActiveCfg = Debug|Win32
		{7C1B51ED-011D-4B73-867C-AC23F0A9E6D1}.Debug|x86.Build.0 = Debug|Win32
		{7C1B51ED-011D-4B73-867C-AC23F0A9E6D1}.Release|x64.ActiveCfg = Release|x64
		{7C1B51ED-011D-4B73-867C-AC23F0A9E6D1}.Release|x64.Build.0 = Release|x64
		{7C1B51ED-011D-4B73-867C-AC23F0A9E6D1}.Release|x86.ActiveCfg = Release|Win32
		{7C1B51ED-011D-4B73-867C-AC23F0A9E6D1}.Release|x86.Build.0 = Release|Win32
		{4902962C-F97D-458F-9528-15DDA5B7F846}.Debug|x64.ActiveCfg = Debug|x64
		{4902962C-F97D-458F-9528-15DDA5B7F846}.Debug|x64.Build.0 = Debug|x64
		{4902962C-F97D-458F-9528-15DDA5B7F846}.Debug|x86.ActiveCfg = Debug|Win32
		{4902962C-F97D-458F-9528-15DDA5B7F846}.Debug|x86.Build.0 = Debug|Win32
		{4902962C-F97D-458F-9528-15DDA5B7F846}.Release|x64.ActiveCfg = Release|x64
		{4902962C-F97D-458F-9528-15DDA5B7F846}.Release|x64.Build.0 = Release|x64
		{4902962C-F97D-458F-9528-15DDA5B7F846}.Release|x86.ActiveCfg = Release|Win32
		{4902962C-F97D-458F-9528-15DDA5B7F846}.Release|x86.Build.0 = Release|Win32
		{5F8877E6-8159-4CD4-84AC-53AA018885AC}.Debug|x64.ActiveCfg = Debug|x64
		{5F8877E6-8159-4CD4-84AC-53AA018885AC}.Debug|x64.Build.0 = Debug|x64
		{5F8877E6-8159-4CD4-84AC-53AA018885AC}.Debug|x86.ActiveCfg = Debug|Win32
		{5F8877E6-8159-4CD4-84AC-53AA018885AC}.Debug|x86.Build.0 = Debug|Win32
		{5F8877E6-8159-4CD4-84AC-53AA018885AC}.Release|x64.ActiveCfg = Release|x64
		{5F8877E6-8159-4CD4-84AC-53AA018885AC}.Release|x64.Build.0 = Release|x64
		{5F8877E6-8159-4CD4-84AC-53AA018885AC}.Release|x86.ActiveCfg = Release|Win32
		{5F8877E6-8159-4CD4-84AC-53AA018885AC}.Release|x86.Build.0 = Release|Win32
		{7A58B678-3520-4DF0-B76B-CFCC20113CE9}.Debug|x64.ActiveCfg = Debug|x64
		{7A58B678-3520-4DF0-B76B-CFCC20113CE9}.Debug|x64.Build.0 = Debug|x64
		{7A58B678-3520-4DF0-B76B-CFCC20113CE9}.Debug|x86.ActiveCfg = Debug|Win32
		{7A58B678-3520-4DF0-B76B-CFCC20113CE9}.Debug|x86.Build.0 = Debug|Win32
		{7A58B678-3520-4DF0-B76B-CFCC20113CE9}.Release|x64.ActiveCfg = Release|x64
		{7A58B678-3520-4DF0-B76B-CFCC20113CE9}.Release|x64.Build.0 = Release|x64
		{7A58B678-3520-4DF0-B76B-CFCC20113CE9}.Release|x86.ActiveCfg = Release|Win32
		{7A58B678-3520-4DF0-B76B-CFCC20113CE9}.Release|x86.Build.0 = Release|Win32
		{E33A1409-350A-457F-BA47-E84659426576}.Debug|x64.ActiveCfg = Debug|x64
		{E33A1409-350A-457F-BA47-E84659426576}.Debug|x64.Build.0 = Debug|x64
		{E33A1409-350A-457F-BA47-E84659426576}.Debug|x86.ActiveCfg = Debug|Win32
		{E33A1409-350A-457F-BA47-E84659426576}.Debug|x86.Build.0 = Debug|Win32
		{E33A1409-350A-457F-BA47-E84659426576}.Release|x64.ActiveCfg = Release|x64
		{E33A1409-350A-457F-BA47-E84659426576}.Release|x64.Build.0 = Release|x64
		{E33A1409-350A-457F-BA47-E84659426576}.Release|x86.ActiveCfg = Release|Win32
		{E33A1409-350A-457F-BA47-E84659426576}.Release|x86.Build.0 = Release|Win32
		{DD5676CC-9C49-4AC7-82FF-5CE0F2F7BFED}.Debug|x64.ActiveCfg = Debug|x64
		{DD5676CC-9C49-4AC7-82FF-5CE0F2F7BFED}.Debug|x64.Build.0 = Debug|x64
		{DD5676CC-9C49-4AC7-82FF-5CE0F2F7BFED}.Debug|x86.ActiveCfg = Debug|Win32
		{DD5676CC-9C49-4AC7-82FF-5CE0F2F7BFED}.Debug|x86.Build.0 = Debug|Win32
		{DD5676CC-9C49-4AC7-82FF-5CE0F2F7BFED}.Release|x64.ActiveCfg = Release|x64
		{DD5676CC-9C49-4AC7-82FF-5CE0F2F7BFED}.Release|x64.Build.0 = Release|x64
		{DD5676CC-9C49-4AC7-82FF-5CE0F2F7BFED}.Release|x86.ActiveCfg = Release|Win32
		{DD5676CC-9C49-4AC7-82FF-5CE0F2F7BFED}.Release|x86.Build.0 = Release|Win32
		{6A823B71-361A-428B-B329-203A6C5232ED}.Debug|x64.ActiveCfg = Debug|x64
		{6A823B71-361A-428B-B329-203A6C5232ED}.Debug|x64.Build.0 = Debug|x64
		{6A823B71-361A-428B-B329-203A6C5232ED}.Debug|x86.ActiveCfg = Debug|Win32
		{6A823B71-361A-428B-B329-203A6C5232ED}.Debug|x86.Build.0 = Debug|Win32
		{6A823B71-361A-428B-B329-203A6C5232ED}.Release|x64.ActiveCfg = Release|x64
		{6A823B71-361A-428B-B329-203A6C5232ED}.Release|x64.Build.0 = Release|x64
		{6A823B71-361A-428B-B329-203A6C5232ED}.Release|x86.ActiveCfg = Release|Win32
		{6A823B71-361A-428B-B329-203A6C5232ED}.Release|x86.Build.0 = Release|Win32
	EndGlobalSection
	GlobalSection(SolutionProperties) = preSolution
		HideSolutionNode = FALSE
	EndGlobalSection
	GlobalSection(NestedProjects) = preSolution
		{DD49B1E3-6916-4230-B2A7-9E16E6ECDF95} = {045DE935-13A8-4EA1-AC14-5CF395931C6A}
		{D6E82F0A-C93F-4FA0-AACF-910EF2F59FDC} = {045DE935-13A8-4EA1-AC14-5CF395931C6A}
		{7C1B51ED-011D-4B73-867C-AC23F0A9E6D1} = {045DE935-13A8-4EA1-AC14-5CF395931C6A}
		{7A58B678-3520-4DF0-B76B-CFCC20113CE9} = {045DE935-13A8-4EA1-AC14-5CF395931C6A}
		{DD5676CC-9C49-4AC7-82FF-5CE0F2F7BFED} = {045DE935-13A8-4EA1-AC14-5CF395931C6A}
		{6A823B71-361A-428B-B329-203A6C5232ED} = {045DE935-13A8-4EA1-AC14-5CF395931C6A}
	EndGlobalSection
	GlobalSection(ExtensibilityGlobals) = postSolution
		SolutionGuid = {526CF9FA-119E-448F-BE11-37286BC0C873}
	EndGlobalSection
EndGlobal
