
Microsoft Visual Studio Solution File, Format Version 12.00
# Visual Studio 15
VisualStudioVersion = 15.0.26430.16
MinimumVisualStudioVersion = 10.0.40219.1
Project("{8BC9CEB8-8B4A-11D0-8D11-00A0C91BC942}") = "runtimeCPP", "runtimeCPP\runtimeCPP.vcxproj", "{DD49B1E3-6916-4230-B2A7-9E16E6ECDF95}"
EndProject
Project("{8BC9CEB8-8B4A-11D0-8D11-00A0C91BC942}") = "EvolutionCore", "EvolutionCore\EvolutionCore.vcxproj", "{561AD550-B857-4D93-AA39-5CA48E48E02F}"
	ProjectSection(ProjectDependencies) = postProject
		{D6E82F0A-C93F-4FA0-AACF-910EF2F59FDC} = {D6E82F0A-C93F-4FA0-AACF-910EF2F59FDC}
	EndProjectSection
EndProject
Project("{8BC9CEB8-8B4A-11D0-8D11-00A0C91BC942}") = "Evolution", "Evolution\Evolution.vcxproj", "{163A3630-5D0F-4399-B1B9-F1364570EF01}"
	ProjectSection(ProjectDependencies) = postProject
		{D6E82F0A-C93F-4FA0-AACF-910EF2F59FDC} = {D6E82F0A-C93F-4FA0-AACF-910EF2F59FDC}
		{A4747612-FA1D-444B-9B61-6D5C35601837} = {A4747612-FA1D-444B-9B61-6D5C35601837}
		{73C1D72A-48DC-4A70-960C-B09D1B55C920} = {73C1D72A-48DC-4A70-960C-B09D1B55C920}
		{8830DA2B-C953-4702-A9E7-3BCE05366F1B} = {8830DA2B-C953-4702-A9E7-3BCE05366F1B}
		{1F07043F-BC80-42A8-AC9E-FF92CACDA7E4} = {1F07043F-BC80-42A8-AC9E-FF92CACDA7E4}
		{561AD550-B857-4D93-AA39-5CA48E48E02F} = {561AD550-B857-4D93-AA39-5CA48E48E02F}
		{24689A59-099E-42FB-B8CA-568D3DA36612} = {24689A59-099E-42FB-B8CA-568D3DA36612}
		{9ECBFE92-651D-473E-AC44-438EC621A9D2} = {9ECBFE92-651D-473E-AC44-438EC621A9D2}
		{68F9F9DD-4F86-4A16-BA14-E873B6517A74} = {68F9F9DD-4F86-4A16-BA14-E873B6517A74}
		{DD49B1E3-6916-4230-B2A7-9E16E6ECDF95} = {DD49B1E3-6916-4230-B2A7-9E16E6ECDF95}
		{F05986E5-5428-415C-AA6B-46DE6E36806B} = {F05986E5-5428-415C-AA6B-46DE6E36806B}
		{7C1B51ED-011D-4B73-867C-AC23F0A9E6D1} = {7C1B51ED-011D-4B73-867C-AC23F0A9E6D1}
		{642C34FC-F20C-45A6-BAB8-C75988C88F52} = {642C34FC-F20C-45A6-BAB8-C75988C88F52}
	EndProjectSection
EndProject
Project("{8BC9CEB8-8B4A-11D0-8D11-00A0C91BC942}") = "Win32_utilities", "Win32_utilities\Win32_utilities.vcxproj", "{7C1B51ED-011D-4B73-867C-AC23F0A9E6D1}"
	ProjectSection(ProjectDependencies) = postProject
		{D6E82F0A-C93F-4FA0-AACF-910EF2F59FDC} = {D6E82F0A-C93F-4FA0-AACF-910EF2F59FDC}
		{DD49B1E3-6916-4230-B2A7-9E16E6ECDF95} = {DD49B1E3-6916-4230-B2A7-9E16E6ECDF95}
	EndProjectSection
EndProject
Project("{8BC9CEB8-8B4A-11D0-8D11-00A0C91BC942}") = "History", "History\History.vcxproj", "{642C34FC-F20C-45A6-BAB8-C75988C88F52}"
	ProjectSection(ProjectDependencies) = postProject
		{D6E82F0A-C93F-4FA0-AACF-910EF2F59FDC} = {D6E82F0A-C93F-4FA0-AACF-910EF2F59FDC}
	EndProjectSection
EndProject
Project("{8BC9CEB8-8B4A-11D0-8D11-00A0C91BC942}") = "Win32_history", "Win32_history\Win32_history.vcxproj", "{1F07043F-BC80-42A8-AC9E-FF92CACDA7E4}"
	ProjectSection(ProjectDependencies) = postProject
		{D6E82F0A-C93F-4FA0-AACF-910EF2F59FDC} = {D6E82F0A-C93F-4FA0-AACF-910EF2F59FDC}
		{7C1B51ED-011D-4B73-867C-AC23F0A9E6D1} = {7C1B51ED-011D-4B73-867C-AC23F0A9E6D1}
		{642C34FC-F20C-45A6-BAB8-C75988C88F52} = {642C34FC-F20C-45A6-BAB8-C75988C88F52}
	EndProjectSection
EndProject
Project("{8BC9CEB8-8B4A-11D0-8D11-00A0C91BC942}") = "EvolutionCoreInterface", "EvolutionCoreInterface\EvolutionCoreInterface.vcxproj", "{24689A59-099E-42FB-B8CA-568D3DA36612}"
	ProjectSection(ProjectDependencies) = postProject
		{561AD550-B857-4D93-AA39-5CA48E48E02F} = {561AD550-B857-4D93-AA39-5CA48E48E02F}
	EndProjectSection
EndProject
Project("{8BC9CEB8-8B4A-11D0-8D11-00A0C91BC942}") = "Utilities", "Utilities\Utilities.vcxproj", "{D6E82F0A-C93F-4FA0-AACF-910EF2F59FDC}"
EndProject
Project("{8BC9CEB8-8B4A-11D0-8D11-00A0C91BC942}") = "HistoryInterface", "HistoryInterface\HistoryInterface.vcxproj", "{9ECBFE92-651D-473E-AC44-438EC621A9D2}"
	ProjectSection(ProjectDependencies) = postProject
		{642C34FC-F20C-45A6-BAB8-C75988C88F52} = {642C34FC-F20C-45A6-BAB8-C75988C88F52}
	EndProjectSection
EndProject
Project("{8BC9CEB8-8B4A-11D0-8D11-00A0C91BC942}") = "EvoHistGlue", "EvoHistGlue\EvoHistGlue.vcxproj", "{73C1D72A-48DC-4A70-960C-B09D1B55C920}"
EndProject
Project("{8BC9CEB8-8B4A-11D0-8D11-00A0C91BC942}") = "HistoryTest", "HistoryTest\HistoryTest.vcxproj", "{29F8EB6E-DC97-44B8-82AC-4DBC7FBC8A0D}"
	ProjectSection(ProjectDependencies) = postProject
		{D6E82F0A-C93F-4FA0-AACF-910EF2F59FDC} = {D6E82F0A-C93F-4FA0-AACF-910EF2F59FDC}
		{561AD550-B857-4D93-AA39-5CA48E48E02F} = {561AD550-B857-4D93-AA39-5CA48E48E02F}
		{24689A59-099E-42FB-B8CA-568D3DA36612} = {24689A59-099E-42FB-B8CA-568D3DA36612}
		{9ECBFE92-651D-473E-AC44-438EC621A9D2} = {9ECBFE92-651D-473E-AC44-438EC621A9D2}
		{DD49B1E3-6916-4230-B2A7-9E16E6ECDF95} = {DD49B1E3-6916-4230-B2A7-9E16E6ECDF95}
		{642C34FC-F20C-45A6-BAB8-C75988C88F52} = {642C34FC-F20C-45A6-BAB8-C75988C88F52}
	EndProjectSection
EndProject
Project("{8BC9CEB8-8B4A-11D0-8D11-00A0C91BC942}") = "Compare", "Compare\Compare.vcxproj", "{79BD8F32-9DC5-4E90-822D-CDF3CA47107D}"
	ProjectSection(ProjectDependencies) = postProject
		{D6E82F0A-C93F-4FA0-AACF-910EF2F59FDC} = {D6E82F0A-C93F-4FA0-AACF-910EF2F59FDC}
		{DD49B1E3-6916-4230-B2A7-9E16E6ECDF95} = {DD49B1E3-6916-4230-B2A7-9E16E6ECDF95}
		{7C1B51ED-011D-4B73-867C-AC23F0A9E6D1} = {7C1B51ED-011D-4B73-867C-AC23F0A9E6D1}
	EndProjectSection
EndProject
Project("{8BC9CEB8-8B4A-11D0-8D11-00A0C91BC942}") = "Win32_utilities_test", "Win32_utilities_test\Win32_utilities_test.vcxproj", "{DDBDEF39-8D71-4B2A-ADDD-9A6FA7412093}"
	ProjectSection(ProjectDependencies) = postProject
		{DD49B1E3-6916-4230-B2A7-9E16E6ECDF95} = {DD49B1E3-6916-4230-B2A7-9E16E6ECDF95}
		{7C1B51ED-011D-4B73-867C-AC23F0A9E6D1} = {7C1B51ED-011D-4B73-867C-AC23F0A9E6D1}
	EndProjectSection
EndProject
Project("{8BC9CEB8-8B4A-11D0-8D11-00A0C91BC942}") = "EvoWindows", "EvoWindows\EvoWindows.vcxproj", "{8830DA2B-C953-4702-A9E7-3BCE05366F1B}"
EndProject
Project("{8BC9CEB8-8B4A-11D0-8D11-00A0C91BC942}") = "EvolutionConsole", "EvolutionConsole\EvolutionConsole.vcxproj", "{73CCDA1D-712F-41BE-BA31-F91D1D7A8E2D}"
	ProjectSection(ProjectDependencies) = postProject
		{D6E82F0A-C93F-4FA0-AACF-910EF2F59FDC} = {D6E82F0A-C93F-4FA0-AACF-910EF2F59FDC}
		{A4747612-FA1D-444B-9B61-6D5C35601837} = {A4747612-FA1D-444B-9B61-6D5C35601837}
		{73C1D72A-48DC-4A70-960C-B09D1B55C920} = {73C1D72A-48DC-4A70-960C-B09D1B55C920}
		{8830DA2B-C953-4702-A9E7-3BCE05366F1B} = {8830DA2B-C953-4702-A9E7-3BCE05366F1B}
		{1F07043F-BC80-42A8-AC9E-FF92CACDA7E4} = {1F07043F-BC80-42A8-AC9E-FF92CACDA7E4}
		{561AD550-B857-4D93-AA39-5CA48E48E02F} = {561AD550-B857-4D93-AA39-5CA48E48E02F}
		{24689A59-099E-42FB-B8CA-568D3DA36612} = {24689A59-099E-42FB-B8CA-568D3DA36612}
		{9ECBFE92-651D-473E-AC44-438EC621A9D2} = {9ECBFE92-651D-473E-AC44-438EC621A9D2}
		{68F9F9DD-4F86-4A16-BA14-E873B6517A74} = {68F9F9DD-4F86-4A16-BA14-E873B6517A74}
		{DD49B1E3-6916-4230-B2A7-9E16E6ECDF95} = {DD49B1E3-6916-4230-B2A7-9E16E6ECDF95}
		{F05986E5-5428-415C-AA6B-46DE6E36806B} = {F05986E5-5428-415C-AA6B-46DE6E36806B}
		{7C1B51ED-011D-4B73-867C-AC23F0A9E6D1} = {7C1B51ED-011D-4B73-867C-AC23F0A9E6D1}
		{642C34FC-F20C-45A6-BAB8-C75988C88F52} = {642C34FC-F20C-45A6-BAB8-C75988C88F52}
	EndProjectSection
EndProject
Project("{8BC9CEB8-8B4A-11D0-8D11-00A0C91BC942}") = "EvolutionCoreTest", "EvolutionCoreTest\EvolutionCoreTest.vcxproj", "{88395E84-3A1A-411C-88D0-ECDC266F426A}"
	ProjectSection(ProjectDependencies) = postProject
		{D6E82F0A-C93F-4FA0-AACF-910EF2F59FDC} = {D6E82F0A-C93F-4FA0-AACF-910EF2F59FDC}
		{8830DA2B-C953-4702-A9E7-3BCE05366F1B} = {8830DA2B-C953-4702-A9E7-3BCE05366F1B}
		{561AD550-B857-4D93-AA39-5CA48E48E02F} = {561AD550-B857-4D93-AA39-5CA48E48E02F}
		{DD49B1E3-6916-4230-B2A7-9E16E6ECDF95} = {DD49B1E3-6916-4230-B2A7-9E16E6ECDF95}
	EndProjectSection
EndProject
Project("{8BC9CEB8-8B4A-11D0-8D11-00A0C91BC942}") = "ShapeLib", "ShapeLib\ShapeLib.vcxproj", "{F05986E5-5428-415C-AA6B-46DE6E36806B}"
EndProject
Project("{8BC9CEB8-8B4A-11D0-8D11-00A0C91BC942}") = "GDI", "GDI\GDI.vcxproj", "{68F9F9DD-4F86-4A16-BA14-E873B6517A74}"
EndProject
Project("{8BC9CEB8-8B4A-11D0-8D11-00A0C91BC942}") = "D3D", "D3D\D3D.vcxproj", "{A4747612-FA1D-444B-9B61-6D5C35601837}"
EndProject
Global
	GlobalSection(SolutionConfigurationPlatforms) = preSolution
		Debug|x64 = Debug|x64
		Debug|x86 = Debug|x86
		Release|x64 = Release|x64
		Release|x86 = Release|x86
	EndGlobalSection
	GlobalSection(ProjectConfigurationPlatforms) = postSolution
		{DD49B1E3-6916-4230-B2A7-9E16E6ECDF95}.Debug|x64.ActiveCfg = Debug|x64
		{DD49B1E3-6916-4230-B2A7-9E16E6ECDF95}.Debug|x64.Build.0 = Debug|x64
		{DD49B1E3-6916-4230-B2A7-9E16E6ECDF95}.Debug|x86.ActiveCfg = Debug|Win32
		{DD49B1E3-6916-4230-B2A7-9E16E6ECDF95}.Debug|x86.Build.0 = Debug|Win32
		{DD49B1E3-6916-4230-B2A7-9E16E6ECDF95}.Release|x64.ActiveCfg = Release|x64
		{DD49B1E3-6916-4230-B2A7-9E16E6ECDF95}.Release|x64.Build.0 = Release|x64
		{DD49B1E3-6916-4230-B2A7-9E16E6ECDF95}.Release|x86.ActiveCfg = Release|Win32
		{DD49B1E3-6916-4230-B2A7-9E16E6ECDF95}.Release|x86.Build.0 = Release|Win32
		{561AD550-B857-4D93-AA39-5CA48E48E02F}.Debug|x64.ActiveCfg = Debug|x64
		{561AD550-B857-4D93-AA39-5CA48E48E02F}.Debug|x64.Build.0 = Debug|x64
		{561AD550-B857-4D93-AA39-5CA48E48E02F}.Debug|x86.ActiveCfg = Debug|Win32
		{561AD550-B857-4D93-AA39-5CA48E48E02F}.Debug|x86.Build.0 = Debug|Win32
		{561AD550-B857-4D93-AA39-5CA48E48E02F}.Release|x64.ActiveCfg = Release|x64
		{561AD550-B857-4D93-AA39-5CA48E48E02F}.Release|x64.Build.0 = Release|x64
		{561AD550-B857-4D93-AA39-5CA48E48E02F}.Release|x86.ActiveCfg = Release|Win32
		{561AD550-B857-4D93-AA39-5CA48E48E02F}.Release|x86.Build.0 = Release|Win32
		{163A3630-5D0F-4399-B1B9-F1364570EF01}.Debug|x64.ActiveCfg = Debug|x64
		{163A3630-5D0F-4399-B1B9-F1364570EF01}.Debug|x64.Build.0 = Debug|x64
		{163A3630-5D0F-4399-B1B9-F1364570EF01}.Debug|x86.ActiveCfg = Debug|Win32
		{163A3630-5D0F-4399-B1B9-F1364570EF01}.Debug|x86.Build.0 = Debug|Win32
		{163A3630-5D0F-4399-B1B9-F1364570EF01}.Release|x64.ActiveCfg = Release|x64
		{163A3630-5D0F-4399-B1B9-F1364570EF01}.Release|x64.Build.0 = Release|x64
		{163A3630-5D0F-4399-B1B9-F1364570EF01}.Release|x86.ActiveCfg = Release|Win32
		{163A3630-5D0F-4399-B1B9-F1364570EF01}.Release|x86.Build.0 = Release|Win32
		{7C1B51ED-011D-4B73-867C-AC23F0A9E6D1}.Debug|x64.ActiveCfg = Debug|x64
		{7C1B51ED-011D-4B73-867C-AC23F0A9E6D1}.Debug|x64.Build.0 = Debug|x64
		{7C1B51ED-011D-4B73-867C-AC23F0A9E6D1}.Debug|x86.ActiveCfg = Debug|Win32
		{7C1B51ED-011D-4B73-867C-AC23F0A9E6D1}.Debug|x86.Build.0 = Debug|Win32
		{7C1B51ED-011D-4B73-867C-AC23F0A9E6D1}.Release|x64.ActiveCfg = Release|x64
		{7C1B51ED-011D-4B73-867C-AC23F0A9E6D1}.Release|x64.Build.0 = Release|x64
		{7C1B51ED-011D-4B73-867C-AC23F0A9E6D1}.Release|x86.ActiveCfg = Release|Win32
		{7C1B51ED-011D-4B73-867C-AC23F0A9E6D1}.Release|x86.Build.0 = Release|Win32
		{642C34FC-F20C-45A6-BAB8-C75988C88F52}.Debug|x64.ActiveCfg = Debug|x64
		{642C34FC-F20C-45A6-BAB8-C75988C88F52}.Debug|x64.Build.0 = Debug|x64
		{642C34FC-F20C-45A6-BAB8-C75988C88F52}.Debug|x86.ActiveCfg = Debug|Win32
		{642C34FC-F20C-45A6-BAB8-C75988C88F52}.Debug|x86.Build.0 = Debug|Win32
		{642C34FC-F20C-45A6-BAB8-C75988C88F52}.Release|x64.ActiveCfg = Release|x64
		{642C34FC-F20C-45A6-BAB8-C75988C88F52}.Release|x64.Build.0 = Release|x64
		{642C34FC-F20C-45A6-BAB8-C75988C88F52}.Release|x86.ActiveCfg = Release|Win32
		{642C34FC-F20C-45A6-BAB8-C75988C88F52}.Release|x86.Build.0 = Release|Win32
		{1F07043F-BC80-42A8-AC9E-FF92CACDA7E4}.Debug|x64.ActiveCfg = Debug|x64
		{1F07043F-BC80-42A8-AC9E-FF92CACDA7E4}.Debug|x64.Build.0 = Debug|x64
		{1F07043F-BC80-42A8-AC9E-FF92CACDA7E4}.Debug|x86.ActiveCfg = Debug|Win32
		{1F07043F-BC80-42A8-AC9E-FF92CACDA7E4}.Debug|x86.Build.0 = Debug|Win32
		{1F07043F-BC80-42A8-AC9E-FF92CACDA7E4}.Release|x64.ActiveCfg = Release|x64
		{1F07043F-BC80-42A8-AC9E-FF92CACDA7E4}.Release|x64.Build.0 = Release|x64
		{1F07043F-BC80-42A8-AC9E-FF92CACDA7E4}.Release|x86.ActiveCfg = Release|Win32
		{1F07043F-BC80-42A8-AC9E-FF92CACDA7E4}.Release|x86.Build.0 = Release|Win32
		{24689A59-099E-42FB-B8CA-568D3DA36612}.Debug|x64.ActiveCfg = Debug|x64
		{24689A59-099E-42FB-B8CA-568D3DA36612}.Debug|x64.Build.0 = Debug|x64
		{24689A59-099E-42FB-B8CA-568D3DA36612}.Debug|x86.ActiveCfg = Debug|Win32
		{24689A59-099E-42FB-B8CA-568D3DA36612}.Debug|x86.Build.0 = Debug|Win32
		{24689A59-099E-42FB-B8CA-568D3DA36612}.Release|x64.ActiveCfg = Release|x64
		{24689A59-099E-42FB-B8CA-568D3DA36612}.Release|x64.Build.0 = Release|x64
		{24689A59-099E-42FB-B8CA-568D3DA36612}.Release|x86.ActiveCfg = Release|Win32
		{24689A59-099E-42FB-B8CA-568D3DA36612}.Release|x86.Build.0 = Release|Win32
		{D6E82F0A-C93F-4FA0-AACF-910EF2F59FDC}.Debug|x64.ActiveCfg = Debug|x64
		{D6E82F0A-C93F-4FA0-AACF-910EF2F59FDC}.Debug|x64.Build.0 = Debug|x64
		{D6E82F0A-C93F-4FA0-AACF-910EF2F59FDC}.Debug|x86.ActiveCfg = Debug|Win32
		{D6E82F0A-C93F-4FA0-AACF-910EF2F59FDC}.Debug|x86.Build.0 = Debug|Win32
		{D6E82F0A-C93F-4FA0-AACF-910EF2F59FDC}.Release|x64.ActiveCfg = Release|x64
		{D6E82F0A-C93F-4FA0-AACF-910EF2F59FDC}.Release|x64.Build.0 = Release|x64
		{D6E82F0A-C93F-4FA0-AACF-910EF2F59FDC}.Release|x86.ActiveCfg = Release|Win32
		{D6E82F0A-C93F-4FA0-AACF-910EF2F59FDC}.Release|x86.Build.0 = Release|Win32
		{9ECBFE92-651D-473E-AC44-438EC621A9D2}.Debug|x64.ActiveCfg = Debug|x64
		{9ECBFE92-651D-473E-AC44-438EC621A9D2}.Debug|x64.Build.0 = Debug|x64
		{9ECBFE92-651D-473E-AC44-438EC621A9D2}.Debug|x86.ActiveCfg = Debug|Win32
		{9ECBFE92-651D-473E-AC44-438EC621A9D2}.Debug|x86.Build.0 = Debug|Win32
		{9ECBFE92-651D-473E-AC44-438EC621A9D2}.Release|x64.ActiveCfg = Release|x64
		{9ECBFE92-651D-473E-AC44-438EC621A9D2}.Release|x64.Build.0 = Release|x64
		{9ECBFE92-651D-473E-AC44-438EC621A9D2}.Release|x86.ActiveCfg = Release|Win32
		{9ECBFE92-651D-473E-AC44-438EC621A9D2}.Release|x86.Build.0 = Release|Win32
		{73C1D72A-48DC-4A70-960C-B09D1B55C920}.Debug|x64.ActiveCfg = Debug|x64
		{73C1D72A-48DC-4A70-960C-B09D1B55C920}.Debug|x64.Build.0 = Debug|x64
		{73C1D72A-48DC-4A70-960C-B09D1B55C920}.Debug|x86.ActiveCfg = Debug|Win32
		{73C1D72A-48DC-4A70-960C-B09D1B55C920}.Debug|x86.Build.0 = Debug|Win32
		{73C1D72A-48DC-4A70-960C-B09D1B55C920}.Release|x64.ActiveCfg = Release|x64
		{73C1D72A-48DC-4A70-960C-B09D1B55C920}.Release|x64.Build.0 = Release|x64
		{73C1D72A-48DC-4A70-960C-B09D1B55C920}.Release|x86.ActiveCfg = Release|Win32
		{73C1D72A-48DC-4A70-960C-B09D1B55C920}.Release|x86.Build.0 = Release|Win32
		{29F8EB6E-DC97-44B8-82AC-4DBC7FBC8A0D}.Debug|x64.ActiveCfg = Debug|x64
		{29F8EB6E-DC97-44B8-82AC-4DBC7FBC8A0D}.Debug|x64.Build.0 = Debug|x64
		{29F8EB6E-DC97-44B8-82AC-4DBC7FBC8A0D}.Debug|x86.ActiveCfg = Debug|Win32
		{29F8EB6E-DC97-44B8-82AC-4DBC7FBC8A0D}.Debug|x86.Build.0 = Debug|Win32
		{29F8EB6E-DC97-44B8-82AC-4DBC7FBC8A0D}.Release|x64.ActiveCfg = Release|x64
		{29F8EB6E-DC97-44B8-82AC-4DBC7FBC8A0D}.Release|x64.Build.0 = Release|x64
		{29F8EB6E-DC97-44B8-82AC-4DBC7FBC8A0D}.Release|x86.ActiveCfg = Release|Win32
		{29F8EB6E-DC97-44B8-82AC-4DBC7FBC8A0D}.Release|x86.Build.0 = Release|Win32
		{79BD8F32-9DC5-4E90-822D-CDF3CA47107D}.Debug|x64.ActiveCfg = Debug|x64
		{79BD8F32-9DC5-4E90-822D-CDF3CA47107D}.Debug|x64.Build.0 = Debug|x64
		{79BD8F32-9DC5-4E90-822D-CDF3CA47107D}.Debug|x86.ActiveCfg = Debug|Win32
		{79BD8F32-9DC5-4E90-822D-CDF3CA47107D}.Debug|x86.Build.0 = Debug|Win32
		{79BD8F32-9DC5-4E90-822D-CDF3CA47107D}.Release|x64.ActiveCfg = Release|x64
		{79BD8F32-9DC5-4E90-822D-CDF3CA47107D}.Release|x64.Build.0 = Release|x64
		{79BD8F32-9DC5-4E90-822D-CDF3CA47107D}.Release|x86.ActiveCfg = Release|Win32
		{79BD8F32-9DC5-4E90-822D-CDF3CA47107D}.Release|x86.Build.0 = Release|Win32
		{DDBDEF39-8D71-4B2A-ADDD-9A6FA7412093}.Debug|x64.ActiveCfg = Debug|x64
		{DDBDEF39-8D71-4B2A-ADDD-9A6FA7412093}.Debug|x64.Build.0 = Debug|x64
		{DDBDEF39-8D71-4B2A-ADDD-9A6FA7412093}.Debug|x86.ActiveCfg = Debug|Win32
		{DDBDEF39-8D71-4B2A-ADDD-9A6FA7412093}.Debug|x86.Build.0 = Debug|Win32
		{DDBDEF39-8D71-4B2A-ADDD-9A6FA7412093}.Release|x64.ActiveCfg = Release|x64
		{DDBDEF39-8D71-4B2A-ADDD-9A6FA7412093}.Release|x64.Build.0 = Release|x64
		{DDBDEF39-8D71-4B2A-ADDD-9A6FA7412093}.Release|x86.ActiveCfg = Release|Win32
		{DDBDEF39-8D71-4B2A-ADDD-9A6FA7412093}.Release|x86.Build.0 = Release|Win32
		{8830DA2B-C953-4702-A9E7-3BCE05366F1B}.Debug|x64.ActiveCfg = Debug|x64
		{8830DA2B-C953-4702-A9E7-3BCE05366F1B}.Debug|x64.Build.0 = Debug|x64
		{8830DA2B-C953-4702-A9E7-3BCE05366F1B}.Debug|x86.ActiveCfg = Debug|Win32
		{8830DA2B-C953-4702-A9E7-3BCE05366F1B}.Debug|x86.Build.0 = Debug|Win32
		{8830DA2B-C953-4702-A9E7-3BCE05366F1B}.Release|x64.ActiveCfg = Release|x64
		{8830DA2B-C953-4702-A9E7-3BCE05366F1B}.Release|x64.Build.0 = Release|x64
		{8830DA2B-C953-4702-A9E7-3BCE05366F1B}.Release|x86.ActiveCfg = Release|Win32
		{8830DA2B-C953-4702-A9E7-3BCE05366F1B}.Release|x86.Build.0 = Release|Win32
		{73CCDA1D-712F-41BE-BA31-F91D1D7A8E2D}.Debug|x64.ActiveCfg = Debug|x64
		{73CCDA1D-712F-41BE-BA31-F91D1D7A8E2D}.Debug|x64.Build.0 = Debug|x64
		{73CCDA1D-712F-41BE-BA31-F91D1D7A8E2D}.Debug|x86.ActiveCfg = Debug|Win32
		{73CCDA1D-712F-41BE-BA31-F91D1D7A8E2D}.Debug|x86.Build.0 = Debug|Win32
		{73CCDA1D-712F-41BE-BA31-F91D1D7A8E2D}.Release|x64.ActiveCfg = Release|x64
		{73CCDA1D-712F-41BE-BA31-F91D1D7A8E2D}.Release|x64.Build.0 = Release|x64
		{73CCDA1D-712F-41BE-BA31-F91D1D7A8E2D}.Release|x86.ActiveCfg = Release|Win32
		{73CCDA1D-712F-41BE-BA31-F91D1D7A8E2D}.Release|x86.Build.0 = Release|Win32
		{88395E84-3A1A-411C-88D0-ECDC266F426A}.Debug|x64.ActiveCfg = Debug|x64
		{88395E84-3A1A-411C-88D0-ECDC266F426A}.Debug|x64.Build.0 = Debug|x64
		{88395E84-3A1A-411C-88D0-ECDC266F426A}.Debug|x86.ActiveCfg = Debug|Win32
		{88395E84-3A1A-411C-88D0-ECDC266F426A}.Debug|x86.Build.0 = Debug|Win32
		{88395E84-3A1A-411C-88D0-ECDC266F426A}.Release|x64.ActiveCfg = Release|x64
		{88395E84-3A1A-411C-88D0-ECDC266F426A}.Release|x64.Build.0 = Release|x64
		{88395E84-3A1A-411C-88D0-ECDC266F426A}.Release|x86.ActiveCfg = Release|Win32
		{88395E84-3A1A-411C-88D0-ECDC266F426A}.Release|x86.Build.0 = Release|Win32
		{F05986E5-5428-415C-AA6B-46DE6E36806B}.Debug|x64.ActiveCfg = Debug|x64
		{F05986E5-5428-415C-AA6B-46DE6E36806B}.Debug|x64.Build.0 = Debug|x64
		{F05986E5-5428-415C-AA6B-46DE6E36806B}.Debug|x86.ActiveCfg = Debug|Win32
		{F05986E5-5428-415C-AA6B-46DE6E36806B}.Debug|x86.Build.0 = Debug|Win32
		{F05986E5-5428-415C-AA6B-46DE6E36806B}.Release|x64.ActiveCfg = Release|x64
		{F05986E5-5428-415C-AA6B-46DE6E36806B}.Release|x64.Build.0 = Release|x64
		{F05986E5-5428-415C-AA6B-46DE6E36806B}.Release|x86.ActiveCfg = Release|Win32
		{F05986E5-5428-415C-AA6B-46DE6E36806B}.Release|x86.Build.0 = Release|Win32
		{68F9F9DD-4F86-4A16-BA14-E873B6517A74}.Debug|x64.ActiveCfg = Debug|x64
		{68F9F9DD-4F86-4A16-BA14-E873B6517A74}.Debug|x64.Build.0 = Debug|x64
		{68F9F9DD-4F86-4A16-BA14-E873B6517A74}.Debug|x86.ActiveCfg = Debug|Win32
		{68F9F9DD-4F86-4A16-BA14-E873B6517A74}.Debug|x86.Build.0 = Debug|Win32
		{68F9F9DD-4F86-4A16-BA14-E873B6517A74}.Release|x64.ActiveCfg = Release|x64
		{68F9F9DD-4F86-4A16-BA14-E873B6517A74}.Release|x64.Build.0 = Release|x64
		{68F9F9DD-4F86-4A16-BA14-E873B6517A74}.Release|x86.ActiveCfg = Release|Win32
		{68F9F9DD-4F86-4A16-BA14-E873B6517A74}.Release|x86.Build.0 = Release|Win32
		{A4747612-FA1D-444B-9B61-6D5C35601837}.Debug|x64.ActiveCfg = Debug|x64
		{A4747612-FA1D-444B-9B61-6D5C35601837}.Debug|x64.Build.0 = Debug|x64
		{A4747612-FA1D-444B-9B61-6D5C35601837}.Debug|x86.ActiveCfg = Debug|Win32
		{A4747612-FA1D-444B-9B61-6D5C35601837}.Debug|x86.Build.0 = Debug|Win32
		{A4747612-FA1D-444B-9B61-6D5C35601837}.Release|x64.ActiveCfg = Release|x64
		{A4747612-FA1D-444B-9B61-6D5C35601837}.Release|x64.Build.0 = Release|x64
		{A4747612-FA1D-444B-9B61-6D5C35601837}.Release|x86.ActiveCfg = Release|Win32
		{A4747612-FA1D-444B-9B61-6D5C35601837}.Release|x86.Build.0 = Release|Win32
	EndGlobalSection
	GlobalSection(SolutionProperties) = preSolution
		HideSolutionNode = FALSE
	EndGlobalSection
	GlobalSection(ExtensibilityGlobals) = postSolution
		SolutionGuid = {526CF9FA-119E-448F-BE11-37286BC0C873}
	EndGlobalSection
EndGlobal
