<?xml version="1.0" encoding="utf-8"?>
<Project ToolsVersion="4.0" xmlns="http://schemas.microsoft.com/developer/msbuild/2003">
  <ItemGroup>
    <Filter Include="Quelldateien">
      <UniqueIdentifier>{4FC737F1-C7A5-4376-A066-2A32D752A2FF}</UniqueIdentifier>
      <Extensions>cpp;c;cc;cxx;def;odl;idl;hpj;bat;asm;asmx</Extensions>
    </Filter>
    <Filter Include="Headerdateien">
      <UniqueIdentifier>{93995380-89BD-4b04-88EB-625FBE52EBFB}</UniqueIdentifier>
      <Extensions>h;hh;hpp;hxx;hm;inl;inc;xsd</Extensions>
    </Filter>
    <Filter Include="Ressourcendateien">
      <UniqueIdentifier>{67DA6AB6-F800-4c08-8B7A-83BB121AAD01}</UniqueIdentifier>
      <Extensions>rc;ico;cur;bmp;dlg;rc2;rct;bin;rgs;gif;jpg;jpeg;jpe;resx;tiff;tif;png;wav;mfcribbon-ms</Extensions>
    </Filter>
  </ItemGroup>
  <ItemGroup>
    <Text Include="ReadMe.txt" />
  </ItemGroup>
  <ItemGroup>
    <ClInclude Include="win32_baseWindow.h">
      <Filter>Headerdateien</Filter>
    </ClInclude>
    <ClInclude Include="win32_hiResTimer.h">
      <Filter>Headerdateien</Filter>
    </ClInclude>
    <ClInclude Include="win32_script.h">
      <Filter>Headerdateien</Filter>
    </ClInclude>
    <ClInclude Include="win32_textWindow.h">
      <Filter>Headerdateien</Filter>
    </ClInclude>
    <ClInclude Include="win32_util.h">
      <Filter>Headerdateien</Filter>
    </ClInclude>
    <ClInclude Include="win32_winManager.h">
      <Filter>Headerdateien</Filter>
    </ClInclude>
    <ClInclude Include="win32_baseDialog.h">
      <Filter>Headerdateien</Filter>
    </ClInclude>
    <ClInclude Include="win32_rootWindow.h">
      <Filter>Headerdateien</Filter>
    </ClInclude>
    <ClInclude Include="win32_stopwatch.h">
      <Filter>Headerdateien</Filter>
    </ClInclude>
    <ClInclude Include="win32_thread.h">
      <Filter>Headerdateien</Filter>
    </ClInclude>
    <ClInclude Include="win32_textWindowThread.h">
      <Filter>Headerdateien</Filter>
    </ClInclude>
    <ClInclude Include="win32_util_resource.h">
      <Filter>Headerdateien</Filter>
    </ClInclude>
    <ClInclude Include="targetver.h">
      <Filter>Headerdateien</Filter>
    </ClInclude>
    <ClInclude Include="win32_baseRefreshRate.h">
      <Filter>Headerdateien</Filter>
    </ClInclude>
    <ClInclude Include="win32_messagePump.h">
      <Filter>Headerdateien</Filter>
    </ClInclude>
    <ClInclude Include="win32_fatalError.h">
      <Filter>Headerdateien</Filter>
    </ClInclude>
    <ClInclude Include="win32_scale.h">
      <Filter>Headerdateien</Filter>
    </ClInclude>
    <ClInclude Include="D2D_DrawContext.h">
      <Filter>Headerdateien</Filter>
    </ClInclude>
    <ClInclude Include="win32_graphicsWindow.h">
      <Filter>Headerdateien</Filter>
    </ClInclude>
    <ClInclude Include="win32_editLineBox.h">
      <Filter>Headerdateien</Filter>
    </ClInclude>
    <ClInclude Include="win32_baseScale.h">
      <Filter>Headerdateien</Filter>
    </ClInclude>
    <ClInclude Include="win32_PixelTypes.h">
      <Filter>Headerdateien</Filter>
    </ClInclude>
    <ClInclude Include="win32_arrowButton.h">
      <Filter>Headerdateien</Filter>
    </ClInclude>
  </ItemGroup>
  <ItemGroup>
    <ClCompile Include="win32_baseWindow.cpp">
      <Filter>Quelldateien</Filter>
    </ClCompile>
    <ClCompile Include="win32_hiResTimer.cpp">
      <Filter>Quelldateien</Filter>
    </ClCompile>
    <ClCompile Include="win32_script.cpp">
      <Filter>Quelldateien</Filter>
    </ClCompile>
    <ClCompile Include="win32_textWindow.cpp">
      <Filter>Quelldateien</Filter>
    </ClCompile>
    <ClCompile Include="win32_util.cpp">
      <Filter>Quelldateien</Filter>
    </ClCompile>
    <ClCompile Include="win32_winManager.cpp">
      <Filter>Quelldateien</Filter>
    </ClCompile>
    <ClCompile Include="win32_baseDialog.cpp">
      <Filter>Quelldateien</Filter>
    </ClCompile>
    <ClCompile Include="win32_rootWindow.cpp">
      <Filter>Quelldateien</Filter>
    </ClCompile>
    <ClCompile Include="win32_stopwatch.cpp">
      <Filter>Quelldateien</Filter>
    </ClCompile>
    <ClCompile Include="win32_thread.cpp">
      <Filter>Quelldateien</Filter>
    </ClCompile>
    <ClCompile Include="win32_textBuffer.cpp">
      <Filter>Quelldateien</Filter>
    </ClCompile>
    <ClCompile Include="Win32_Tooltip.cpp">
      <Filter>Quelldateien</Filter>
    </ClCompile>
    <ClCompile Include="Win32_AboutBox.cpp">
      <Filter>Quelldateien</Filter>
    </ClCompile>
    <ClCompile Include="win32_baseRefreshRate.cpp">
      <Filter>Quelldateien</Filter>
    </ClCompile>
    <ClCompile Include="win32_messagePump.cpp">
      <Filter>Quelldateien</Filter>
    </ClCompile>
    <ClCompile Include="Win32_StdDialogBox.cpp">
      <Filter>Quelldateien</Filter>
    </ClCompile>
    <ClCompile Include="win32_escape.cpp">
      <Filter>Quelldateien</Filter>
    </ClCompile>
    <ClCompile Include="Win32_Command.cpp">
      <Filter>Quelldateien</Filter>
    </ClCompile>
    <ClCompile Include="D2D_DrawContext.cpp">
      <Filter>Quelldateien</Filter>
    </ClCompile>
    <ClCompile Include="win32_graphicsWindow.cpp">
      <Filter>Quelldateien</Filter>
    </ClCompile>
    <ClCompile Include="Win32_Controls.cpp">
      <Filter>Quelldateien</Filter>
    </ClCompile>
    <ClCompile Include="win32_editLineBox.cpp">
      <Filter>Quelldateien</Filter>
    </ClCompile>
    <ClCompile Include="win32_baseScale.cpp">
      <Filter>Quelldateien</Filter>
    </ClCompile>
    <ClCompile Include="Win32_event.ixx">
      <Filter>Quelldateien</Filter>
    </ClCompile>
    <ClCompile Include="Win32_Sound.ixx">
      <Filter>Quelldateien</Filter>
    </ClCompile>
    <ClCompile Include="Win32_AboutBox.ixx">
      <Filter>Quelldateien</Filter>
    </ClCompile>
    <ClCompile Include="Win32_TextBuffer.ixx">
      <Filter>Quelldateien</Filter>
    </ClCompile>
    <ClCompile Include="Win32_StdDialogBox.ixx">
      <Filter>Quelldateien</Filter>
    </ClCompile>
    <ClCompile Include="Win32_Command.ixx">
      <Filter>Quelldateien</Filter>
    </ClCompile>
    <ClCompile Include="Win32_Controls.ixx">
      <Filter>Quelldateien</Filter>
    </ClCompile>
    <ClCompile Include="Win32_Tooltip.ixx">
      <Filter>Quelldateien</Filter>
    </ClCompile>
    <ClCompile Include="Win32_Animation.ixx">
      <Filter>Quelldateien</Filter>
    </ClCompile>
    <ClCompile Include="Win32_ActionTimer.ixx">
      <Filter>Quelldateien</Filter>
    </ClCompile>
  </ItemGroup>
  <ItemGroup>
    <ResourceCompile Include="win32_utilities.rc">
      <Filter>Ressourcendateien</Filter>
    </ResourceCompile>
  </ItemGroup>
</Project>