<?xml version="1.0" encoding="utf-8"?>
<Project ToolsVersion="4.0" xmlns="http://schemas.microsoft.com/developer/msbuild/2003">
  <ItemGroup>
    <Filter Include="Quelldateien">
      <UniqueIdentifier>{4FC737F1-C7A5-4376-A066-2A32D752A2FF}</UniqueIdentifier>
      <Extensions>cpp;c;cc;cxx;def;odl;idl;hpj;bat;asm;asmx</Extensions>
    </Filter>
    <Filter Include="Headerdateien">
      <UniqueIdentifier>{93995380-89BD-4b04-88EB-625FBE52EBFB}</UniqueIdentifier>
      <Extensions>h;hh;hpp;hxx;hm;inl;inc;xsd</Extensions>
    </Filter>
    <Filter Include="Ressourcendateien">
      <UniqueIdentifier>{67DA6AB6-F800-4c08-8B7A-83BB121AAD01}</UniqueIdentifier>
      <Extensions>rc;ico;cur;bmp;dlg;rc2;rct;bin;rgs;gif;jpg;jpeg;jpe;resx;tiff;tif;png;wav;mfcribbon-ms</Extensions>
    </Filter>
  </ItemGroup>
  <ItemGroup>
    <ClCompile Include="Win32_BaseWindow.cpp">
      <Filter>Quelldateien</Filter>
    </ClCompile>
    <ClCompile Include="Win32_Script.cpp">
      <Filter>Quelldateien</Filter>
    </ClCompile>
    <ClCompile Include="Win32_TextWindow.cpp">
      <Filter>Quelldateien</Filter>
    </ClCompile>
    <ClCompile Include="Win32_Util.cpp">
      <Filter>Quelldateien</Filter>
    </ClCompile>
    <ClCompile Include="Win32_WinManager.cpp">
      <Filter>Quelldateien</Filter>
    </ClCompile>
    <ClCompile Include="Win32_BaseDialog.cpp">
      <Filter>Quelldateien</Filter>
    </ClCompile>
    <ClCompile Include="Win32_RootWindow.cpp">
      <Filter>Quelldateien</Filter>
    </ClCompile>
    <ClCompile Include="Win32_Thread.cpp">
      <Filter>Quelldateien</Filter>
    </ClCompile>
    <ClCompile Include="Win32_TextBuffer.cpp">
      <Filter>Quelldateien</Filter>
    </ClCompile>
    <ClCompile Include="Win32_Tooltip.cpp">
      <Filter>Quelldateien</Filter>
    </ClCompile>
    <ClCompile Include="Win32_AboutBox.cpp">
      <Filter>Quelldateien</Filter>
    </ClCompile>
    <ClCompile Include="Win32_BaseRefreshRate.cpp">
      <Filter>Quelldateien</Filter>
    </ClCompile>
    <ClCompile Include="Win32_MessagePump.cpp">
      <Filter>Quelldateien</Filter>
    </ClCompile>
    <ClCompile Include="Win32_StdDialogBox.cpp">
      <Filter>Quelldateien</Filter>
    </ClCompile>
    <ClCompile Include="Win32_Escape.cpp">
      <Filter>Quelldateien</Filter>
    </ClCompile>
    <ClCompile Include="D2D_DrawContext.cpp">
      <Filter>Quelldateien</Filter>
    </ClCompile>
    <ClCompile Include="Win32_GraphicsWindow.cpp">
      <Filter>Quelldateien</Filter>
    </ClCompile>
    <ClCompile Include="Win32_Controls.cpp">
      <Filter>Quelldateien</Filter>
    </ClCompile>
    <ClCompile Include="Win32_EditLineBox.cpp">
      <Filter>Quelldateien</Filter>
    </ClCompile>
    <ClCompile Include="Win32_BaseScale.cpp">
      <Filter>Quelldateien</Filter>
    </ClCompile>
    <ClCompile Include="Win32_Event.ixx">
      <Filter>Quelldateien</Filter>
    </ClCompile>
    <ClCompile Include="Win32_Sound.ixx">
      <Filter>Quelldateien</Filter>
    </ClCompile>
    <ClCompile Include="Win32_AboutBox.ixx">
      <Filter>Quelldateien</Filter>
    </ClCompile>
    <ClCompile Include="Win32_TextBuffer.ixx">
      <Filter>Quelldateien</Filter>
    </ClCompile>
    <ClCompile Include="Win32_StdDialogBox.ixx">
      <Filter>Quelldateien</Filter>
    </ClCompile>
    <ClCompile Include="Win32_Controls.ixx">
      <Filter>Quelldateien</Filter>
    </ClCompile>
    <ClCompile Include="Win32_Tooltip.ixx">
      <Filter>Quelldateien</Filter>
    </ClCompile>
    <ClCompile Include="Win32_WinManager.ixx">
      <Filter>Quelldateien</Filter>
    </ClCompile>
    <ClCompile Include="Win32_ArrowButton.ixx">
      <Filter>Quelldateien</Filter>
    </ClCompile>
    <ClCompile Include="Win32_Thread.ixx">
      <Filter>Quelldateien</Filter>
    </ClCompile>
    <ClCompile Include="Win32_FatalError.ixx">
      <Filter>Quelldateien</Filter>
    </ClCompile>
    <ClCompile Include="Win32_EditLineBox.ixx">
      <Filter>Quelldateien</Filter>
    </ClCompile>
    <ClCompile Include="Win32_BaseRefreshRate.ixx">
      <Filter>Quelldateien</Filter>
    </ClCompile>
    <ClCompile Include="Win32_MessagePump.ixx">
      <Filter>Quelldateien</Filter>
    </ClCompile>
    <ClCompile Include="Win32_PixelTypes.ixx">
      <Filter>Quelldateien</Filter>
    </ClCompile>
    <ClCompile Include="Win32_Script.ixx">
      <Filter>Quelldateien</Filter>
    </ClCompile>
    <ClCompile Include="Win32_BaseDialog.ixx">
      <Filter>Quelldateien</Filter>
    </ClCompile>
    <ClCompile Include="Win32_BaseWindow.ixx">
      <Filter>Quelldateien</Filter>
    </ClCompile>
    <ClCompile Include="D2D_DrawContext.ixx">
      <Filter>Quelldateien</Filter>
    </ClCompile>
    <ClCompile Include="WIn32_Util.ixx">
      <Filter>Quelldateien</Filter>
    </ClCompile>
    <ClCompile Include="Win32_HiResTimer.ixx">
      <Filter>Quelldateien</Filter>
    </ClCompile>
    <ClCompile Include="Win32_TextWindow.ixx">
      <Filter>Quelldateien</Filter>
    </ClCompile>
    <ClCompile Include="Win32_GraphicsWindow.ixx">
      <Filter>Quelldateien</Filter>
    </ClCompile>
    <ClCompile Include="Win32_BaseScale.ixx">
      <Filter>Quelldateien</Filter>
    </ClCompile>
    <ClCompile Include="Win32_RootWindow.ixx">
      <Filter>Quelldateien</Filter>
    </ClCompile>
    <ClCompile Include="Win32_Scale.ixx">
      <Filter>Quelldateien</Filter>
    </ClCompile>
    <ClCompile Include="Win32_DialogTemplate.ixx">
      <Filter>Quelldateien</Filter>
    </ClCompile>
    <ClCompile Include="Win32_Util_Resource.ixx">
      <Filter>Quelldateien</Filter>
    </ClCompile>
    <ClCompile Include="BreakCommand.ixx">
      <Filter>Quelldateien</Filter>
    </ClCompile>
    <ClCompile Include="IncludeCommand.ixx">
      <Filter>Quelldateien</Filter>
    </ClCompile>
    <ClCompile Include="TimeGraph.cpp">
      <Filter>Quelldateien</Filter>
    </ClCompile>
    <ClCompile Include="TimeGraph.ixx">
      <Filter>Quelldateien</Filter>
    </ClCompile>
    <ClCompile Include="ThreadPoolTimer.ixx">
      <Filter>Quelldateien</Filter>
    </ClCompile>
    <ClCompile Include="OnOffPair.ixx">
      <Filter>Quelldateien</Filter>
    </ClCompile>
    <ClCompile Include="Command.ixx">
      <Filter>Quelldateien</Filter>
    </ClCompile>
    <ClCompile Include="Command.cpp">
      <Filter>Quelldateien</Filter>
    </ClCompile>
    <ClCompile Include="WIn32_Animation.ixx">
      <Filter>Quelldateien</Filter>
    </ClCompile>
    <ClCompile Include="StatusBar.cpp">
      <Filter>Quelldateien</Filter>
    </ClCompile>
    <ClCompile Include="StatusBar.ixx">
      <Filter>Quelldateien</Filter>
    </ClCompile>
    <ClCompile Include="TimeDisplay.cpp">
      <Filter>Quelldateien</Filter>
    </ClCompile>
    <ClCompile Include="TimeDisplay.ixx">
      <Filter>Quelldateien</Filter>
    </ClCompile>
    <ClCompile Include="ScriptHook.ixx">
      <Filter>Quelldateien</Filter>
    </ClCompile>
    <ClCompile Include="SlowMotionDisplay.cpp">
      <Filter>Quelldateien</Filter>
    </ClCompile>
    <ClCompile Include="SlowMotionDisplay.ixx">
      <Filter>Quelldateien</Filter>
    </ClCompile>
    <ClCompile Include="SlowMotionControl.ixx">
      <Filter>Quelldateien</Filter>
    </ClCompile>
    <ClCompile Include="DialogItem.ixx">
      <Filter>Quelldateien</Filter>
    </ClCompile>
    <ClCompile Include="TimerQueueTimer.ixx">
      <Filter>Quelldateien</Filter>
    </ClCompile>
    <ClCompile Include="CommandTimer.ixx">
      <Filter>Quelldateien</Filter>
    </ClCompile>
    <ClCompile Include="Win32_PerfCounter.ixx">
      <Filter>Quelldateien</Filter>
    </ClCompile>
    <ClCompile Include="HiResClockGen.ixx">
      <Filter>Quelldateien</Filter>
    </ClCompile>
  </ItemGroup>
</Project>