<?xml version="1.0" encoding="utf-8"?>
<Project ToolsVersion="4.0" xmlns="http://schemas.microsoft.com/developer/msbuild/2003">
  <ItemGroup>
    <Filter Include="Headerdateien">
      <UniqueIdentifier>{93995380-89BD-4b04-88EB-625FBE52EBFB}</UniqueIdentifier>
      <Extensions>h;hh;hpp;hxx;hm;inl;inc;xsd</Extensions>
    </Filter>
  </ItemGroup>
  <ItemGroup>
    <Text Include="ReadMe.txt" />
  </ItemGroup>
  <ItemGroup>
    <ClInclude Include="config.h">
      <Filter>Headerdateien</Filter>
    </ClInclude>
    <ClInclude Include="EvolutionCore.h">
      <Filter>Headerdateien</Filter>
    </ClInclude>
    <ClInclude Include="EvolutionTypes.h">
      <Filter>Headerdateien</Filter>
    </ClInclude>
    <ClInclude Include="gridPoint.h">
      <Filter>Headerdateien</Filter>
    </ClInclude>
    <ClInclude Include="gridRect.h">
      <Filter>Headerdateien</Filter>
    </ClInclude>
    <ClInclude Include="gridNeighbor.h">
      <Filter>Headerdateien</Filter>
    </ClInclude>
    <ClInclude Include="plannedActivity.h">
      <Filter>Headerdateien</Filter>
    </ClInclude>
    <ClInclude Include="EvolutionCoreWrapperHelpers.h">
      <Filter>Headerdateien</Filter>
    </ClInclude>
    <ClInclude Include="EvolutionCoreWrappers.h">
      <Filter>Headerdateien</Filter>
    </ClInclude>
    <ClInclude Include="dump.h">
      <Filter>Headerdateien</Filter>
    </ClInclude>
    <ClInclude Include="pixelCoordinates.h">
      <Filter>Headerdateien</Filter>
    </ClInclude>
    <ClInclude Include="PixelCore.h">
      <Filter>Headerdateien</Filter>
    </ClInclude>
    <ClInclude Include="gridPoint24.h">
      <Filter>Headerdateien</Filter>
    </ClInclude>
    <ClInclude Include="gridCoord.h">
      <Filter>Headerdateien</Filter>
    </ClInclude>
    <ClInclude Include="IndividualId.h">
      <Filter>Headerdateien</Filter>
    </ClInclude>
  </ItemGroup>
</Project>