<?xml version="1.0" encoding="utf-8"?>
<Project ToolsVersion="4.0" xmlns="http://schemas.microsoft.com/developer/msbuild/2003">
  <ItemGroup>
    <Filter Include="Source Files">
      <UniqueIdentifier>{4FC737F1-C7A5-4376-A066-2A32D752A2FF}</UniqueIdentifier>
      <Extensions>cpp;c;cc;cxx;def;odl;idl;hpj;bat;asm;asmx</Extensions>
    </Filter>
    <Filter Include="Header Files">
      <UniqueIdentifier>{93995380-89BD-4b04-88EB-625FBE52EBFB}</UniqueIdentifier>
      <Extensions>h;hh;hpp;hxx;hm;inl;inc;xsd</Extensions>
    </Filter>
    <Filter Include="Resource Files">
      <UniqueIdentifier>{67DA6AB6-F800-4c08-8B7A-83BB121AAD01}</UniqueIdentifier>
      <Extensions>rc;ico;cur;bmp;dlg;rc2;rct;bin;rgs;gif;jpg;jpeg;jpe;resx;tiff;tif;png;wav;mfcribbon-ms</Extensions>
    </Filter>
  </ItemGroup>
  <ItemGroup>
    <Text Include="ReadMe.txt" />
  </ItemGroup>
  <ItemGroup>
    <ClCompile Include="win32_aboutBox.cpp">
      <Filter>Source Files</Filter>
    </ClCompile>
    <ClCompile Include="win32_crsrWindow.cpp">
      <Filter>Source Files</Filter>
    </ClCompile>
    <ClCompile Include="win32_displayOptions.cpp">
      <Filter>Source Files</Filter>
    </ClCompile>
    <ClCompile Include="win32_draw.cpp">
      <Filter>Source Files</Filter>
    </ClCompile>
    <ClCompile Include="win32_editor.cpp">
      <Filter>Source Files</Filter>
    </ClCompile>
    <ClCompile Include="win32_editorWrappers.cpp">
      <Filter>Source Files</Filter>
    </ClCompile>
    <ClCompile Include="win32_evoHistWindow.cpp">
      <Filter>Source Files</Filter>
    </ClCompile>
    <ClCompile Include="win32_focusPoint.cpp">
      <Filter>Source Files</Filter>
    </ClCompile>
    <ClCompile Include="win32_gridWindow.cpp">
      <Filter>Source Files</Filter>
    </ClCompile>
    <ClCompile Include="win32_histWrappers.cpp">
      <Filter>Source Files</Filter>
    </ClCompile>
    <ClCompile Include="win32_statistics.cpp">
      <Filter>Source Files</Filter>
    </ClCompile>
    <ClCompile Include="win32_status.cpp">
      <Filter>Source Files</Filter>
    </ClCompile>
    <ClCompile Include="win32_worker_thread.cpp">
      <Filter>Source Files</Filter>
    </ClCompile>
    <ClCompile Include="win32_wrappers.cpp">
      <Filter>Source Files</Filter>
    </ClCompile>
    <ClCompile Include="stdafx.cpp">
      <Filter>Source Files</Filter>
    </ClCompile>
    <ClCompile Include="win32_workThreadInterface.cpp">
      <Filter>Source Files</Filter>
    </ClCompile>
    <ClCompile Include="win32_colorManager.cpp">
      <Filter>Source Files</Filter>
    </ClCompile>
    <ClCompile Include="win32_protocolServer.cpp">
      <Filter>Source Files</Filter>
    </ClCompile>
    <ClCompile Include="win32_menus.cpp">
      <Filter>Source Files</Filter>
    </ClCompile>
  </ItemGroup>
  <ItemGroup>
    <ClInclude Include="targetver.h">
      <Filter>Header Files</Filter>
    </ClInclude>
    <ClInclude Include="win32_aboutBox.h">
      <Filter>Header Files</Filter>
    </ClInclude>
    <ClInclude Include="win32_crsrWindow.h">
      <Filter>Header Files</Filter>
    </ClInclude>
    <ClInclude Include="win32_displayOptions.h">
      <Filter>Header Files</Filter>
    </ClInclude>
    <ClInclude Include="win32_draw.h">
      <Filter>Header Files</Filter>
    </ClInclude>
    <ClInclude Include="win32_editor.h">
      <Filter>Header Files</Filter>
    </ClInclude>
    <ClInclude Include="win32_editorWrappers.h">
      <Filter>Header Files</Filter>
    </ClInclude>
    <ClInclude Include="win32_evoHistWindow.h">
      <Filter>Header Files</Filter>
    </ClInclude>
    <ClInclude Include="win32_focusPoint.h">
      <Filter>Header Files</Filter>
    </ClInclude>
    <ClInclude Include="win32_gridWindow.h">
      <Filter>Header Files</Filter>
    </ClInclude>
    <ClInclude Include="win32_histWrappers.h">
      <Filter>Header Files</Filter>
    </ClInclude>
    <ClInclude Include="win32_scriptHook.h">
      <Filter>Header Files</Filter>
    </ClInclude>
    <ClInclude Include="win32_statistics.h">
      <Filter>Header Files</Filter>
    </ClInclude>
    <ClInclude Include="win32_status.h">
      <Filter>Header Files</Filter>
    </ClInclude>
    <ClInclude Include="win32_worker_thread.h">
      <Filter>Header Files</Filter>
    </ClInclude>
    <ClInclude Include="win32_wrappers.h">
      <Filter>Header Files</Filter>
    </ClInclude>
    <ClInclude Include="stdafx.h">
      <Filter>Header Files</Filter>
    </ClInclude>
    <ClInclude Include="Resource.h">
      <Filter>Header Files</Filter>
    </ClInclude>
    <ClInclude Include="win32_packGridPoint.h">
      <Filter>Header Files</Filter>
    </ClInclude>
    <ClInclude Include="win32_workThreadInterface.h">
      <Filter>Header Files</Filter>
    </ClInclude>
    <ClInclude Include="win32_textDisplay.h">
      <Filter>Header Files</Filter>
    </ClInclude>
    <ClInclude Include="win32_colorManager.h">
      <Filter>Header Files</Filter>
    </ClInclude>
    <ClInclude Include="win32_readBuffer.h">
      <Filter>Header Files</Filter>
    </ClInclude>
    <ClInclude Include="win32_protocolServer.h">
      <Filter>Header Files</Filter>
    </ClInclude>
    <ClInclude Include="win32_menus.h">
      <Filter>Header Files</Filter>
    </ClInclude>
  </ItemGroup>
</Project>