<?xml version="1.0" encoding="utf-8"?>
<Project ToolsVersion="4.0" xmlns="http://schemas.microsoft.com/developer/msbuild/2003">
  <ItemGroup>
    <Filter Include="Source Files">
      <UniqueIdentifier>{4FC737F1-C7A5-4376-A066-2A32D752A2FF}</UniqueIdentifier>
      <Extensions>cpp;c;cc;cxx;c++;def;odl;idl;hpj;bat;asm;asmx</Extensions>
    </Filter>
    <Filter Include="Header Files">
      <UniqueIdentifier>{93995380-89BD-4b04-88EB-625FBE52EBFB}</UniqueIdentifier>
      <Extensions>h;hh;hpp;hxx;h++;hm;inl;inc;ipp;xsd</Extensions>
    </Filter>
    <Filter Include="Resource Files">
      <UniqueIdentifier>{67DA6AB6-F800-4c08-8B7A-83BB121AAD01}</UniqueIdentifier>
      <Extensions>rc;ico;cur;bmp;dlg;rc2;rct;bin;rgs;gif;jpg;jpeg;jpe;resx;tiff;tif;png;wav;mfcribbon-ms</Extensions>
    </Filter>
  </ItemGroup>
  <ItemGroup>
    <ClInclude Include="Connect2PipeCommand.h">
      <Filter>Header Files</Filter>
    </ClInclude>
    <ClInclude Include="SelectSubtreeCommand.h">
      <Filter>Header Files</Filter>
    </ClInclude>
    <ClInclude Include="Connect2BaseKnotCommand.h">
      <Filter>Header Files</Filter>
    </ClInclude>
    <ClInclude Include="CommandStack.h">
      <Filter>Header Files</Filter>
    </ClInclude>
    <ClInclude Include="DiscIoConnectorCmd.h">
      <Filter>Header Files</Filter>
    </ClInclude>
    <ClInclude Include="CommandFunctions.h">
      <Filter>Header Files</Filter>
    </ClInclude>
    <ClInclude Include="NNetCommand.h">
      <Filter>Header Files</Filter>
    </ClInclude>
    <ClInclude Include="ConnAnimationCommand.h">
      <Filter>Header Files</Filter>
    </ClInclude>
    <ClInclude Include="MakeConnAnimation.h">
      <Filter>Header Files</Filter>
    </ClInclude>
    <ClInclude Include="PlugIoConnectorAnimation.h">
      <Filter>Header Files</Filter>
    </ClInclude>
    <ClInclude Include="PlugIoConnectors.h">
      <Filter>Header Files</Filter>
    </ClInclude>
    <ClInclude Include="PlugIoLineAnimation.h">
      <Filter>Header Files</Filter>
    </ClInclude>
    <ClInclude Include="PlugIoLines.h">
      <Filter>Header Files</Filter>
    </ClInclude>
    <ClInclude Include="DeleteIoConnectorCmd.h">
      <Filter>Header Files</Filter>
    </ClInclude>
    <ClInclude Include="SetActiveSigGenCmd.h">
      <Filter>Header Files</Filter>
    </ClInclude>
    <ClInclude Include="SelSigGenClientsCmd.h">
      <Filter>Header Files</Filter>
    </ClInclude>
    <ClInclude Include="AttachSigGen2LineCmd.h">
      <Filter>Header Files</Filter>
    </ClInclude>
    <ClInclude Include="AttachSIgGen2ConnCmd.h">
      <Filter>Header Files</Filter>
    </ClInclude>
    <ClInclude Include="SetHighlightedNobCmd.h">
      <Filter>Header Files</Filter>
    </ClInclude>
    <ClInclude Include="SetTargetNobCmd.h">
      <Filter>Header Files</Filter>
    </ClInclude>
  </ItemGroup>
  <ItemGroup>
    <ClCompile Include="CommandStack.cpp">
      <Filter>Source Files</Filter>
    </ClCompile>
    <ClCompile Include="DeleteBaseKnotCmd.cpp">
      <Filter>Source Files</Filter>
    </ClCompile>
    <ClCompile Include="CommandFunctions.cpp">
      <Filter>Source Files</Filter>
    </ClCompile>
    <ClCompile Include="ConnAnimationCommand.cpp">
      <Filter>Source Files</Filter>
    </ClCompile>
    <ClCompile Include="AddNobsCommand.ixx">
      <Filter>Source Files</Filter>
    </ClCompile>
    <ClCompile Include="DeleteTrackCommand.ixx">
      <Filter>Source Files</Filter>
    </ClCompile>
    <ClCompile Include="MoveSensorCmd.ixx">
      <Filter>Source Files</Filter>
    </ClCompile>
    <ClCompile Include="ArrowAnimation.ixx">
      <Filter>Source Files</Filter>
    </ClCompile>
    <ClCompile Include="DeleteBaseKnotCmd.ixx">
      <Filter>Source Files</Filter>
    </ClCompile>
    <ClCompile Include="DeleteSigGenCmd.ixx">
      <Filter>Source Files</Filter>
    </ClCompile>
    <ClCompile Include="SelectNobsInRectCommand.ixx">
      <Filter>Source Files</Filter>
    </ClCompile>
    <ClCompile Include="DeletePipeCommand.ixx">
      <Filter>Source Files</Filter>
    </ClCompile>
    <ClCompile Include="CoordAnimation.ixx">
      <Filter>Source Files</Filter>
    </ClCompile>
    <ClCompile Include="NewIoLinePairCmd.ixx">
      <Filter>Source Files</Filter>
    </ClCompile>
    <ClCompile Include="SizeSensorCmd.ixx">
      <Filter>Source Files</Filter>
    </ClCompile>
    <ClCompile Include="NewSigGenCmd.ixx">
      <Filter>Source Files</Filter>
    </ClCompile>
    <ClCompile Include="ToggleStopOnTriggerCmd.ixx">
      <Filter>Source Files</Filter>
    </ClCompile>
    <ClCompile Include="IoLinesAnimation.ixx">
      <Filter>Source Files</Filter>
    </ClCompile>
    <ClCompile Include="SelectAllCommand.ixx">
      <Filter>Source Files</Filter>
    </ClCompile>
    <ClCompile Include="MoveNobCommand.ixx">
      <Filter>Source Files</Filter>
    </ClCompile>
    <ClCompile Include="ToggleEmphModeCmd.ixx">
      <Filter>Source Files</Filter>
    </ClCompile>
    <ClCompile Include="MoveSignalCmd.ixx">
      <Filter>Source Files</Filter>
    </ClCompile>
    <ClCompile Include="DeleteSelectionCommand.ixx">
      <Filter>Source Files</Filter>
    </ClCompile>
    <ClCompile Include="AddPipe2BaseKnotCommand.ixx">
      <Filter>Source Files</Filter>
    </ClCompile>
    <ClCompile Include="SelectionCommand.ixx">
      <Filter>Source Files</Filter>
    </ClCompile>
    <ClCompile Include="InsertTrackCommand.ixx">
      <Filter>Source Files</Filter>
    </ClCompile>
    <ClCompile Include="SplitNeuronCmd.ixx">
      <Filter>Source Files</Filter>
    </ClCompile>
    <ClCompile Include="SizeSelectionCmd.ixx">
      <Filter>Source Files</Filter>
    </ClCompile>
    <ClCompile Include="SetNobCommand.ixx">
      <Filter>Source Files</Filter>
    </ClCompile>
    <ClCompile Include="SingleNobAnimation.ixx">
      <Filter>Source Files</Filter>
    </ClCompile>
    <ClCompile Include="SigGenCommand.ixx">
      <Filter>Source Files</Filter>
    </ClCompile>
    <ClCompile Include="SetSigGenStaticDataCmd.ixx">
      <Filter>Source Files</Filter>
    </ClCompile>
    <ClCompile Include="AnalyzeCommand.ixx">
      <Filter>Source Files</Filter>
    </ClCompile>
    <ClCompile Include="MoveSelectionCommand.ixx">
      <Filter>Source Files</Filter>
    </ClCompile>
    <ClCompile Include="InsertBaseKnotCommand.ixx">
      <Filter>Source Files</Filter>
    </ClCompile>
    <ClCompile Include="DeleteSignalCommand.ixx">
      <Filter>Source Files</Filter>
    </ClCompile>
    <ClCompile Include="RotateNobCommand.ixx">
      <Filter>Source Files</Filter>
    </ClCompile>
    <ClCompile Include="SelectNobCommand.ixx">
      <Filter>Source Files</Filter>
    </ClCompile>
    <ClCompile Include="RotateModelCommand.ixx">
      <Filter>Source Files</Filter>
    </ClCompile>
    <ClCompile Include="RotationCommand.ixx">
      <Filter>Source Files</Filter>
    </ClCompile>
    <ClCompile Include="RotateSelectionCommand.ixx">
      <Filter>Source Files</Filter>
    </ClCompile>
    <ClCompile Include="AttachSigGen2SelCmd.ixx">
      <Filter>Source Files</Filter>
    </ClCompile>
    <ClCompile Include="RenameSigGenCmd.ixx">
      <Filter>Source Files</Filter>
    </ClCompile>
    <ClCompile Include="AddPipe2PipeCommand.ixx">
      <Filter>Source Files</Filter>
    </ClCompile>
    <ClCompile Include="AddSensorSignalCmd.ixx">
      <Filter>Source Files</Filter>
    </ClCompile>
    <ClCompile Include="AddSigGen2MonitorCmd.ixx">
      <Filter>Source Files</Filter>
    </ClCompile>
    <ClCompile Include="RestrictSelectionCommand.ixx">
      <Filter>Source Files</Filter>
    </ClCompile>
    <ClCompile Include="SetParameterCommand.ixx">
      <Filter>Source Files</Filter>
    </ClCompile>
  </ItemGroup>
</Project>