<?xml version="1.0" encoding="utf-8"?>
<Project ToolsVersion="4.0" xmlns="http://schemas.microsoft.com/developer/msbuild/2003">
  <ItemGroup>
    <Filter Include="Source Files">
      <UniqueIdentifier>{4FC737F1-C7A5-4376-A066-2A32D752A2FF}</UniqueIdentifier>
      <Extensions>cpp;c;cc;cxx;c++;def;odl;idl;hpj;bat;asm;asmx</Extensions>
    </Filter>
    <Filter Include="Header Files">
      <UniqueIdentifier>{93995380-89BD-4b04-88EB-625FBE52EBFB}</UniqueIdentifier>
      <Extensions>h;hh;hpp;hxx;h++;hm;inl;inc;ipp;xsd</Extensions>
    </Filter>
    <Filter Include="Resource Files">
      <UniqueIdentifier>{67DA6AB6-F800-4c08-8B7A-83BB121AAD01}</UniqueIdentifier>
      <Extensions>rc;ico;cur;bmp;dlg;rc2;rct;bin;rgs;gif;jpg;jpeg;jpe;resx;tiff;tif;png;wav;mfcribbon-ms</Extensions>
    </Filter>
  </ItemGroup>
  <ItemGroup>
    <ClInclude Include="Command.h">
      <Filter>Header Files</Filter>
    </ClInclude>
    <ClInclude Include="DiscBaseKnotCmd.h">
      <Filter>Header Files</Filter>
    </ClInclude>
    <ClInclude Include="Connect2PipeCommand.h">
      <Filter>Header Files</Filter>
    </ClInclude>
    <ClInclude Include="DeletePipeCommand.h">
      <Filter>Header Files</Filter>
    </ClInclude>
    <ClInclude Include="AddIncoming2PipeCommand.h">
      <Filter>Header Files</Filter>
    </ClInclude>
    <ClInclude Include="AddOutgoing2KnotCommand.h">
      <Filter>Header Files</Filter>
    </ClInclude>
    <ClInclude Include="ClearBeepersCommand.h">
      <Filter>Header Files</Filter>
    </ClInclude>
    <ClInclude Include="SelectionCommand.h">
      <Filter>Header Files</Filter>
    </ClInclude>
    <ClInclude Include="AddOutgoing2PipeCommand.h">
      <Filter>Header Files</Filter>
    </ClInclude>
    <ClInclude Include="SelectAllCommand.h">
      <Filter>Header Files</Filter>
    </ClInclude>
    <ClInclude Include="SetTriggerSoundCommand.h">
      <Filter>Header Files</Filter>
    </ClInclude>
    <ClInclude Include="SelectSubtreeCommand.h">
      <Filter>Header Files</Filter>
    </ClInclude>
    <ClInclude Include="Connect2BaseKnotCommand.h">
      <Filter>Header Files</Filter>
    </ClInclude>
    <ClInclude Include="AddIncoming2KnotCommand.h">
      <Filter>Header Files</Filter>
    </ClInclude>
    <ClInclude Include="ToggleStopOnTriggerCommand.h">
      <Filter>Header Files</Filter>
    </ClInclude>
    <ClInclude Include="SelectNobsInRectCommand.h">
      <Filter>Header Files</Filter>
    </ClInclude>
    <ClInclude Include="CopySelectionCommand.h">
      <Filter>Header Files</Filter>
    </ClInclude>
    <ClInclude Include="SelectAllBeepersCommand.h">
      <Filter>Header Files</Filter>
    </ClInclude>
    <ClInclude Include="SetParameterCommand.h">
      <Filter>Header Files</Filter>
    </ClInclude>
    <ClInclude Include="SetPulseRateCommand.h">
      <Filter>Header Files</Filter>
    </ClInclude>
    <ClInclude Include="SelectNobCommand.h">
      <Filter>Header Files</Filter>
    </ClInclude>
    <ClInclude Include="CommandStack.h">
      <Filter>Header Files</Filter>
    </ClInclude>
    <ClInclude Include="stdafx.h">
      <Filter>Header Files</Filter>
    </ClInclude>
    <ClInclude Include="AddModelCommand.h">
      <Filter>Header Files</Filter>
    </ClInclude>
    <ClInclude Include="AppendNeuronCommand.h">
      <Filter>Header Files</Filter>
    </ClInclude>
    <ClInclude Include="InsertBaseKnotCommand.h">
      <Filter>Header Files</Filter>
    </ClInclude>
    <ClInclude Include="AnalyzeCommand.h">
      <Filter>Header Files</Filter>
    </ClInclude>
    <ClInclude Include="RestrictSelectionCommand.h">
      <Filter>Header Files</Filter>
    </ClInclude>
    <ClInclude Include="SetIoNeuronsCommand.h">
      <Filter>Header Files</Filter>
    </ClInclude>
    <ClInclude Include="MoveNobCommand.h">
      <Filter>Header Files</Filter>
    </ClInclude>
    <ClInclude Include="AddSignalCommand.h">
      <Filter>Header Files</Filter>
    </ClInclude>
    <ClInclude Include="DeleteSignalCommand.h">
      <Filter>Header Files</Filter>
    </ClInclude>
    <ClInclude Include="DeleteTrackCommand.h">
      <Filter>Header Files</Filter>
    </ClInclude>
    <ClInclude Include="InsertTrackCommand.h">
      <Filter>Header Files</Filter>
    </ClInclude>
    <ClInclude Include="DiscConnCmd.h">
      <Filter>Header Files</Filter>
    </ClInclude>
    <ClInclude Include="SetNobCommand.h">
      <Filter>Header Files</Filter>
    </ClInclude>
    <ClInclude Include="DeleteSelectionCommand.h">
      <Filter>Header Files</Filter>
    </ClInclude>
    <ClInclude Include="CommandFunctions.h">
      <Filter>Header Files</Filter>
    </ClInclude>
    <ClInclude Include="AnimationChainCommand.h">
      <Filter>Header Files</Filter>
    </ClInclude>
    <ClInclude Include="RotateCommand.h">
      <Filter>Header Files</Filter>
    </ClInclude>
    <ClInclude Include="UnplugClosedConnCmd.h">
      <Filter>Header Files</Filter>
    </ClInclude>
    <ClInclude Include="DiscClosedConnCmd.h">
      <Filter>Header Files</Filter>
    </ClInclude>
    <ClInclude Include="ConnectIoObjectsCommand.h">
      <Filter>Header Files</Filter>
    </ClInclude>
    <ClInclude Include="MoveSelectionCommand.h">
      <Filter>Header Files</Filter>
    </ClInclude>
    <ClInclude Include="NewNeuronCommandT.h">
      <Filter>Header Files</Filter>
    </ClInclude>
    <ClInclude Include="DiscNeuronCmd.h">
      <Filter>Header Files</Filter>
    </ClInclude>
    <ClInclude Include="DeleteClosedConnCmd.h">
      <Filter>Header Files</Filter>
    </ClInclude>
  </ItemGroup>
  <ItemGroup>
    <ClCompile Include="CommandStack.cpp">
      <Filter>Source Files</Filter>
    </ClCompile>
    <ClCompile Include="DiscBaseKnotCmd.cpp">
      <Filter>Source Files</Filter>
    </ClCompile>
    <ClCompile Include="CommandFunctions.cpp">
      <Filter>Source Files</Filter>
    </ClCompile>
  </ItemGroup>
</Project>