<?xml version="1.0" encoding="utf-8"?>
<Project ToolsVersion="4.0" xmlns="http://schemas.microsoft.com/developer/msbuild/2003">
  <ItemGroup>
    <Filter Include="Source Files">
      <UniqueIdentifier>{4FC737F1-C7A5-4376-A066-2A32D752A2FF}</UniqueIdentifier>
      <Extensions>cpp;c;cc;cxx;c++;def;odl;idl;hpj;bat;asm;asmx</Extensions>
    </Filter>
    <Filter Include="Header Files">
      <UniqueIdentifier>{93995380-89BD-4b04-88EB-625FBE52EBFB}</UniqueIdentifier>
      <Extensions>h;hh;hpp;hxx;h++;hm;inl;inc;ipp;xsd</Extensions>
    </Filter>
    <Filter Include="Resource Files">
      <UniqueIdentifier>{67DA6AB6-F800-4c08-8B7A-83BB121AAD01}</UniqueIdentifier>
      <Extensions>rc;ico;cur;bmp;dlg;rc2;rct;bin;rgs;gif;jpg;jpeg;jpe;resx;tiff;tif;png;wav;mfcribbon-ms</Extensions>
    </Filter>
  </ItemGroup>
  <ItemGroup>
    <ClInclude Include="Connect2PipeCommand.h">
      <Filter>Header Files</Filter>
    </ClInclude>
    <ClInclude Include="DeletePipeCommand.h">
      <Filter>Header Files</Filter>
    </ClInclude>
    <ClInclude Include="ClearBeepersCommand.h">
      <Filter>Header Files</Filter>
    </ClInclude>
    <ClInclude Include="SelectionCommand.h">
      <Filter>Header Files</Filter>
    </ClInclude>
    <ClInclude Include="SelectAllCommand.h">
      <Filter>Header Files</Filter>
    </ClInclude>
    <ClInclude Include="SetTriggerSoundCommand.h">
      <Filter>Header Files</Filter>
    </ClInclude>
    <ClInclude Include="SelectSubtreeCommand.h">
      <Filter>Header Files</Filter>
    </ClInclude>
    <ClInclude Include="Connect2BaseKnotCommand.h">
      <Filter>Header Files</Filter>
    </ClInclude>
    <ClInclude Include="ToggleStopOnTriggerCommand.h">
      <Filter>Header Files</Filter>
    </ClInclude>
    <ClInclude Include="SelectNobsInRectCommand.h">
      <Filter>Header Files</Filter>
    </ClInclude>
    <ClInclude Include="SelectAllBeepersCommand.h">
      <Filter>Header Files</Filter>
    </ClInclude>
    <ClInclude Include="SetParameterCommand.h">
      <Filter>Header Files</Filter>
    </ClInclude>
    <ClInclude Include="SelectNobCommand.h">
      <Filter>Header Files</Filter>
    </ClInclude>
    <ClInclude Include="CommandStack.h">
      <Filter>Header Files</Filter>
    </ClInclude>
    <ClInclude Include="stdafx.h">
      <Filter>Header Files</Filter>
    </ClInclude>
    <ClInclude Include="InsertBaseKnotCommand.h">
      <Filter>Header Files</Filter>
    </ClInclude>
    <ClInclude Include="AnalyzeCommand.h">
      <Filter>Header Files</Filter>
    </ClInclude>
    <ClInclude Include="RestrictSelectionCommand.h">
      <Filter>Header Files</Filter>
    </ClInclude>
    <ClInclude Include="MoveNobCommand.h">
      <Filter>Header Files</Filter>
    </ClInclude>
    <ClInclude Include="AddSensorSignalCmd.h">
      <Filter>Header Files</Filter>
    </ClInclude>
    <ClInclude Include="DeleteSignalCommand.h">
      <Filter>Header Files</Filter>
    </ClInclude>
    <ClInclude Include="InsertTrackCommand.h">
      <Filter>Header Files</Filter>
    </ClInclude>
    <ClInclude Include="DiscIoConnectorCmd.h">
      <Filter>Header Files</Filter>
    </ClInclude>
    <ClInclude Include="SetNobCommand.h">
      <Filter>Header Files</Filter>
    </ClInclude>
    <ClInclude Include="DeleteSelectionCommand.h">
      <Filter>Header Files</Filter>
    </ClInclude>
    <ClInclude Include="CommandFunctions.h">
      <Filter>Header Files</Filter>
    </ClInclude>
    <ClInclude Include="RotateNobCommand.h">
      <Filter>Header Files</Filter>
    </ClInclude>
    <ClInclude Include="MoveSelectionCommand.h">
      <Filter>Header Files</Filter>
    </ClInclude>
    <ClInclude Include="NewIoLinePairCmd.h">
      <Filter>Header Files</Filter>
    </ClInclude>
    <ClInclude Include="SplitNeuronCmd.h">
      <Filter>Header Files</Filter>
    </ClInclude>
    <ClInclude Include="RotateModelCommand.h">
      <Filter>Header Files</Filter>
    </ClInclude>
    <ClInclude Include="RotateSelectionCommand.h">
      <Filter>Header Files</Filter>
    </ClInclude>
    <ClInclude Include="RotationCommand.h">
      <Filter>Header Files</Filter>
    </ClInclude>
    <ClInclude Include="SizeSensorCmd.h">
      <Filter>Header Files</Filter>
    </ClInclude>
    <ClInclude Include="MoveSignalCmd.h">
      <Filter>Header Files</Filter>
    </ClInclude>
    <ClInclude Include="NNetCommand.h">
      <Filter>Header Files</Filter>
    </ClInclude>
    <ClInclude Include="ConnAnimationCommand.h">
      <Filter>Header Files</Filter>
    </ClInclude>
    <ClInclude Include="CoordAnimation.h">
      <Filter>Header Files</Filter>
    </ClInclude>
    <ClInclude Include="IoLinesAnimation.h">
      <Filter>Header Files</Filter>
    </ClInclude>
    <ClInclude Include="MakeConnAnimation.h">
      <Filter>Header Files</Filter>
    </ClInclude>
    <ClInclude Include="PlugIoConnectorAnimation.h">
      <Filter>Header Files</Filter>
    </ClInclude>
    <ClInclude Include="PlugIoConnectors.h">
      <Filter>Header Files</Filter>
    </ClInclude>
    <ClInclude Include="PlugIoLineAnimation.h">
      <Filter>Header Files</Filter>
    </ClInclude>
    <ClInclude Include="PlugIoLines.h">
      <Filter>Header Files</Filter>
    </ClInclude>
    <ClInclude Include="SingleNobAnimation.h">
      <Filter>Header Files</Filter>
    </ClInclude>
    <ClInclude Include="SetSigGenStaticDataCmd.h">
      <Filter>Header Files</Filter>
    </ClInclude>
    <ClInclude Include="ToggleEmphModeCmd.h">
      <Filter>Header Files</Filter>
    </ClInclude>
    <ClInclude Include="SizeSelectionCmd.h">
      <Filter>Header Files</Filter>
    </ClInclude>
    <ClInclude Include="AddPipe2BaseKnotCmd.h">
      <Filter>Header Files</Filter>
    </ClInclude>
    <ClInclude Include="AddPipe2PipeCommand.h">
      <Filter>Header Files</Filter>
    </ClInclude>
    <ClInclude Include="DeleteIoConnectorCmd.h">
      <Filter>Header Files</Filter>
    </ClInclude>
    <ClInclude Include="NewSigGenCmd.h">
      <Filter>Header Files</Filter>
    </ClInclude>
    <ClInclude Include="SetActiveSigGenCmd.h">
      <Filter>Header Files</Filter>
    </ClInclude>
    <ClInclude Include="DeleteSigGenCmd.h">
      <Filter>Header Files</Filter>
    </ClInclude>
    <ClInclude Include="RenameSigGenCmd.h">
      <Filter>Header Files</Filter>
    </ClInclude>
    <ClInclude Include="SelSigGenClientsCmd.h">
      <Filter>Header Files</Filter>
    </ClInclude>
    <ClInclude Include="SigGenCommand.h">
      <Filter>Header Files</Filter>
    </ClInclude>
    <ClInclude Include="AttachSigGen2LineCmd.h">
      <Filter>Header Files</Filter>
    </ClInclude>
    <ClInclude Include="AttachSIgGen2ConnCmd.h">
      <Filter>Header Files</Filter>
    </ClInclude>
    <ClInclude Include="AttachSigGen2SelCmd.h">
      <Filter>Header Files</Filter>
    </ClInclude>
    <ClInclude Include="AddSigGen2MonitorCmd.h">
      <Filter>Header Files</Filter>
    </ClInclude>
  </ItemGroup>
  <ItemGroup>
    <ClCompile Include="CommandStack.cpp">
      <Filter>Source Files</Filter>
    </ClCompile>
    <ClCompile Include="DeleteBaseKnotCmd.cpp">
      <Filter>Source Files</Filter>
    </ClCompile>
    <ClCompile Include="CommandFunctions.cpp">
      <Filter>Source Files</Filter>
    </ClCompile>
    <ClCompile Include="ConnAnimationCommand.cpp">
      <Filter>Source Files</Filter>
    </ClCompile>
    <ClCompile Include="AddNobsCommand.ixx">
      <Filter>Source Files</Filter>
    </ClCompile>
    <ClCompile Include="DeleteTrackCommand.ixx">
      <Filter>Source Files</Filter>
    </ClCompile>
    <ClCompile Include="MoveSensorCmd.ixx">
      <Filter>Source Files</Filter>
    </ClCompile>
    <ClCompile Include="ArrowAnimation.ixx">
      <Filter>Source Files</Filter>
    </ClCompile>
    <ClCompile Include="DeleteBaseKnotCmd.ixx">
      <Filter>Source Files</Filter>
    </ClCompile>
  </ItemGroup>
</Project>