<?xml version="1.0" encoding="utf-8"?>
<Project ToolsVersion="4.0" xmlns="http://schemas.microsoft.com/developer/msbuild/2003">
  <ItemGroup>
    <Filter Include="Source Files">
      <UniqueIdentifier>{4FC737F1-C7A5-4376-A066-2A32D752A2FF}</UniqueIdentifier>
      <Extensions>cpp;c;cc;cxx;def;odl;idl;hpj;bat;asm;asmx</Extensions>
    </Filter>
    <Filter Include="Header Files">
      <UniqueIdentifier>{93995380-89BD-4b04-88EB-625FBE52EBFB}</UniqueIdentifier>
      <Extensions>h;hh;hpp;hxx;hm;inl;inc;xsd</Extensions>
    </Filter>
    <Filter Include="Resource Files">
      <UniqueIdentifier>{67DA6AB6-F800-4c08-8B7A-83BB121AAD01}</UniqueIdentifier>
      <Extensions>rc;ico;cur;bmp;dlg;rc2;rct;bin;rgs;gif;jpg;jpeg;jpe;resx;tiff;tif;png;wav;mfcribbon-ms</Extensions>
    </Filter>
  </ItemGroup>
  <ItemGroup>
    <ClCompile Include="CrsrWindow.cpp">
      <Filter>Source Files</Filter>
    </ClCompile>
    <ClCompile Include="DspOptWindow.cpp">
      <Filter>Source Files</Filter>
    </ClCompile>
    <ClCompile Include="DrawFrame.cpp">
      <Filter>Source Files</Filter>
    </ClCompile>
    <ClCompile Include="GridWindow.cpp">
      <Filter>Source Files</Filter>
    </ClCompile>
    <ClCompile Include="StatisticsWindow.cpp">
      <Filter>Source Files</Filter>
    </ClCompile>
    <ClCompile Include="Wrappers.cpp">
      <Filter>Source Files</Filter>
    </ClCompile>
    <ClCompile Include="ColorManager.cpp">
      <Filter>Source Files</Filter>
    </ClCompile>
    <ClCompile Include="ProtocolServer.cpp">
      <Filter>Source Files</Filter>
    </ClCompile>
    <ClCompile Include="EvoWorkThread.cpp">
      <Filter>Source Files</Filter>
    </ClCompile>
    <ClCompile Include="EvoEditor.cpp">
      <Filter>Source Files</Filter>
    </ClCompile>
    <ClCompile Include="EvoEditorWrappers.cpp">
      <Filter>Source Files</Filter>
    </ClCompile>
    <ClCompile Include="HistWrappers.cpp">
      <Filter>Source Files</Filter>
    </ClCompile>
    <ClCompile Include="PerformanceWindow.cpp">
      <Filter>Source Files</Filter>
    </ClCompile>
    <ClCompile Include="EvoTextDisplay.ixx">
      <Filter>Source Files</Filter>
    </ClCompile>
    <ClCompile Include="EvoReadBuffer.ixx">
      <Filter>Source Files</Filter>
    </ClCompile>
    <ClCompile Include="Resource.ixx">
      <Filter>Source Files</Filter>
    </ClCompile>
    <ClCompile Include="ColorManager.ixx">
      <Filter>Source Files</Filter>
    </ClCompile>
    <ClCompile Include="CrsrWindow.ixx">
      <Filter>Source Files</Filter>
    </ClCompile>
    <ClCompile Include="DspOptWindow.ixx">
      <Filter>Source Files</Filter>
    </ClCompile>
    <ClCompile Include="DrawFrame.ixx">
      <Filter>Source Files</Filter>
    </ClCompile>
    <ClCompile Include="HistWrappers.ixx">
      <Filter>Source Files</Filter>
    </ClCompile>
    <ClCompile Include="EvoEditor.ixx">
      <Filter>Source Files</Filter>
    </ClCompile>
    <ClCompile Include="EvoEditorWrappers.ixx">
      <Filter>Source Files</Filter>
    </ClCompile>
    <ClCompile Include="EvoWorkThread.ixx">
      <Filter>Source Files</Filter>
    </ClCompile>
    <ClCompile Include="FocusPoint.ixx">
      <Filter>Source Files</Filter>
    </ClCompile>
    <ClCompile Include="GridWindow.ixx">
      <Filter>Source Files</Filter>
    </ClCompile>
    <ClCompile Include="PackGridPoint.ixx">
      <Filter>Source Files</Filter>
    </ClCompile>
    <ClCompile Include="PerformanceWindow.ixx">
      <Filter>Source Files</Filter>
    </ClCompile>
    <ClCompile Include="Wrappers.ixx">
      <Filter>Source Files</Filter>
    </ClCompile>
    <ClCompile Include="ProtocolServer.ixx">
      <Filter>Source Files</Filter>
    </ClCompile>
    <ClCompile Include="Statistics.ixx">
      <Filter>Source Files</Filter>
    </ClCompile>
    <ClCompile Include="AppMenu.ixx">
      <Filter>Source Files</Filter>
    </ClCompile>
    <ClCompile Include="AppWindowInterface.ixx">
      <Filter>Source Files</Filter>
    </ClCompile>
    <ClCompile Include="BaseAppWindow.cpp">
      <Filter>Source Files</Filter>
    </ClCompile>
    <ClCompile Include="BaseAppWindow.ixx">
      <Filter>Source Files</Filter>
    </ClCompile>
    <ClCompile Include="SpeedControl.cpp">
      <Filter>Source Files</Filter>
    </ClCompile>
    <ClCompile Include="SpeedControl.ixx">
      <Filter>Source Files</Filter>
    </ClCompile>
    <ClCompile Include="WorkThreadInterface.cpp">
      <Filter>Source Files</Filter>
    </ClCompile>
    <ClCompile Include="WorkThreadInterface.ixx">
      <Filter>Source Files</Filter>
    </ClCompile>
    <ClCompile Include="ReadBuffer.ixx">
      <Filter>Source Files</Filter>
    </ClCompile>
  </ItemGroup>
</Project>