<?xml version="1.0" encoding="utf-8"?>
<Project ToolsVersion="4.0" xmlns="http://schemas.microsoft.com/developer/msbuild/2003">
  <ItemGroup>
    <Filter Include="Source Files">
      <UniqueIdentifier>{4FC737F1-C7A5-4376-A066-2A32D752A2FF}</UniqueIdentifier>
      <Extensions>cpp;c;cc;cxx;c++;def;odl;idl;hpj;bat;asm;asmx</Extensions>
    </Filter>
    <Filter Include="Header Files">
      <UniqueIdentifier>{93995380-89BD-4b04-88EB-625FBE52EBFB}</UniqueIdentifier>
      <Extensions>h;hh;hpp;hxx;h++;hm;inl;inc;ipp;xsd</Extensions>
    </Filter>
    <Filter Include="Resource Files">
      <UniqueIdentifier>{67DA6AB6-F800-4c08-8B7A-83BB121AAD01}</UniqueIdentifier>
      <Extensions>rc;ico;cur;bmp;dlg;rc2;rct;bin;rgs;gif;jpg;jpeg;jpe;resx;tiff;tif;png;wav;mfcribbon-ms</Extensions>
    </Filter>
  </ItemGroup>
  <ItemGroup>
    <ClCompile Include="win32_NNetWindow.cpp">
      <Filter>Source Files</Filter>
    </ClCompile>
    <ClCompile Include="NNetController.cpp">
      <Filter>Source Files</Filter>
    </ClCompile>
    <ClCompile Include="Preferences.cpp">
      <Filter>Source Files</Filter>
    </ClCompile>
    <ClCompile Include="Win32_NNetAppMenu.cpp">
      <Filter>Source Files</Filter>
    </ClCompile>
    <ClCompile Include="ComputeThread.cpp">
      <Filter>Source Files</Filter>
    </ClCompile>
    <ClCompile Include="TimeDisplay.cpp">
      <Filter>Source Files</Filter>
    </ClCompile>
    <ClCompile Include="Win32_CrsrWindow.cpp">
      <Filter>Source Files</Filter>
    </ClCompile>
    <ClCompile Include="Win32_MiniWindow.cpp">
      <Filter>Source Files</Filter>
    </ClCompile>
    <ClCompile Include="win32_NNetAppWindow.cpp">
      <Filter>Source Files</Filter>
    </ClCompile>
    <ClCompile Include="Win32_ParameterDlg.cpp">
      <Filter>Source Files</Filter>
    </ClCompile>
    <ClCompile Include="Win32_PerformanceWindow.cpp">
      <Filter>Source Files</Filter>
    </ClCompile>
    <ClCompile Include="Win32_SimulationControl.cpp">
      <Filter>Source Files</Filter>
    </ClCompile>
    <ClCompile Include="Win32_Status.cpp">
      <Filter>Source Files</Filter>
    </ClCompile>
    <ClCompile Include="SlowMotionDisplay.cpp">
      <Filter>Source Files</Filter>
    </ClCompile>
    <ClCompile Include="Win32_MainWindow.cpp">
      <Filter>Source Files</Filter>
    </ClCompile>
    <ClCompile Include="win32_monitorWindow.cpp">
      <Filter>Source Files</Filter>
    </ClCompile>
    <ClCompile Include="Measurement.cpp">
      <Filter>Source Files</Filter>
    </ClCompile>
    <ClCompile Include="Win32_DescriptionWindow.cpp">
      <Filter>Source Files</Filter>
    </ClCompile>
    <ClCompile Include="NNetWrappers.cpp">
      <Filter>Source Files</Filter>
    </ClCompile>
    <ClCompile Include="SignalDesigner.cpp">
      <Filter>Source Files</Filter>
    </ClCompile>
    <ClCompile Include="SignalControl.cpp">
      <Filter>Source Files</Filter>
    </ClCompile>
    <ClCompile Include="NNetModelCommands.cpp">
      <Filter>Source Files</Filter>
    </ClCompile>
    <ClCompile Include="MonitorControl.cpp">
      <Filter>Source Files</Filter>
    </ClCompile>
    <ClCompile Include="SignalPreview.cpp">
      <Filter>Source Files</Filter>
    </ClCompile>
    <ClCompile Include="TimeGraph.cpp">
      <Filter>Source Files</Filter>
    </ClCompile>
    <ClCompile Include="TimeDisplay.ixx">
      <Filter>Source Files</Filter>
    </ClCompile>
    <ClCompile Include="SignalControl.ixx">
      <Filter>Source Files</Filter>
    </ClCompile>
    <ClCompile Include="Measurement.ixx">
      <Filter>Source Files</Filter>
    </ClCompile>
    <ClCompile Include="Win32_AppTitle.ixx">
      <Filter>Source Files</Filter>
    </ClCompile>
    <ClCompile Include="Win32_PerformanceWindow.ixx">
      <Filter>Source Files</Filter>
    </ClCompile>
    <ClCompile Include="Win32_SimulationControl.ixx">
      <Filter>Source Files</Filter>
    </ClCompile>
    <ClCompile Include="Win32_Status.ixx">
      <Filter>Source Files</Filter>
    </ClCompile>
    <ClCompile Include="ComputeThread.ixx">
      <Filter>Source Files</Filter>
    </ClCompile>
    <ClCompile Include="SlowMotionDisplay.ixx">
      <Filter>Source Files</Filter>
    </ClCompile>
    <ClCompile Include="UndoRedoMenu.ixx">
      <Filter>Source Files</Filter>
    </ClCompile>
    <ClCompile Include="Win32_ScriptHook.ixx">
      <Filter>Source Files</Filter>
    </ClCompile>
    <ClCompile Include="SignalDesigner.ixx">
      <Filter>Source Files</Filter>
    </ClCompile>
    <ClCompile Include="Preferences.ixx">
      <Filter>Source Files</Filter>
    </ClCompile>
    <ClCompile Include="Win32_CrsrWindow.ixx">
      <Filter>Source Files</Filter>
    </ClCompile>
    <ClCompile Include="Win32_DescriptionWindow.ixx">
      <Filter>Source Files</Filter>
    </ClCompile>
    <ClCompile Include="WIn32_SlowMotionControl.ixx">
      <Filter>Source Files</Filter>
    </ClCompile>
    <ClCompile Include="NNetController.ixx">
      <Filter>Source Files</Filter>
    </ClCompile>
    <ClCompile Include="MonitorControl.ixx">
      <Filter>Source Files</Filter>
    </ClCompile>
    <ClCompile Include="NNetInputOutputUI.ixx">
      <Filter>Source Files</Filter>
    </ClCompile>
    <ClCompile Include="NNetWrappers.ixx">
      <Filter>Source Files</Filter>
    </ClCompile>
    <ClCompile Include="Win32_ParameterDlg.ixx">
      <Filter>Source Files</Filter>
    </ClCompile>
    <ClCompile Include="Win32_MiniWindow.ixx">
      <Filter>Source Files</Filter>
    </ClCompile>
    <ClCompile Include="Win32_NNetAppMenu.ixx">
      <Filter>Source Files</Filter>
    </ClCompile>
    <ClCompile Include="SignalPreview.ixx">
      <Filter>Source Files</Filter>
    </ClCompile>
    <ClCompile Include="TimeGraph.ixx">
      <Filter>Source Files</Filter>
    </ClCompile>
    <ClCompile Include="Win32_MainWindow.ixx">
      <Filter>Source Files</Filter>
    </ClCompile>
  </ItemGroup>
  <ItemGroup>
    <ClInclude Include="win32_NNetWindow.h">
      <Filter>Header Files</Filter>
    </ClInclude>
    <ClInclude Include="win32_NNetAppWindow.h">
      <Filter>Header Files</Filter>
    </ClInclude>
    <ClInclude Include="win32_monitorWindow.h">
      <Filter>Header Files</Filter>
    </ClInclude>
    <ClInclude Include="NNetModelCommands.h">
      <Filter>Header Files</Filter>
    </ClInclude>
  </ItemGroup>
</Project>