<?xml version="1.0" encoding="utf-8"?>
<Project ToolsVersion="4.0" xmlns="http://schemas.microsoft.com/developer/msbuild/2003">
  <ItemGroup>
    <Filter Include="Source Files">
      <UniqueIdentifier>{4FC737F1-C7A5-4376-A066-2A32D752A2FF}</UniqueIdentifier>
      <Extensions>cpp;c;cc;cxx;c++;def;odl;idl;hpj;bat;asm;asmx</Extensions>
    </Filter>
    <Filter Include="Header Files">
      <UniqueIdentifier>{93995380-89BD-4b04-88EB-625FBE52EBFB}</UniqueIdentifier>
      <Extensions>h;hh;hpp;hxx;h++;hm;inl;inc;ipp;xsd</Extensions>
    </Filter>
    <Filter Include="Resource Files">
      <UniqueIdentifier>{67DA6AB6-F800-4c08-8B7A-83BB121AAD01}</UniqueIdentifier>
      <Extensions>rc;ico;cur;bmp;dlg;rc2;rct;bin;rgs;gif;jpg;jpeg;jpe;resx;tiff;tif;png;wav;mfcribbon-ms</Extensions>
    </Filter>
  </ItemGroup>
  <ItemGroup>
    <ClCompile Include="win32_NNetWindow.cpp">
      <Filter>Source Files</Filter>
    </ClCompile>
    <ClCompile Include="win32_NNetController.cpp">
      <Filter>Source Files</Filter>
    </ClCompile>
    <ClCompile Include="Preferences.cpp">
      <Filter>Source Files</Filter>
    </ClCompile>
    <ClCompile Include="win32_NNetAppMenu.cpp">
      <Filter>Source Files</Filter>
    </ClCompile>
    <ClCompile Include="win32_triggerSoundDlg.cpp">
      <Filter>Source Files</Filter>
    </ClCompile>
    <ClCompile Include="ComputeThread.cpp">
      <Filter>Source Files</Filter>
    </ClCompile>
    <ClCompile Include="TimeDisplay.cpp">
      <Filter>Source Files</Filter>
    </ClCompile>
    <ClCompile Include="win32_crsrWindow.cpp">
      <Filter>Source Files</Filter>
    </ClCompile>
    <ClCompile Include="win32_MiniWindow.cpp">
      <Filter>Source Files</Filter>
    </ClCompile>
    <ClCompile Include="win32_NNetAppWindow.cpp">
      <Filter>Source Files</Filter>
    </ClCompile>
    <ClCompile Include="win32_parameterDlg.cpp">
      <Filter>Source Files</Filter>
    </ClCompile>
    <ClCompile Include="win32_performanceWindow.cpp">
      <Filter>Source Files</Filter>
    </ClCompile>
    <ClCompile Include="win32_simulationControl.cpp">
      <Filter>Source Files</Filter>
    </ClCompile>
    <ClCompile Include="win32_status.cpp">
      <Filter>Source Files</Filter>
    </ClCompile>
    <ClCompile Include="SlowMotionDisplay.cpp">
      <Filter>Source Files</Filter>
    </ClCompile>
    <ClCompile Include="win32_MainWindow.cpp">
      <Filter>Source Files</Filter>
    </ClCompile>
    <ClCompile Include="win32_monitorWindow.cpp">
      <Filter>Source Files</Filter>
    </ClCompile>
    <ClCompile Include="Measurement.cpp">
      <Filter>Source Files</Filter>
    </ClCompile>
    <ClCompile Include="win32_descriptionWindow.cpp">
      <Filter>Source Files</Filter>
    </ClCompile>
    <ClCompile Include="NNetWrappers.cpp">
      <Filter>Source Files</Filter>
    </ClCompile>
    <ClCompile Include="SignalDesigner.cpp">
      <Filter>Source Files</Filter>
    </ClCompile>
    <ClCompile Include="SignalControl.cpp">
      <Filter>Source Files</Filter>
    </ClCompile>
    <ClCompile Include="NNetModelCommands.cpp">
      <Filter>Source Files</Filter>
    </ClCompile>
    <ClCompile Include="MonitorControl.cpp">
      <Filter>Source Files</Filter>
    </ClCompile>
    <ClCompile Include="SignalPreview.cpp">
      <Filter>Source Files</Filter>
    </ClCompile>
    <ClCompile Include="TimeGraph.cpp">
      <Filter>Source Files</Filter>
    </ClCompile>
    <ClCompile Include="TimeDisplay.ixx">
      <Filter>Source Files</Filter>
    </ClCompile>
    <ClCompile Include="SignalControl.ixx">
      <Filter>Source Files</Filter>
    </ClCompile>
    <ClCompile Include="Measurement.ixx">
      <Filter>Source Files</Filter>
    </ClCompile>
  </ItemGroup>
  <ItemGroup>
    <ClInclude Include="win32_NNetWindow.h">
      <Filter>Header Files</Filter>
    </ClInclude>
    <ClInclude Include="stdafx.h">
      <Filter>Header Files</Filter>
    </ClInclude>
    <ClInclude Include="targetver.h">
      <Filter>Header Files</Filter>
    </ClInclude>
    <ClInclude Include="win32_NNetController.h">
      <Filter>Header Files</Filter>
    </ClInclude>
    <ClInclude Include="Preferences.h">
      <Filter>Header Files</Filter>
    </ClInclude>
    <ClInclude Include="win32_NNetAppMenu.h">
      <Filter>Header Files</Filter>
    </ClInclude>
    <ClInclude Include="win32_triggerSoundDlg.h">
      <Filter>Header Files</Filter>
    </ClInclude>
    <ClInclude Include="ComputeThread.h">
      <Filter>Header Files</Filter>
    </ClInclude>
    <ClInclude Include="win32_crsrWindow.h">
      <Filter>Header Files</Filter>
    </ClInclude>
    <ClInclude Include="win32_MainWindow.h">
      <Filter>Header Files</Filter>
    </ClInclude>
    <ClInclude Include="win32_MiniWindow.h">
      <Filter>Header Files</Filter>
    </ClInclude>
    <ClInclude Include="win32_NNetAppWindow.h">
      <Filter>Header Files</Filter>
    </ClInclude>
    <ClInclude Include="win32_parameterDlg.h">
      <Filter>Header Files</Filter>
    </ClInclude>
    <ClInclude Include="win32_performanceWindow.h">
      <Filter>Header Files</Filter>
    </ClInclude>
    <ClInclude Include="win32_simulationControl.h">
      <Filter>Header Files</Filter>
    </ClInclude>
    <ClInclude Include="win32_slowMotionControl.h">
      <Filter>Header Files</Filter>
    </ClInclude>
    <ClInclude Include="win32_status.h">
      <Filter>Header Files</Filter>
    </ClInclude>
    <ClInclude Include="SlowMotionDisplay.h">
      <Filter>Header Files</Filter>
    </ClInclude>
    <ClInclude Include="win32_scriptHook.h">
      <Filter>Header Files</Filter>
    </ClInclude>
    <ClInclude Include="UndoRedoMenu.h">
      <Filter>Header Files</Filter>
    </ClInclude>
    <ClInclude Include="win32_monitorWindow.h">
      <Filter>Header Files</Filter>
    </ClInclude>
    <ClInclude Include="win32_appTitle.h">
      <Filter>Header Files</Filter>
    </ClInclude>
    <ClInclude Include="NNetInputOutputUI.h">
      <Filter>Header Files</Filter>
    </ClInclude>
    <ClInclude Include="win32_descriptionWindow.h">
      <Filter>Header Files</Filter>
    </ClInclude>
    <ClInclude Include="SingleNobAnimation.h">
      <Filter>Header Files</Filter>
    </ClInclude>
    <ClInclude Include="NNetWrappers.h">
      <Filter>Header Files</Filter>
    </ClInclude>
    <ClInclude Include="SignalDesigner.h">
      <Filter>Header Files</Filter>
    </ClInclude>
    <ClInclude Include="NNetModelCommands.h">
      <Filter>Header Files</Filter>
    </ClInclude>
    <ClInclude Include="MonitorControl.h">
      <Filter>Header Files</Filter>
    </ClInclude>
    <ClInclude Include="SignalPreview.h">
      <Filter>Header Files</Filter>
    </ClInclude>
    <ClInclude Include="TimeGraph.h">
      <Filter>Header Files</Filter>
    </ClInclude>
  </ItemGroup>
</Project>