<?xml version="1.0" encoding="utf-8"?>
<Project ToolsVersion="4.0" xmlns="http://schemas.microsoft.com/developer/msbuild/2003">
  <ItemGroup>
    <Filter Include="Quelldateien">
      <UniqueIdentifier>{4FC737F1-C7A5-4376-A066-2A32D752A2FF}</UniqueIdentifier>
      <Extensions>cpp;c;cc;cxx;def;odl;idl;hpj;bat;asm;asmx</Extensions>
    </Filter>
    <Filter Include="Headerdateien">
      <UniqueIdentifier>{93995380-89BD-4b04-88EB-625FBE52EBFB}</UniqueIdentifier>
      <Extensions>h;hh;hpp;hxx;hm;inl;inc;xsd</Extensions>
    </Filter>
    <Filter Include="Ressourcendateien">
      <UniqueIdentifier>{67DA6AB6-F800-4c08-8B7A-83BB121AAD01}</UniqueIdentifier>
      <Extensions>rc;ico;cur;bmp;dlg;rc2;rct;bin;rgs;gif;jpg;jpeg;jpe;resx;tiff;tif;png;wav;mfcribbon-ms</Extensions>
    </Filter>
  </ItemGroup>
  <ItemGroup>
    <Text Include="ReadMe.txt" />
  </ItemGroup>
  <ItemGroup>
    <ClInclude Include="stdafx.h">
      <Filter>Headerdateien</Filter>
    </ClInclude>
    <ClInclude Include="targetver.h">
      <Filter>Headerdateien</Filter>
    </ClInclude>
    <ClInclude Include="gplIterator.h">
      <Filter>Headerdateien</Filter>
    </ClInclude>
    <ClInclude Include="EvolutionCoreImpl.h">
      <Filter>Headerdateien</Filter>
    </ClInclude>
    <ClInclude Include="grid_model.h">
      <Filter>Headerdateien</Filter>
    </ClInclude>
    <ClInclude Include="gene.h">
      <Filter>Headerdateien</Filter>
    </ClInclude>
    <ClInclude Include="genome.h">
      <Filter>Headerdateien</Filter>
    </ClInclude>
    <ClInclude Include="gpList.h">
      <Filter>Headerdateien</Filter>
    </ClInclude>
    <ClInclude Include="gridField.h">
      <Filter>Headerdateien</Filter>
    </ClInclude>
    <ClInclude Include="individual.h">
      <Filter>Headerdateien</Filter>
    </ClInclude>
    <ClInclude Include="interaction.h">
      <Filter>Headerdateien</Filter>
    </ClInclude>
    <ClInclude Include="strategy.h">
      <Filter>Headerdateien</Filter>
    </ClInclude>
    <ClInclude Include="EditorState.h">
      <Filter>Headerdateien</Filter>
    </ClInclude>
    <ClInclude Include="EvolutionModelDataImpl.h">
      <Filter>Headerdateien</Filter>
    </ClInclude>
    <ClInclude Include="dump.h">
      <Filter>Headerdateien</Filter>
    </ClInclude>
  </ItemGroup>
  <ItemGroup>
    <ClCompile Include="stdafx.cpp">
      <Filter>Quelldateien</Filter>
    </ClCompile>
    <ClCompile Include="config.cpp">
      <Filter>Quelldateien</Filter>
    </ClCompile>
    <ClCompile Include="EvolutionCore.cpp">
      <Filter>Quelldateien</Filter>
    </ClCompile>
    <ClCompile Include="EvolutionTypes.cpp">
      <Filter>Quelldateien</Filter>
    </ClCompile>
    <ClCompile Include="food.cpp">
      <Filter>Quelldateien</Filter>
    </ClCompile>
    <ClCompile Include="gene.cpp">
      <Filter>Quelldateien</Filter>
    </ClCompile>
    <ClCompile Include="genome.cpp">
      <Filter>Quelldateien</Filter>
    </ClCompile>
    <ClCompile Include="gpList.cpp">
      <Filter>Quelldateien</Filter>
    </ClCompile>
    <ClCompile Include="grid_model.cpp">
      <Filter>Quelldateien</Filter>
    </ClCompile>
    <ClCompile Include="gridCircle.cpp">
      <Filter>Quelldateien</Filter>
    </ClCompile>
    <ClCompile Include="gridField.cpp">
      <Filter>Quelldateien</Filter>
    </ClCompile>
    <ClCompile Include="gridFunctors.cpp">
      <Filter>Quelldateien</Filter>
    </ClCompile>
    <ClCompile Include="gridNeighbor.cpp">
      <Filter>Quelldateien</Filter>
    </ClCompile>
    <ClCompile Include="gridPoint.cpp">
      <Filter>Quelldateien</Filter>
    </ClCompile>
    <ClCompile Include="gridRect.cpp">
      <Filter>Quelldateien</Filter>
    </ClCompile>
    <ClCompile Include="individual.cpp">
      <Filter>Quelldateien</Filter>
    </ClCompile>
    <ClCompile Include="interaction.cpp">
      <Filter>Quelldateien</Filter>
    </ClCompile>
    <ClCompile Include="strategy.cpp">
      <Filter>Quelldateien</Filter>
    </ClCompile>
    <ClCompile Include="EvolutionCoreImpl.cpp">
      <Filter>Quelldateien</Filter>
    </ClCompile>
    <ClCompile Include="EditorState.cpp">
      <Filter>Quelldateien</Filter>
    </ClCompile>
    <ClCompile Include="dump.cpp">
      <Filter>Quelldateien</Filter>
    </ClCompile>
    <ClCompile Include="EvolutionCoreWrapperHelpers.cpp">
      <Filter>Quelldateien</Filter>
    </ClCompile>
    <ClCompile Include="EvolutionCoreWrappers.cpp">
      <Filter>Quelldateien</Filter>
    </ClCompile>
  </ItemGroup>
</Project>