<?xml version="1.0" encoding="utf-8"?>
<Project ToolsVersion="4.0" xmlns="http://schemas.microsoft.com/developer/msbuild/2003">
  <ItemGroup>
    <Filter Include="Source Files">
      <UniqueIdentifier>{4FC737F1-C7A5-4376-A066-2A32D752A2FF}</UniqueIdentifier>
      <Extensions>cpp;c;cc;cxx;c++;cppm;ixx;def;odl;idl;hpj;bat;asm;asmx</Extensions>
    </Filter>
    <Filter Include="Header Files">
      <UniqueIdentifier>{93995380-89BD-4b04-88EB-625FBE52EBFB}</UniqueIdentifier>
      <Extensions>h;hh;hpp;hxx;h++;hm;inl;inc;ipp;xsd</Extensions>
    </Filter>
    <Filter Include="Resource Files">
      <UniqueIdentifier>{67DA6AB6-F800-4c08-8B7A-83BB121AAD01}</UniqueIdentifier>
      <Extensions>rc;ico;cur;bmp;dlg;rc2;rct;bin;rgs;gif;jpg;jpeg;jpe;resx;tiff;tif;png;wav;mfcribbon-ms</Extensions>
    </Filter>
  </ItemGroup>
  <ItemGroup>
    <ClInclude Include="Resource.h">
      <Filter>Header Files</Filter>
    </ClInclude>
  </ItemGroup>
  <ItemGroup>
    <ClCompile Include="Analyzer.cpp">
      <Filter>Source Files</Filter>
    </ClCompile>
    <ClCompile Include="CopySelectedNobs.cpp">
      <Filter>Source Files</Filter>
    </ClCompile>
    <ClCompile Include="InputConnector.cpp">
      <Filter>Source Files</Filter>
    </ClCompile>
    <ClCompile Include="InputLine.cpp">
      <Filter>Source Files</Filter>
    </ClCompile>
    <ClCompile Include="IoConnector.cpp">
      <Filter>Source Files</Filter>
    </ClCompile>
    <ClCompile Include="IoLine.cpp">
      <Filter>Source Files</Filter>
    </ClCompile>
    <ClCompile Include="Knot.cpp">
      <Filter>Source Files</Filter>
    </ClCompile>
    <ClCompile Include="MicroMeterPntVector.cpp">
      <Filter>Source Files</Filter>
    </ClCompile>
    <ClCompile Include="MicroMeterPosDir.cpp">
      <Filter>Source Files</Filter>
    </ClCompile>
    <ClCompile Include="MonitorData.cpp">
      <Filter>Source Files</Filter>
    </ClCompile>
    <ClCompile Include="Neuron.cpp">
      <Filter>Source Files</Filter>
    </ClCompile>
    <ClCompile Include="NNetModelReaderInterface.cpp">
      <Filter>Source Files</Filter>
    </ClCompile>
    <ClCompile Include="NNetModelWriterInterface.cpp">
      <Filter>Source Files</Filter>
    </ClCompile>
    <ClCompile Include="NNetParameters.cpp">
      <Filter>Source Files</Filter>
    </ClCompile>
    <ClCompile Include="NNetWrapperHelpers.cpp">
      <Filter>Source Files</Filter>
    </ClCompile>
    <ClCompile Include="Nob.cpp">
      <Filter>Source Files</Filter>
    </ClCompile>
    <ClCompile Include="NobIdList.cpp">
      <Filter>Source Files</Filter>
    </ClCompile>
    <ClCompile Include="NobType.cpp">
      <Filter>Source Files</Filter>
    </ClCompile>
    <ClCompile Include="OutputConnector.cpp">
      <Filter>Source Files</Filter>
    </ClCompile>
    <ClCompile Include="OutputLine.cpp">
      <Filter>Source Files</Filter>
    </ClCompile>
    <ClCompile Include="ParamType.cpp">
      <Filter>Source Files</Filter>
    </ClCompile>
    <ClCompile Include="Pipe.cpp">
      <Filter>Source Files</Filter>
    </ClCompile>
    <ClCompile Include="PipeList.cpp">
      <Filter>Source Files</Filter>
    </ClCompile>
    <ClCompile Include="Sensor.cpp">
      <Filter>Source Files</Filter>
    </ClCompile>
    <ClCompile Include="SigGenDynamicData.cpp">
      <Filter>Source Files</Filter>
    </ClCompile>
    <ClCompile Include="Signal.cpp">
      <Filter>Source Files</Filter>
    </ClCompile>
    <ClCompile Include="SignalFactory.cpp">
      <Filter>Source Files</Filter>
    </ClCompile>
    <ClCompile Include="SignalGenerator.cpp">
      <Filter>Source Files</Filter>
    </ClCompile>
    <ClCompile Include="Track.cpp">
      <Filter>Source Files</Filter>
    </ClCompile>
    <ClCompile Include="UPNobList.cpp">
      <Filter>Source Files</Filter>
    </ClCompile>
    <ClCompile Include="UPSensorList.cpp">
      <Filter>Source Files</Filter>
    </ClCompile>
    <ClCompile Include="UPSigGenList.cpp">
      <Filter>Source Files</Filter>
    </ClCompile>
    <ClCompile Include="AutoOpen.ixx">
      <Filter>Source Files</Filter>
    </ClCompile>
    <ClCompile Include="tHighlightType.ixx">
      <Filter>Source Files</Filter>
    </ClCompile>
    <ClCompile Include="Spike.ixx">
      <Filter>Source Files</Filter>
    </ClCompile>
    <ClCompile Include="MicroMeterPointVector.ixx">
      <Filter>Source Files</Filter>
    </ClCompile>
    <ClCompile Include="Analyzer.ixx">
      <Filter>Source Files</Filter>
    </ClCompile>
    <ClCompile Include="PipeList.ixx">
      <Filter>Source Files</Filter>
    </ClCompile>
    <ClCompile Include="NobIdList.ixx">
      <Filter>Source Files</Filter>
    </ClCompile>
    <ClCompile Include="UPSigGenList.ixx">
      <Filter>Source Files</Filter>
    </ClCompile>
    <ClCompile Include="ParamType.ixx">
      <Filter>Source Files</Filter>
    </ClCompile>
    <ClCompile Include="SimulationTime.ixx">
      <Filter>Source Files</Filter>
    </ClCompile>
    <ClCompile Include="CopySelectedNobs.ixx">
      <Filter>Source Files</Filter>
    </ClCompile>
    <ClCompile Include="TrackNr.ixx">
      <Filter>Source Files</Filter>
    </ClCompile>
    <ClCompile Include="SignalId.ixx">
      <Filter>Source Files</Filter>
    </ClCompile>
    <ClCompile Include="SigGenId.ixx">
      <Filter>Source Files</Filter>
    </ClCompile>
    <ClCompile Include="UPSensorList.ixx">
      <Filter>Source Files</Filter>
    </ClCompile>
    <ClCompile Include="NobException.ixx">
      <Filter>Source Files</Filter>
    </ClCompile>
    <ClCompile Include="SignalNr.ixx">
      <Filter>Source Files</Filter>
    </ClCompile>
    <ClCompile Include="NobId.ixx">
      <Filter>Source Files</Filter>
    </ClCompile>
    <ClCompile Include="SigGenStaticData.ixx">
      <Filter>Source Files</Filter>
    </ClCompile>
    <ClCompile Include="SigGenDynamicData.ixx">
      <Filter>Source Files</Filter>
    </ClCompile>
    <ClCompile Include="DescriptionUI.ixx">
      <Filter>Source Files</Filter>
    </ClCompile>
    <ClCompile Include="NNetColors.ixx">
      <Filter>Source Files</Filter>
    </ClCompile>
    <ClCompile Include="NNetWrapperHelpers.ixx">
      <Filter>Source Files</Filter>
    </ClCompile>
    <ClCompile Include="NNetParameters.ixx">
      <Filter>Source Files</Filter>
    </ClCompile>
    <ClCompile Include="Sensor.ixx">
      <Filter>Source Files</Filter>
    </ClCompile>
    <ClCompile Include="IoLinePair.ixx">
      <Filter>Source Files</Filter>
    </ClCompile>
    <ClCompile Include="IoLine.ixx">
      <Filter>Source Files</Filter>
    </ClCompile>
    <ClCompile Include="OutputLine.ixx">
      <Filter>Source Files</Filter>
    </ClCompile>
    <ClCompile Include="Neuron.ixx">
      <Filter>Source Files</Filter>
    </ClCompile>
    <ClCompile Include="Track.ixx">
      <Filter>Source Files</Filter>
    </ClCompile>
    <ClCompile Include="MicroMeterPosDir.ixx">
      <Filter>Source Files</Filter>
    </ClCompile>
    <ClCompile Include="SignalFactory.ixx">
      <Filter>Source Files</Filter>
    </ClCompile>
    <ClCompile Include="NobType.ixx">
      <Filter>Source Files</Filter>
    </ClCompile>
    <ClCompile Include="Knot.ixx">
      <Filter>Source Files</Filter>
    </ClCompile>
    <ClCompile Include="ModelDescription.ixx">
      <Filter>Source Files</Filter>
    </ClCompile>
    <ClCompile Include="MonitorData.ixx">
      <Filter>Source Files</Filter>
    </ClCompile>
    <ClCompile Include="NNetModel.ixx">
      <Filter>Source Files</Filter>
    </ClCompile>
    <ClCompile Include="Model.cpp">
      <Filter>Source Files</Filter>
    </ClCompile>
    <ClCompile Include="Model.ixx">
      <Filter>Source Files</Filter>
    </ClCompile>
    <ClCompile Include="Nob.ixx">
      <Filter>Source Files</Filter>
    </ClCompile>
    <ClCompile Include="Pipe.ixx">
      <Filter>Source Files</Filter>
    </ClCompile>
    <ClCompile Include="UPNobList.ixx">
      <Filter>Source Files</Filter>
    </ClCompile>
    <ClCompile Include="SignalGenerator.ixx">
      <Filter>Source Files</Filter>
    </ClCompile>
    <ClCompile Include="SignalSource.ixx">
      <Filter>Source Files</Filter>
    </ClCompile>
    <ClCompile Include="Signal.ixx">
      <Filter>Source Files</Filter>
    </ClCompile>
    <ClCompile Include="OutputConnector.ixx">
      <Filter>Source Files</Filter>
    </ClCompile>
    <ClCompile Include="InputConnector.ixx">
      <Filter>Source Files</Filter>
    </ClCompile>
    <ClCompile Include="IoConnector.ixx">
      <Filter>Source Files</Filter>
    </ClCompile>
    <ClCompile Include="InputLine.ixx">
      <Filter>Source Files</Filter>
    </ClCompile>
    <ClCompile Include="NNetModelReaderInterface.ixx">
      <Filter>Source Files</Filter>
    </ClCompile>
    <ClCompile Include="NNetModelWriterInterface.ixx">
      <Filter>Source Files</Filter>
    </ClCompile>
    <ClCompile Include="IoLinePair.cpp">
      <Filter>Source Files</Filter>
    </ClCompile>
    <ClCompile Include="Synapse.cpp">
      <Filter>Source Files</Filter>
    </ClCompile>
    <ClCompile Include="Synapse.ixx">
      <Filter>Source Files</Filter>
    </ClCompile>
    <ClCompile Include="Fork.ixx">
      <Filter>Source Files</Filter>
    </ClCompile>
    <ClCompile Include="PosNobFactory.ixx">
      <Filter>Source Files</Filter>
    </ClCompile>
    <ClCompile Include="StdSigGen.ixx">
      <Filter>Source Files</Filter>
    </ClCompile>
    <ClCompile Include="Fork.cpp">
      <Filter>Source Files</Filter>
    </ClCompile>
    <ClCompile Include="PosNob.ixx">
      <Filter>Source Files</Filter>
    </ClCompile>
    <ClCompile Include="PosNob.cpp">
      <Filter>Source Files</Filter>
    </ClCompile>
  </ItemGroup>
</Project>