<?xml version="1.0" encoding="utf-8"?>
<Project ToolsVersion="4.0" xmlns="http://schemas.microsoft.com/developer/msbuild/2003">
  <ItemGroup>
    <Filter Include="Headerdateien">
      <UniqueIdentifier>{93995380-89BD-4b04-88EB-625FBE52EBFB}</UniqueIdentifier>
      <Extensions>h;hh;hpp;hxx;hm;inl;inc;xsd</Extensions>
    </Filter>
  </ItemGroup>
  <ItemGroup>
    <Text Include="ReadMe.txt" />
  </ItemGroup>
  <ItemGroup>
    <ClInclude Include="HistorySystem.h">
      <Filter>Headerdateien</Filter>
    </ClInclude>
    <ClInclude Include="HistoryGeneration.h">
      <Filter>Headerdateien</Filter>
    </ClInclude>
    <ClInclude Include="historyIterator.h">
      <Filter>Headerdateien</Filter>
    </ClInclude>
    <ClInclude Include="ModelData.h">
      <Filter>Headerdateien</Filter>
    </ClInclude>
    <ClInclude Include="GenerationCmd.h">
      <Filter>Headerdateien</Filter>
    </ClInclude>
  </ItemGroup>
</Project>