<?xml version="1.0" encoding="utf-8"?>
<Project ToolsVersion="4.0" xmlns="http://schemas.microsoft.com/developer/msbuild/2003">
  <ItemGroup>
    <Filter Include="Headerdateien">
      <UniqueIdentifier>{93995380-89BD-4b04-88EB-625FBE52EBFB}</UniqueIdentifier>
      <Extensions>h;hh;hpp;hxx;hm;inl;inc;xsd</Extensions>
    </Filter>
  </ItemGroup>
  <ItemGroup>
    <Text Include="ReadMe.txt" />
  </ItemGroup>
  <ItemGroup>
    <ClInclude Include="EvolutionCore.h">
      <Filter>Headerdateien</Filter>
    </ClInclude>
    <ClInclude Include="gridNeighbor.h">
      <Filter>Headerdateien</Filter>
    </ClInclude>
    <ClInclude Include="EvolutionCoreWrapperHelpers.h">
      <Filter>Headerdateien</Filter>
    </ClInclude>
    <ClInclude Include="EvolutionCoreWrappers.h">
      <Filter>Headerdateien</Filter>
    </ClInclude>
    <ClInclude Include="dump.h">
      <Filter>Headerdateien</Filter>
    </ClInclude>
    <ClInclude Include="gridPoint24.h">
      <Filter>Headerdateien</Filter>
    </ClInclude>
    <ClInclude Include="GridDimensions.h">
      <Filter>Headerdateien</Filter>
    </ClInclude>
    <ClInclude Include="EvoStatistics.h">
      <Filter>Headerdateien</Filter>
    </ClInclude>
    <ClInclude Include="strategy.h">
      <Filter>Headerdateien</Filter>
    </ClInclude>
    <ClInclude Include="GeneType.h">
      <Filter>Headerdateien</Filter>
    </ClInclude>
    <ClInclude Include="action.h">
      <Filter>Headerdateien</Filter>
    </ClInclude>
    <ClInclude Include="gridSelection.h">
      <Filter>Headerdateien</Filter>
    </ClInclude>
    <ClInclude Include="EvoPixelCoords.h">
      <Filter>Headerdateien</Filter>
    </ClInclude>
  </ItemGroup>
  <ItemGroup>
    <ClCompile Include="Config.ixx" />
    <ClCompile Include="GridPoint.ixx" />
    <ClCompile Include="GridRect.ixx" />
    <ClCompile Include="EvolutionTypes.ixx" />
    <ClCompile Include="GridCoord.ixx" />
    <ClCompile Include="GridPOI.ixx" />
  </ItemGroup>
</Project>