<?xml version="1.0" encoding="utf-8"?>
<Project ToolsVersion="4.0" xmlns="http://schemas.microsoft.com/developer/msbuild/2003">
  <ItemGroup>
    <Filter Include="Source Files">
      <UniqueIdentifier>{4FC737F1-C7A5-4376-A066-2A32D752A2FF}</UniqueIdentifier>
      <Extensions>cpp;c;cc;cxx;c++;def;odl;idl;hpj;bat;asm;asmx</Extensions>
    </Filter>
    <Filter Include="Header Files">
      <UniqueIdentifier>{93995380-89BD-4b04-88EB-625FBE52EBFB}</UniqueIdentifier>
      <Extensions>h;hh;hpp;hxx;h++;hm;inl;inc;ipp;xsd</Extensions>
    </Filter>
    <Filter Include="Resource Files">
      <UniqueIdentifier>{67DA6AB6-F800-4c08-8B7A-83BB121AAD01}</UniqueIdentifier>
      <Extensions>rc;ico;cur;bmp;dlg;rc2;rct;bin;rgs;gif;jpg;jpeg;jpe;resx;tiff;tif;png;wav;mfcribbon-ms</Extensions>
    </Filter>
  </ItemGroup>
  <ItemGroup>
    <ClCompile Include="AddNobsCommand.ixx">
      <Filter>Source Files</Filter>
    </ClCompile>
    <ClCompile Include="ExtendOutputLineCmd.ixx">
      <Filter>Source Files</Filter>
    </ClCompile>
    <ClCompile Include="AddSensorCmd.ixx">
      <Filter>Source Files</Filter>
    </ClCompile>
    <ClCompile Include="AddSigGen2MonitorCmd.ixx">
      <Filter>Source Files</Filter>
    </ClCompile>
    <ClCompile Include="ArrowAnimationCmd.ixx">
      <Filter>Source Files</Filter>
    </ClCompile>
    <ClCompile Include="AttachSigGen2ConCmd.ixx">
      <Filter>Source Files</Filter>
    </ClCompile>
    <ClCompile Include="AttachSigGen2LineCmd.ixx">
      <Filter>Source Files</Filter>
    </ClCompile>
    <ClCompile Include="Add2ConnectorCmd.ixx">
      <Filter>Source Files</Filter>
    </ClCompile>
    <ClCompile Include="Connect2NeuronCommand.ixx">
      <Filter>Source Files</Filter>
    </ClCompile>
    <ClCompile Include="CoordAnimationCmd.ixx">
      <Filter>Source Files</Filter>
    </ClCompile>
    <ClCompile Include="DeletePipeCommand.ixx">
      <Filter>Source Files</Filter>
    </ClCompile>
    <ClCompile Include="DeleteSelectionCommand.ixx">
      <Filter>Source Files</Filter>
    </ClCompile>
    <ClCompile Include="DeleteSigGenCmd.ixx">
      <Filter>Source Files</Filter>
    </ClCompile>
    <ClCompile Include="DeleteTrackCommand.ixx">
      <Filter>Source Files</Filter>
    </ClCompile>
    <ClCompile Include="DiscIoConnectorCmd.ixx">
      <Filter>Source Files</Filter>
    </ClCompile>
    <ClCompile Include="InsertTrackCommand.ixx">
      <Filter>Source Files</Filter>
    </ClCompile>
    <ClCompile Include="MoveNobCommand.ixx">
      <Filter>Source Files</Filter>
    </ClCompile>
    <ClCompile Include="MoveSelectionCommand.ixx">
      <Filter>Source Files</Filter>
    </ClCompile>
    <ClCompile Include="MoveSensorCmd.ixx">
      <Filter>Source Files</Filter>
    </ClCompile>
    <ClCompile Include="MoveSignalCmd.ixx">
      <Filter>Source Files</Filter>
    </ClCompile>
    <ClCompile Include="NewIoLinePairCmd.ixx">
      <Filter>Source Files</Filter>
    </ClCompile>
    <ClCompile Include="NewSigGenCmd.ixx">
      <Filter>Source Files</Filter>
    </ClCompile>
    <ClCompile Include="NNetCommand.ixx">
      <Filter>Source Files</Filter>
    </ClCompile>
    <ClCompile Include="PlugIoConnectorsCmd.ixx">
      <Filter>Source Files</Filter>
    </ClCompile>
    <ClCompile Include="PlugIoLinesCmd.ixx">
      <Filter>Source Files</Filter>
    </ClCompile>
    <ClCompile Include="RenameSigGenCmd.ixx">
      <Filter>Source Files</Filter>
    </ClCompile>
    <ClCompile Include="RotateModelCommand.ixx">
      <Filter>Source Files</Filter>
    </ClCompile>
    <ClCompile Include="RotateNobCommand.ixx">
      <Filter>Source Files</Filter>
    </ClCompile>
    <ClCompile Include="RotateSelectionCommand.ixx">
      <Filter>Source Files</Filter>
    </ClCompile>
    <ClCompile Include="RotationCommand.ixx">
      <Filter>Source Files</Filter>
    </ClCompile>
    <ClCompile Include="DeselectModuleCmd.ixx">
      <Filter>Source Files</Filter>
    </ClCompile>
    <ClCompile Include="SelectionCommand.ixx">
      <Filter>Source Files</Filter>
    </ClCompile>
    <ClCompile Include="SetActiveSigGenCmd.ixx">
      <Filter>Source Files</Filter>
    </ClCompile>
    <ClCompile Include="SetParameterCommand.ixx">
      <Filter>Source Files</Filter>
    </ClCompile>
    <ClCompile Include="SetSigGenStaticDataCmd.ixx">
      <Filter>Source Files</Filter>
    </ClCompile>
    <ClCompile Include="SizeSelectionCmd.ixx">
      <Filter>Source Files</Filter>
    </ClCompile>
    <ClCompile Include="SizeSensorCmd.ixx">
      <Filter>Source Files</Filter>
    </ClCompile>
    <ClCompile Include="SplitNeuronCmd.ixx">
      <Filter>Source Files</Filter>
    </ClCompile>
    <ClCompile Include="ToggleEmphModeCmd.ixx">
      <Filter>Source Files</Filter>
    </ClCompile>
    <ClCompile Include="ToggleStopOnTriggerCmd.ixx">
      <Filter>Source Files</Filter>
    </ClCompile>
    <ClCompile Include="Add2ConnectorCmd.cpp">
      <Filter>Source Files</Filter>
    </ClCompile>
    <ClCompile Include="CreateForkCommand.ixx">
      <Filter>Source Files</Filter>
    </ClCompile>
    <ClCompile Include="CreateSynapseCommand.ixx">
      <Filter>Source Files</Filter>
    </ClCompile>
    <ClCompile Include="ConnectCreateSynapseCmd.ixx">
      <Filter>Source Files</Filter>
    </ClCompile>
    <ClCompile Include="ConnectCreateForkCmd.ixx">
      <Filter>Source Files</Filter>
    </ClCompile>
    <ClCompile Include="AddPipe2NeuronCmd.ixx">
      <Filter>Source Files</Filter>
    </ClCompile>
    <ClCompile Include="ExtendInputLineCmd.ixx">
      <Filter>Source Files</Filter>
    </ClCompile>
    <ClCompile Include="DeleteNeuronInputCmd.ixx">
      <Filter>Source Files</Filter>
    </ClCompile>
    <ClCompile Include="DeleteForkOutputCmd.ixx">
      <Filter>Source Files</Filter>
    </ClCompile>
    <ClCompile Include="SplitPipeCommand.ixx">
      <Filter>Source Files</Filter>
    </ClCompile>
    <ClCompile Include="DelSensorCmd.ixx">
      <Filter>Source Files</Filter>
    </ClCompile>
    <ClCompile Include="SelectAllConnectedCmd.ixx">
      <Filter>Source Files</Filter>
    </ClCompile>
    <ClCompile Include="NNetCommandStack.ixx">
      <Filter>Source Files</Filter>
    </ClCompile>
    <ClCompile Include="CreateInitialNobsCmd.ixx">
      <Filter>Source Files</Filter>
    </ClCompile>
    <ClCompile Include="ResetModelCmd.ixx">
      <Filter>Source Files</Filter>
    </ClCompile>
    <ClCompile Include="AddMicroSensorCmd.ixx">
      <Filter>Source Files</Filter>
    </ClCompile>
    <ClCompile Include="DelMicroSensorCmd.ixx">
      <Filter>Source Files</Filter>
    </ClCompile>
    <ClCompile Include="InsertKnotCommand.ixx">
      <Filter>Source Files</Filter>
    </ClCompile>
    <ClCompile Include="InsertNeuronCommand.ixx">
      <Filter>Source Files</Filter>
    </ClCompile>
    <ClCompile Include="DeleteNobCommand.ixx">
      <Filter>Source Files</Filter>
    </ClCompile>
    <ClCompile Include="DeleteNobCommand.cpp">
      <Filter>Source Files</Filter>
    </ClCompile>
    <ClCompile Include="NNetCommands.ixx">
      <Filter>Source Files</Filter>
    </ClCompile>
    <ClCompile Include="StartStimulusCmd.ixx">
      <Filter>Source Files</Filter>
    </ClCompile>
    <ClCompile Include="AddModuleCommand.ixx">
      <Filter>Source Files</Filter>
    </ClCompile>
    <ClCompile Include="SetScalesCmd.ixx">
      <Filter>Source Files</Filter>
    </ClCompile>
    <ClCompile Include="AnimationCmd.ixx">
      <Filter>Source Files</Filter>
    </ClCompile>
    <ClCompile Include="SetGridCmd.ixx">
      <Filter>Source Files</Filter>
    </ClCompile>
    <ClCompile Include="SetScanAreaCmd.ixx">
      <Filter>Source Files</Filter>
    </ClCompile>
  </ItemGroup>
</Project>