<?xml version="1.0" encoding="utf-8"?>
<Project ToolsVersion="4.0" xmlns="http://schemas.microsoft.com/developer/msbuild/2003">
  <ItemGroup>
    <Filter Include="Quelldateien">
      <UniqueIdentifier>{4FC737F1-C7A5-4376-A066-2A32D752A2FF}</UniqueIdentifier>
      <Extensions>cpp;c;cc;cxx;def;odl;idl;hpj;bat;asm;asmx</Extensions>
    </Filter>
    <Filter Include="Headerdateien">
      <UniqueIdentifier>{93995380-89BD-4b04-88EB-625FBE52EBFB}</UniqueIdentifier>
      <Extensions>h;hh;hpp;hxx;hm;inl;inc;xsd</Extensions>
    </Filter>
    <Filter Include="Ressourcendateien">
      <UniqueIdentifier>{67DA6AB6-F800-4c08-8B7A-83BB121AAD01}</UniqueIdentifier>
      <Extensions>rc;ico;cur;bmp;dlg;rc2;rct;bin;rgs;gif;jpg;jpeg;jpe;resx;tiff;tif;png;wav;mfcribbon-ms</Extensions>
    </Filter>
  </ItemGroup>
  <ItemGroup>
    <Text Include="ReadMe.txt" />
  </ItemGroup>
  <ItemGroup>
    <ClInclude Include="stdafx.h">
      <Filter>Headerdateien</Filter>
    </ClInclude>
    <ClInclude Include="targetver.h">
      <Filter>Headerdateien</Filter>
    </ClInclude>
    <ClInclude Include="Resource.h">
      <Filter>Headerdateien</Filter>
    </ClInclude>
    <ClInclude Include="Evolution.h">
      <Filter>Headerdateien</Filter>
    </ClInclude>
    <ClInclude Include="win32_aboutBox.h">
      <Filter>Headerdateien</Filter>
    </ClInclude>
    <ClInclude Include="win32_appWindow.h">
      <Filter>Headerdateien</Filter>
    </ClInclude>
    <ClInclude Include="win32_crsrWindow.h">
      <Filter>Headerdateien</Filter>
    </ClInclude>
    <ClInclude Include="win32_displayOptions.h">
      <Filter>Headerdateien</Filter>
    </ClInclude>
    <ClInclude Include="win32_draw.h">
      <Filter>Headerdateien</Filter>
    </ClInclude>
    <ClInclude Include="win32_editor.h">
      <Filter>Headerdateien</Filter>
    </ClInclude>
    <ClInclude Include="win32_editorWrappers.h">
      <Filter>Headerdateien</Filter>
    </ClInclude>
    <ClInclude Include="win32_frameBuffer.h">
      <Filter>Headerdateien</Filter>
    </ClInclude>
    <ClInclude Include="win32_gridWindow.h">
      <Filter>Headerdateien</Filter>
    </ClInclude>
    <ClInclude Include="win32_statistics.h">
      <Filter>Headerdateien</Filter>
    </ClInclude>
    <ClInclude Include="win32_status.h">
      <Filter>Headerdateien</Filter>
    </ClInclude>
    <ClInclude Include="win32_worker_thread.h">
      <Filter>Headerdateien</Filter>
    </ClInclude>
    <ClInclude Include="win32_wrappers.h">
      <Filter>Headerdateien</Filter>
    </ClInclude>
    <ClInclude Include="win32_focusPoint.h">
      <Filter>Headerdateien</Filter>
    </ClInclude>
    <ClInclude Include="win32_evoHistWindow.h">
      <Filter>Headerdateien</Filter>
    </ClInclude>
    <ClInclude Include="EvoHistorySys.h">
      <Filter>Headerdateien</Filter>
    </ClInclude>
    <ClInclude Include="win32_histWorkerThread.h">
      <Filter>Headerdateien</Filter>
    </ClInclude>
    <ClInclude Include="EvoNextGenFunctor.h">
      <Filter>Headerdateien</Filter>
    </ClInclude>
    <ClInclude Include="win32_histWrappers.h">
      <Filter>Headerdateien</Filter>
    </ClInclude>
    <ClInclude Include="EvoModelData.h">
      <Filter>Headerdateien</Filter>
    </ClInclude>
    <ClInclude Include="EvoGenerationCmd.h">
      <Filter>Headerdateien</Filter>
    </ClInclude>
    <ClInclude Include="HistAllocThread.h">
      <Filter>Headerdateien</Filter>
    </ClInclude>
  </ItemGroup>
  <ItemGroup>
    <ClCompile Include="stdafx.cpp">
      <Filter>Quelldateien</Filter>
    </ClCompile>
    <ClCompile Include="Evolution.cpp">
      <Filter>Quelldateien</Filter>
    </ClCompile>
    <ClCompile Include="win32_aboutBox.cpp">
      <Filter>Quelldateien</Filter>
    </ClCompile>
    <ClCompile Include="win32_appWindow.cpp">
      <Filter>Quelldateien</Filter>
    </ClCompile>
    <ClCompile Include="win32_crsrWindow.cpp">
      <Filter>Quelldateien</Filter>
    </ClCompile>
    <ClCompile Include="win32_displayOptions.cpp">
      <Filter>Quelldateien</Filter>
    </ClCompile>
    <ClCompile Include="win32_draw.cpp">
      <Filter>Quelldateien</Filter>
    </ClCompile>
    <ClCompile Include="win32_editor.cpp">
      <Filter>Quelldateien</Filter>
    </ClCompile>
    <ClCompile Include="win32_editorWrappers.cpp">
      <Filter>Quelldateien</Filter>
    </ClCompile>
    <ClCompile Include="win32_frameBuffer.cpp">
      <Filter>Quelldateien</Filter>
    </ClCompile>
    <ClCompile Include="win32_gridWindow.cpp">
      <Filter>Quelldateien</Filter>
    </ClCompile>
    <ClCompile Include="win32_statistics.cpp">
      <Filter>Quelldateien</Filter>
    </ClCompile>
    <ClCompile Include="win32_status.cpp">
      <Filter>Quelldateien</Filter>
    </ClCompile>
    <ClCompile Include="win32_worker_thread.cpp">
      <Filter>Quelldateien</Filter>
    </ClCompile>
    <ClCompile Include="win32_wrappers.cpp">
      <Filter>Quelldateien</Filter>
    </ClCompile>
    <ClCompile Include="EvoHistorySys.cpp">
      <Filter>Quelldateien</Filter>
    </ClCompile>
    <ClCompile Include="win32_histWorkerThread.cpp">
      <Filter>Quelldateien</Filter>
    </ClCompile>
    <ClCompile Include="win32_histWrappers.cpp">
      <Filter>Quelldateien</Filter>
    </ClCompile>
    <ClCompile Include="EvoGenerationCmd.cpp">
      <Filter>Quelldateien</Filter>
    </ClCompile>
    <ClCompile Include="win32_evoHistWindow.cpp">
      <Filter>Quelldateien</Filter>
    </ClCompile>
    <ClCompile Include="HistAllocThread.cpp">
      <Filter>Quelldateien</Filter>
    </ClCompile>
  </ItemGroup>
  <ItemGroup>
    <ResourceCompile Include="Evolution.rc">
      <Filter>Ressourcendateien</Filter>
    </ResourceCompile>
  </ItemGroup>
  <ItemGroup>
    <Image Include="small.ico">
      <Filter>Ressourcendateien</Filter>
    </Image>
    <Image Include="Evolution.ico">
      <Filter>Ressourcendateien</Filter>
    </Image>
  </ItemGroup>
</Project>