<?xml version="1.0" encoding="utf-8"?>
<Project ToolsVersion="4.0" xmlns="http://schemas.microsoft.com/developer/msbuild/2003">
  <ItemGroup>
    <Filter Include="Header Files">
      <UniqueIdentifier>{3cca9e16-4d18-4fb8-89d0-5c20daabeb7f}</UniqueIdentifier>
    </Filter>
    <Filter Include="Source Files">
      <UniqueIdentifier>{da568649-b151-46a5-b827-72b6eed8b0c4}</UniqueIdentifier>
    </Filter>
  </ItemGroup>
  <ItemGroup>
    <ClCompile Include="TextBuffer.cpp">
      <Filter>Source Files</Filter>
    </ClCompile>
    <ClCompile Include="trace.cpp">
      <Filter>Source Files</Filter>
    </ClCompile>
    <ClCompile Include="Util.cpp">
      <Filter>Source Files</Filter>
    </ClCompile>
    <ClCompile Include="BoolOp.ixx">
      <Filter>Source Files</Filter>
    </ClCompile>
    <ClCompile Include="Observable.ixx">
      <Filter>Source Files</Filter>
    </ClCompile>
    <ClCompile Include="ObserverInterface.ixx">
      <Filter>Source Files</Filter>
    </ClCompile>
    <ClCompile Include="DisplayFunctor.ixx">
      <Filter>Source Files</Filter>
    </ClCompile>
    <ClCompile Include="SoundInterface.ixx">
      <Filter>Source Files</Filter>
    </ClCompile>
    <ClCompile Include="SmoothMoveFp.ixx">
      <Filter>Source Files</Filter>
    </ClCompile>
    <ClCompile Include="EventInterface.ixx">
      <Filter>Source Files</Filter>
    </ClCompile>
    <ClCompile Include="Trace.ixx">
      <Filter>Source Files</Filter>
    </ClCompile>
    <ClCompile Include="Util.ixx">
      <Filter>Source Files</Filter>
    </ClCompile>
    <ClCompile Include="SlowMotionRatio.ixx">
      <Filter>Source Files</Filter>
    </ClCompile>
    <ClCompile Include="ViewCollection.ixx">
      <Filter>Source Files</Filter>
    </ClCompile>
    <ClCompile Include="NamedType.ixx">
      <Filter>Source Files</Filter>
    </ClCompile>
    <ClCompile Include="TextBuffer.ixx">
      <Filter>Source Files</Filter>
    </ClCompile>
    <ClCompile Include="Geometry.ixx">
      <Filter>Source Files</Filter>
    </ClCompile>
    <ClCompile Include="IoConstants.ixx">
      <Filter>Source Files</Filter>
    </ClCompile>
    <ClCompile Include="PointType.ixx">
      <Filter>Source Files</Filter>
    </ClCompile>
    <ClCompile Include="LineType.ixx">
      <Filter>Source Files</Filter>
    </ClCompile>
    <ClCompile Include="CircleType.ixx">
      <Filter>Source Files</Filter>
    </ClCompile>
    <ClCompile Include="EllipseType.ixx">
      <Filter>Source Files</Filter>
    </ClCompile>
    <ClCompile Include="RectType.ixx">
      <Filter>Source Files</Filter>
    </ClCompile>
    <ClCompile Include="PixFpDimension.ixx">
      <Filter>Source Files</Filter>
    </ClCompile>
    <ClCompile Include="Uniform2D.ixx">
      <Filter>Source Files</Filter>
    </ClCompile>
    <ClCompile Include="Debug.ixx">
      <Filter>Source Files</Filter>
    </ClCompile>
    <ClCompile Include="SaveCast.ixx">
      <Filter>Source Files</Filter>
    </ClCompile>
    <ClCompile Include="PixelTypes.ixx">
      <Filter>Source Files</Filter>
    </ClCompile>
    <ClCompile Include="MoreTypes.ixx">
      <Filter>Source Files</Filter>
    </ClCompile>
    <ClCompile Include="U64Bit.ixx">
      <Filter>Source Files</Filter>
    </ClCompile>
    <ClCompile Include="SpeedType.ixx">
      <Filter>Source Files</Filter>
    </ClCompile>
    <ClCompile Include="Percent.ixx">
      <Filter>Source Files</Filter>
    </ClCompile>
    <ClCompile Include="DrawContext.ixx">
      <Filter>Source Files</Filter>
    </ClCompile>
    <ClCompile Include="BasicTypes.ixx">
      <Filter>Source Files</Filter>
    </ClCompile>
  </ItemGroup>
</Project>