<?xml version="1.0" encoding="utf-8"?>
<Project ToolsVersion="4.0" xmlns="http://schemas.microsoft.com/developer/msbuild/2003">
  <ItemGroup>
    <Filter Include="Header Files">
      <UniqueIdentifier>{3cca9e16-4d18-4fb8-89d0-5c20daabeb7f}</UniqueIdentifier>
    </Filter>
    <Filter Include="Source Files">
      <UniqueIdentifier>{da568649-b151-46a5-b827-72b6eed8b0c4}</UniqueIdentifier>
    </Filter>
  </ItemGroup>
  <ItemGroup>
    <ClInclude Include="debug.h">
      <Filter>Header Files</Filter>
    </ClInclude>
    <ClInclude Include="MoreTypes.h">
      <Filter>Header Files</Filter>
    </ClInclude>
    <ClInclude Include="Uniform2D.h">
      <Filter>Header Files</Filter>
    </ClInclude>
    <ClInclude Include="PixelTypes.h">
      <Filter>Header Files</Filter>
    </ClInclude>
    <ClInclude Include="PointType.h">
      <Filter>Header Files</Filter>
    </ClInclude>
    <ClInclude Include="RectType.h">
      <Filter>Header Files</Filter>
    </ClInclude>
    <ClInclude Include="UtilityWrappers.h">
      <Filter>Header Files</Filter>
    </ClInclude>
    <ClInclude Include="LineType.h">
      <Filter>Header Files</Filter>
    </ClInclude>
    <ClInclude Include="CircleType.h">
      <Filter>Header Files</Filter>
    </ClInclude>
    <ClInclude Include="EllipseType.h">
      <Filter>Header Files</Filter>
    </ClInclude>
    <ClInclude Include="PixFpDimension.h">
      <Filter>Header Files</Filter>
    </ClInclude>
    <ClInclude Include="BasicTypes.h">
      <Filter>Header Files</Filter>
    </ClInclude>
    <ClInclude Include="IoConstants.h">
      <Filter>Header Files</Filter>
    </ClInclude>
    <ClInclude Include="MeanFilter.h">
      <Filter>Header Files</Filter>
    </ClInclude>
    <ClInclude Include="SaveCast.h">
      <Filter>Header Files</Filter>
    </ClInclude>
  </ItemGroup>
  <ItemGroup>
    <ClCompile Include="TextBuffer.cpp">
      <Filter>Source Files</Filter>
    </ClCompile>
    <ClCompile Include="trace.cpp">
      <Filter>Source Files</Filter>
    </ClCompile>
    <ClCompile Include="util.cpp">
      <Filter>Source Files</Filter>
    </ClCompile>
    <ClCompile Include="UtilityWrappers.cpp">
      <Filter>Source Files</Filter>
    </ClCompile>
    <ClCompile Include="MoreTypes.cpp">
      <Filter>Source Files</Filter>
    </ClCompile>
    <ClCompile Include="BasicTypes.cpp">
      <Filter>Source Files</Filter>
    </ClCompile>
    <ClCompile Include="MeanFilter.cpp">
      <Filter>Source Files</Filter>
    </ClCompile>
    <ClCompile Include="BoolOp.ixx">
      <Filter>Source Files</Filter>
    </ClCompile>
    <ClCompile Include="Observable.ixx">
      <Filter>Source Files</Filter>
    </ClCompile>
    <ClCompile Include="ObserverInterface.ixx">
      <Filter>Source Files</Filter>
    </ClCompile>
    <ClCompile Include="DisplayFunctor.ixx">
      <Filter>Source Files</Filter>
    </ClCompile>
    <ClCompile Include="SoundInterface.ixx">
      <Filter>Source Files</Filter>
    </ClCompile>
    <ClCompile Include="SmoothMoveFp.ixx">
      <Filter>Source Files</Filter>
    </ClCompile>
    <ClCompile Include="EventInterface.ixx">
      <Filter>Source Files</Filter>
    </ClCompile>
    <ClCompile Include="Trace.ixx">
      <Filter>Source Files</Filter>
    </ClCompile>
    <ClCompile Include="Util.ixx">
      <Filter>Source Files</Filter>
    </ClCompile>
    <ClCompile Include="SlowMotionRatio.ixx">
      <Filter>Source Files</Filter>
    </ClCompile>
    <ClCompile Include="ViewCollection.ixx">
      <Filter>Source Files</Filter>
    </ClCompile>
    <ClCompile Include="NamedType.ixx">
      <Filter>Source Files</Filter>
    </ClCompile>
    <ClCompile Include="TextBuffer.ixx">
      <Filter>Source Files</Filter>
    </ClCompile>
    <ClCompile Include="Geometry.ixx">
      <Filter>Source Files</Filter>
    </ClCompile>
  </ItemGroup>
</Project>