<?xml version="1.0" encoding="utf-8"?>
<Project ToolsVersion="4.0" xmlns="http://schemas.microsoft.com/developer/msbuild/2003">
  <ItemGroup>
    <Filter Include="Header Files">
      <UniqueIdentifier>{3cca9e16-4d18-4fb8-89d0-5c20daabeb7f}</UniqueIdentifier>
    </Filter>
    <Filter Include="Source Files">
      <UniqueIdentifier>{da568649-b151-46a5-b827-72b6eed8b0c4}</UniqueIdentifier>
    </Filter>
  </ItemGroup>
  <ItemGroup>
    <ClCompile Include="TextBuffer.cpp">
      <Filter>Source Files</Filter>
    </ClCompile>
    <ClCompile Include="Trace.cpp">
      <Filter>Source Files</Filter>
    </ClCompile>
    <ClCompile Include="BoolOp.ixx">
      <Filter>Source Files</Filter>
    </ClCompile>
    <ClCompile Include="Observable.ixx">
      <Filter>Source Files</Filter>
    </ClCompile>
    <ClCompile Include="ObserverInterface.ixx">
      <Filter>Source Files</Filter>
    </ClCompile>
    <ClCompile Include="DisplayFunctor.ixx">
      <Filter>Source Files</Filter>
    </ClCompile>
    <ClCompile Include="SoundInterface.ixx">
      <Filter>Source Files</Filter>
    </ClCompile>
    <ClCompile Include="SmoothMoveFp.ixx">
      <Filter>Source Files</Filter>
    </ClCompile>
    <ClCompile Include="Trace.ixx">
      <Filter>Source Files</Filter>
    </ClCompile>
    <ClCompile Include="SlowMotionRatio.ixx">
      <Filter>Source Files</Filter>
    </ClCompile>
    <ClCompile Include="TextBuffer.ixx">
      <Filter>Source Files</Filter>
    </ClCompile>
    <ClCompile Include="Geometry.ixx">
      <Filter>Source Files</Filter>
    </ClCompile>
    <ClCompile Include="PixFpDimension.ixx">
      <Filter>Source Files</Filter>
    </ClCompile>
    <ClCompile Include="Uniform2D.ixx">
      <Filter>Source Files</Filter>
    </ClCompile>
    <ClCompile Include="DrawContext.ixx">
      <Filter>Source Files</Filter>
    </ClCompile>
    <ClCompile Include="BasePeak.ixx">
      <Filter>Source Files</Filter>
    </ClCompile>
    <ClCompile Include="FixedPipeline.ixx">
      <Filter>Source Files</Filter>
    </ClCompile>
    <ClCompile Include="Color.ixx">
      <Filter>Source Files</Filter>
    </ClCompile>
    <ClCompile Include="BoolType.ixx">
      <Filter>Source Files</Filter>
    </ClCompile>
    <ClCompile Include="DescriptionUI.ixx">
      <Filter>Source Files</Filter>
    </ClCompile>
    <ClCompile Include="IoConstants.ixx">
      <Filter>Source Files</Filter>
    </ClCompile>
    <ClCompile Include="Raster.ixx">
      <Filter>Source Files</Filter>
    </ClCompile>
    <ClCompile Include="Raster.cpp">
      <Filter>Source Files</Filter>
    </ClCompile>
    <ClCompile Include="Vector2D.ixx">
      <Filter>Source Files</Filter>
    </ClCompile>
    <ClCompile Include="ColorLUT.ixx">
      <Filter>Source Files</Filter>
    </ClCompile>
    <ClCompile Include="Int24.ixx">
      <Filter>Source Files</Filter>
    </ClCompile>
    <ClCompile Include="Random.ixx">
      <Filter>Source Files</Filter>
    </ClCompile>
    <ClCompile Include="SimulationTime.ixx">
      <Filter>Source Files</Filter>
    </ClCompile>
    <ClCompile Include="LogarithmicTrackBar.ixx">
      <Filter>Source Files</Filter>
    </ClCompile>
    <ClCompile Include="EnumArray.ixx">
      <Filter>Source Files</Filter>
    </ClCompile>
    <ClCompile Include="ColorLUT.cpp">
      <Filter>Source Files</Filter>
    </ClCompile>
    <ClCompile Include="XArray.ixx">
      <Filter>Source Files</Filter>
    </ClCompile>
    <ClCompile Include="TimestampList.ixx">
      <Filter>Source Files</Filter>
    </ClCompile>
    <ClCompile Include="IconRedo.ixx">
      <Filter>Source Files</Filter>
    </ClCompile>
    <ClCompile Include="IconUndo.ixx">
      <Filter>Source Files</Filter>
    </ClCompile>
  </ItemGroup>
</Project>